
Microsoft Visual Studio Solution File, Format Version 12.00
# Visual Studio Version 17
VisualStudioVersion = 17.3.32929.385
MinimumVisualStudioVersion = 10.0.40219.1
Project("{2150E333-8FDC-42A3-9474-1A3956D46DE8}") = "01.Task", "01.Task", "{79977236-AA13-4138-AF23-EEEE19FAEBD4}"
EndProject
Project("{2150E333-8FDC-42A3-9474-1A3956D46DE8}") = "02.Task", "02.Task", "{393F0570-2067-4D60-9D54-D20E18D9F261}"
EndProject
Project("{2150E333-8FDC-42A3-9474-1A3956D46DE8}") = "03.Task", "03.Task", "{8B8513CC-53BC-4E7B-B8EB-7326D48AD9F9}"
EndProject
Project("{2150E333-8FDC-42A3-9474-1A3956D46DE8}") = "Exam 26 October 2019", "Exam 26 October 2019", "{31E78BDA-63F4-4E7C-B8BA-C14BD31DD32D}"
EndProject
Project("{2150E333-8FDC-42A3-9474-1A3956D46DE8}") = "01.Dating App", "01.Dating App", "{6B253058-40AA-4C75-B8E8-997D2ED1BB46}"
EndProject
Project("{FAE04EC0-301F-11D3-BF4B-00C04F79EFBC}") = "01.Dating App", "01.Dating App\01.Dating App.csproj", "{EEAF5EA5-0E0A-408E-A251-00DE6627FF10}"
EndProject
Project("{2150E333-8FDC-42A3-9474-1A3956D46DE8}") = "02.Book Worm", "02.Book Worm", "{D3F46D3B-849E-4236-9734-959F52B2D46D}"
EndProject
Project("{FAE04EC0-301F-11D3-BF4B-00C04F79EFBC}") = "02.Book Worm", "02.Book Worm\02.Book Worm.csproj", "{D20D4FC0-34EA-434B-A3A0-64DA15DFE6AB}"
EndProject
Project("{2150E333-8FDC-42A3-9474-1A3956D46DE8}") = "03.Rabbits", "03.Rabbits", "{9D53C323-083E-46B9-94EA-7FAF27EDECD6}"
EndProject
Project("{FAE04EC0-301F-11D3-BF4B-00C04F79EFBC}") = "03.Rabbits", "03.Rabbits\03.Rabbits.csproj", "{8702616F-20B5-4328-A7BF-76A88F213BB4}"
EndProject
Project("{2150E333-8FDC-42A3-9474-1A3956D46DE8}") = "Exam 12 December 2019", "Exam 12 December 2019", "{E0D03A8B-8079-471D-A130-44A2935BEBC4}"
EndProject
Project("{2150E333-8FDC-42A3-9474-1A3956D46DE8}") = "01.Santa's Present Factory", "01.Santa's Present Factory", "{3CDCD65E-B9B8-4767-8E81-2A4F6E506F2D}"
EndProject
Project("{FAE04EC0-301F-11D3-BF4B-00C04F79EFBC}") = "01.Santa's Present Factory", "01.Santa's Present Factory\01.Santa's Present Factory.csproj", "{FE63A69A-AD0E-4AD1-9070-E6AB05C965FC}"
EndProject
Project("{2150E333-8FDC-42A3-9474-1A3956D46DE8}") = "02.PresentDelivery", "02.PresentDelivery", "{E8AF204D-23FB-4BC5-B586-6DD0D8162E11}"
EndProject
Project("{FAE04EC0-301F-11D3-BF4B-00C04F79EFBC}") = "02.PresentDelivery", "02.PresentDelivery\02.PresentDelivery.csproj", "{847C9FA4-D61C-4551-9E3D-E1BEBB4132C9}"
EndProject
Project("{2150E333-8FDC-42A3-9474-1A3956D46DE8}") = "03.Christmas", "03.Christmas", "{15098B7D-D36A-488F-B9A5-439D1F1DA94B}"
EndProject
Project("{FAE04EC0-301F-11D3-BF4B-00C04F79EFBC}") = "03.Christmas", "03.Christmas\03.Christmas.csproj", "{EC30322A-25EC-4A97-AE09-5A8EE75DA2E0}"
EndProject
Project("{FAE04EC0-301F-11D3-BF4B-00C04F79EFBC}") = "01.Energy Drink", "01.Energy Drink\01.Energy Drink.csproj", "{F58F827A-435A-4FE8-A27D-3A4484CA0AAD}"
EndProject
Project("{FAE04EC0-301F-11D3-BF4B-00C04F79EFBC}") = "02. Rally Racing", "02. Rally Racing\02. Rally Racing.csproj", "{1DD856BB-00B7-4280-9F7A-55C82BD94574}"
EndProject
Project("{FAE04EC0-301F-11D3-BF4B-00C04F79EFBC}") = "03. ComputerArchitecture", "03. Computer Architecture\03. ComputerArchitecture.csproj", "{188FB770-AE49-4F84-9637-6CFB26087FB1}"
EndProject
Project("{2150E333-8FDC-42A3-9474-1A3956D46DE8}") = "03.Computer Architecture", "03.Computer Architecture", "{460CB1FF-9883-4140-954E-9F8A96B2FF34}"
EndProject
Global
	GlobalSection(SolutionConfigurationPlatforms) = preSolution
		Debug|Any CPU = Debug|Any CPU
		Release|Any CPU = Release|Any CPU
	EndGlobalSection
	GlobalSection(ProjectConfigurationPlatforms) = postSolution
		{EEAF5EA5-0E0A-408E-A251-00DE6627FF10}.Debug|Any CPU.ActiveCfg = Debug|Any CPU
		{EEAF5EA5-0E0A-408E-A251-00DE6627FF10}.Debug|Any CPU.Build.0 = Debug|Any CPU
		{EEAF5EA5-0E0A-408E-A251-00DE6627FF10}.Release|Any CPU.ActiveCfg = Release|Any CPU
		{EEAF5EA5-0E0A-408E-A251-00DE6627FF10}.Release|Any CPU.Build.0 = Release|Any CPU
		{D20D4FC0-34EA-434B-A3A0-64DA15DFE6AB}.Debug|Any CPU.ActiveCfg = Debug|Any CPU
		{D20D4FC0-34EA-434B-A3A0-64DA15DFE6AB}.Debug|Any CPU.Build.0 = Debug|Any CPU
		{D20D4FC0-34EA-434B-A3A0-64DA15DFE6AB}.Release|Any CPU.ActiveCfg = Release|Any CPU
		{D20D4FC0-34EA-434B-A3A0-64DA15DFE6AB}.Release|Any CPU.Build.0 = Release|Any CPU
		{8702616F-20B5-4328-A7BF-76A88F213BB4}.Debug|Any CPU.ActiveCfg = Debug|Any CPU
		{8702616F-20B5-4328-A7BF-76A88F213BB4}.Debug|Any CPU.Build.0 = Debug|Any CPU
		{8702616F-20B5-4328-A7BF-76A88F213BB4}.Release|Any CPU.ActiveCfg = Release|Any CPU
		{8702616F-20B5-4328-A7BF-76A88F213BB4}.Release|Any CPU.Build.0 = Release|Any CPU
		{FE63A69A-AD0E-4AD1-9070-E6AB05C965FC}.Debug|Any CPU.ActiveCfg = Debug|Any CPU
		{FE63A69A-AD0E-4AD1-9070-E6AB05C965FC}.Debug|Any CPU.Build.0 = Debug|Any CPU
		{FE63A69A-AD0E-4AD1-9070-E6AB05C965FC}.Release|Any CPU.ActiveCfg = Release|Any CPU
		{FE63A69A-AD0E-4AD1-9070-E6AB05C965FC}.Release|Any CPU.Build.0 = Release|Any CPU
		{847C9FA4-D61C-4551-9E3D-E1BEBB4132C9}.Debug|Any CPU.ActiveCfg = Debug|Any CPU
		{847C9FA4-D61C-4551-9E3D-E1BEBB4132C9}.Debug|Any CPU.Build.0 = Debug|Any CPU
		{847C9FA4-D61C-4551-9E3D-E1BEBB4132C9}.Release|Any CPU.ActiveCfg = Release|Any CPU
		{847C9FA4-D61C-4551-9E3D-E1BEBB4132C9}.Release|Any CPU.Build.0 = Release|Any CPU
		{EC30322A-25EC-4A97-AE09-5A8EE75DA2E0}.Debug|Any CPU.ActiveCfg = Debug|Any CPU
		{EC30322A-25EC-4A97-AE09-5A8EE75DA2E0}.Debug|Any CPU.Build.0 = Debug|Any CPU
		{EC30322A-25EC-4A97-AE09-5A8EE75DA2E0}.Release|Any CPU.ActiveCfg = Release|Any CPU
		{EC30322A-25EC-4A97-AE09-5A8EE75DA2E0}.Release|Any CPU.Build.0 = Release|Any CPU
		{F58F827A-435A-4FE8-A27D-3A4484CA0AAD}.Debug|Any CPU.ActiveCfg = Debug|Any CPU
		{F58F827A-435A-4FE8-A27D-3A4484CA0AAD}.Debug|Any CPU.Build.0 = Debug|Any CPU
		{F58F827A-435A-4FE8-A27D-3A4484CA0AAD}.Release|Any CPU.ActiveCfg = Release|Any CPU
		{F58F827A-435A-4FE8-A27D-3A4484CA0AAD}.Release|Any CPU.Build.0 = Release|Any CPU
		{1DD856BB-00B7-4280-9F7A-55C82BD94574}.Debug|Any CPU.ActiveCfg = Debug|Any CPU
		{1DD856BB-00B7-4280-9F7A-55C82BD94574}.Debug|Any CPU.Build.0 = Debug|Any CPU
		{1DD856BB-00B7-4280-9F7A-55C82BD94574}.Release|Any CPU.ActiveCfg = Release|Any CPU
		{1DD856BB-00B7-4280-9F7A-55C82BD94574}.Release|Any CPU.Build.0 = Release|Any CPU
		{188FB770-AE49-4F84-9637-6CFB26087FB1}.Debug|Any CPU.ActiveCfg = Debug|Any CPU
		{188FB770-AE49-4F84-9637-6CFB26087FB1}.Debug|Any CPU.Build.0 = Debug|Any CPU
		{188FB770-AE49-4F84-9637-6CFB26087FB1}.Release|Any CPU.ActiveCfg = Release|Any CPU
		{188FB770-AE49-4F84-9637-6CFB26087FB1}.Release|Any CPU.Build.0 = Release|Any CPU
	EndGlobalSection
	GlobalSection(SolutionProperties) = preSolution
		HideSolutionNode = FALSE
	EndGlobalSection
	GlobalSection(NestedProjects) = preSolution
		{6B253058-40AA-4C75-B8E8-997D2ED1BB46} = {31E78BDA-63F4-4E7C-B8BA-C14BD31DD32D}
		{EEAF5EA5-0E0A-408E-A251-00DE6627FF10} = {6B253058-40AA-4C75-B8E8-997D2ED1BB46}
		{D3F46D3B-849E-4236-9734-959F52B2D46D} = {31E78BDA-63F4-4E7C-B8BA-C14BD31DD32D}
		{D20D4FC0-34EA-434B-A3A0-64DA15DFE6AB} = {D3F46D3B-849E-4236-9734-959F52B2D46D}
		{9D53C323-083E-46B9-94EA-7FAF27EDECD6} = {31E78BDA-63F4-4E7C-B8BA-C14BD31DD32D}
		{8702616F-20B5-4328-A7BF-76A88F213BB4} = {9D53C323-083E-46B9-94EA-7FAF27EDECD6}
		{3CDCD65E-B9B8-4767-8E81-2A4F6E506F2D} = {E0D03A8B-8079-471D-A130-44A2935BEBC4}
		{FE63A69A-AD0E-4AD1-9070-E6AB05C965FC} = {3CDCD65E-B9B8-4767-8E81-2A4F6E506F2D}
		{E8AF204D-23FB-4BC5-B586-6DD0D8162E11} = {E0D03A8B-8079-471D-A130-44A2935BEBC4}
		{847C9FA4-D61C-4551-9E3D-E1BEBB4132C9} = {E8AF204D-23FB-4BC5-B586-6DD0D8162E11}
		{15098B7D-D36A-488F-B9A5-439D1F1DA94B} = {E0D03A8B-8079-471D-A130-44A2935BEBC4}
		{EC30322A-25EC-4A97-AE09-5A8EE75DA2E0} = {15098B7D-D36A-488F-B9A5-439D1F1DA94B}
		{F58F827A-435A-4FE8-A27D-3A4484CA0AAD} = {79977236-AA13-4138-AF23-EEEE19FAEBD4}
		{1DD856BB-00B7-4280-9F7A-55C82BD94574} = {393F0570-2067-4D60-9D54-D20E18D9F261}
		{188FB770-AE49-4F84-9637-6CFB26087FB1} = {8B8513CC-53BC-4E7B-B8EB-7326D48AD9F9}
	EndGlobalSection
	GlobalSection(ExtensibilityGlobals) = postSolution
		SolutionGuid = {E833C461-B368-4937-91F3-9F13DE5B34A9}
	EndGlobalSection
EndGlobal
