
Microsoft Visual Studio Solution File, Format Version 12.00
# Visual Studio Version 17
VisualStudioVersion = 17.3.32825.248
MinimumVisualStudioVersion = 10.0.40219.1
Project("{2150E333-8FDC-42A3-9474-1A3956D46DE8}") = "C-Sharp Advanced 2022", "C-Sharp Advanced 2022", "{F2559218-3A94-4247-A7F2-D4B91DD70E94}"
EndProject
Project("{2150E333-8FDC-42A3-9474-1A3956D46DE8}") = "01.Stacks and Queues - Lab", "01.Stacks and Queues - Lab", "{ED0565F2-7F39-4A88-877A-1CF981E08B24}"
EndProject
Project("{2150E333-8FDC-42A3-9474-1A3956D46DE8}") = "01.Reverse String", "01.Reverse String", "{77681380-C35D-4F1D-A6F2-0D03353979C6}"
EndProject
Project("{9A19103F-16F7-4668-BE54-9A1E7A4F7556}") = "1.Reverse String", "..\1. Reverse a String\1.Reverse String.csproj", "{8AD143FA-4AD7-467C-8F9B-02ED8AB79386}"
EndProject
Project("{2150E333-8FDC-42A3-9474-1A3956D46DE8}") = "02.Stack Sum", "02.Stack Sum", "{5309B9BB-F4A9-4FF7-A4EB-DE45F52C4533}"
EndProject
Project("{9A19103F-16F7-4668-BE54-9A1E7A4F7556}") = "2. Stack Sum", "..\2. Stack Sum\2. Stack Sum.csproj", "{4DC7BABA-712D-473D-B3FD-EE4C45AE1EC3}"
EndProject
Project("{2150E333-8FDC-42A3-9474-1A3956D46DE8}") = "03.Simple Calculator", "03.Simple Calculator", "{6CE91BA4-3C1A-4466-ADC7-0EA395AEF6BC}"
EndProject
Project("{9A19103F-16F7-4668-BE54-9A1E7A4F7556}") = "3. Simple Calculator", "..\3. Simple Calculator\3. Simple Calculator.csproj", "{5553CA7D-749C-4BF6-9409-280CE4106F62}"
EndProject
Project("{2150E333-8FDC-42A3-9474-1A3956D46DE8}") = "04.Matching Brackets", "04.Matching Brackets", "{77249EAF-8732-40D3-BCAC-3723E24F0F0B}"
EndProject
Project("{9A19103F-16F7-4668-BE54-9A1E7A4F7556}") = "4. Matching Brackets", "..\4. Matching Brackets\4. Matching Brackets.csproj", "{8FAD5EB9-AC67-48F6-88A3-9E5D894DCA95}"
EndProject
Project("{2150E333-8FDC-42A3-9474-1A3956D46DE8}") = "05.Print Even Numbers", "05.Print Even Numbers", "{FF17C08B-0D91-4BE9-809A-5613FBF9E0D6}"
EndProject
Project("{9A19103F-16F7-4668-BE54-9A1E7A4F7556}") = "5. Print Even Numbers", "..\5. Print Even Numbers\5. Print Even Numbers.csproj", "{EA8DF1F6-C4DB-4A19-ACBD-B3EF9F88B934}"
EndProject
Project("{2150E333-8FDC-42A3-9474-1A3956D46DE8}") = "06.Supermarket", "06.Supermarket", "{6C0ED04D-F696-4B69-91AA-5FD39ED9B101}"
EndProject
Project("{9A19103F-16F7-4668-BE54-9A1E7A4F7556}") = "6. Supermarket", "..\6. Supermarket\6. Supermarket.csproj", "{D6635E41-608C-48A5-98C6-A86AC943422C}"
EndProject
Project("{2150E333-8FDC-42A3-9474-1A3956D46DE8}") = "07.Hot Potato", "07.Hot Potato", "{A984D81E-794D-44B2-B082-989F930FC6ED}"
EndProject
Project("{9A19103F-16F7-4668-BE54-9A1E7A4F7556}") = "7. Hot Potato", "..\7. Hot Potato\7. Hot Potato.csproj", "{09C885A4-F010-4BDD-B87E-60E6EB860E5F}"
EndProject
Project("{2150E333-8FDC-42A3-9474-1A3956D46DE8}") = "08. Traffic Jam", "08. Traffic Jam", "{5A5228B8-92E8-460D-BDBF-C96461324C4D}"
EndProject
Project("{9A19103F-16F7-4668-BE54-9A1E7A4F7556}") = "8. Traffic Jam", "..\8. Traffic Jam\8. Traffic Jam.csproj", "{503F6DA0-8C20-456F-A8F4-AABDF3BAADEE}"
EndProject
Project("{2150E333-8FDC-42A3-9474-1A3956D46DE8}") = "01.Stacks and Queues - Exercise", "01.Stacks and Queues - Exercise", "{CB2B8DD1-DF9E-449C-B533-3BA71B8BBE99}"
EndProject
Project("{2150E333-8FDC-42A3-9474-1A3956D46DE8}") = "02. Basic Queue Operations", "02. Basic Queue Operations", "{2111BDF7-1C4E-41AE-9215-DC0FFC937867}"
EndProject
Project("{FAE04EC0-301F-11D3-BF4B-00C04F79EFBC}") = "02. Basic Queue Operations", "02. Basic Queue Operations\02. Basic Queue Operations.csproj", "{E9FC5B08-7C11-4FC6-A7BF-8FA9311D7D5D}"
EndProject
Project("{2150E333-8FDC-42A3-9474-1A3956D46DE8}") = "03. Maximum and Minimum Element", "03. Maximum and Minimum Element", "{E9D6C892-B102-40D6-80BD-E13E6AD8687B}"
EndProject
Project("{FAE04EC0-301F-11D3-BF4B-00C04F79EFBC}") = "03. Maximum and Minimum Element", "03. Maximum and Minimum Element\03. Maximum and Minimum Element.csproj", "{1C0C87A9-97BD-43E8-9A20-A3CF021D86F0}"
EndProject
Project("{2150E333-8FDC-42A3-9474-1A3956D46DE8}") = "04. Fast Food", "04. Fast Food", "{CC442A4C-82D2-41CB-8A84-67C4F3A59BFC}"
EndProject
Project("{FAE04EC0-301F-11D3-BF4B-00C04F79EFBC}") = "04. Fast Food", "04. Fast Food\04. Fast Food.csproj", "{F97B8F6F-B717-498A-9753-0813289D47E0}"
EndProject
Project("{2150E333-8FDC-42A3-9474-1A3956D46DE8}") = "05. Fashion Boutique", "05. Fashion Boutique", "{AB940133-3E22-4104-8F30-C1EED0F607DE}"
EndProject
Project("{FAE04EC0-301F-11D3-BF4B-00C04F79EFBC}") = "05. Fashion Boutique", "05. Fashion Boutique\05. Fashion Boutique.csproj", "{6A4F122A-D3AD-4BA3-8854-AC5268ECCC69}"
EndProject
Project("{2150E333-8FDC-42A3-9474-1A3956D46DE8}") = "01. Basic Stack Operations", "01. Basic Stack Operations", "{C75D4398-CDAC-49C6-A21B-27E6C368C6FA}"
EndProject
Project("{FAE04EC0-301F-11D3-BF4B-00C04F79EFBC}") = "01. Basic Stack Operations", "01. Basic Stack Operations\01. Basic Stack Operations.csproj", "{E59A2D24-FEA2-4B0E-862B-2BFD78D113D4}"
EndProject
Project("{2150E333-8FDC-42A3-9474-1A3956D46DE8}") = "06. Songs Queue", "06. Songs Queue", "{3953370E-9898-4A44-9039-827120338B0F}"
EndProject
Project("{FAE04EC0-301F-11D3-BF4B-00C04F79EFBC}") = "06. Songs Queue", "06. Songs Queue\06. Songs Queue.csproj", "{3D7D0B52-B8E5-4124-9F71-1E6272585646}"
EndProject
Global
	GlobalSection(SolutionConfigurationPlatforms) = preSolution
		Debug|Any CPU = Debug|Any CPU
		Release|Any CPU = Release|Any CPU
	EndGlobalSection
	GlobalSection(ProjectConfigurationPlatforms) = postSolution
		{8AD143FA-4AD7-467C-8F9B-02ED8AB79386}.Debug|Any CPU.ActiveCfg = Debug|Any CPU
		{8AD143FA-4AD7-467C-8F9B-02ED8AB79386}.Debug|Any CPU.Build.0 = Debug|Any CPU
		{8AD143FA-4AD7-467C-8F9B-02ED8AB79386}.Release|Any CPU.ActiveCfg = Release|Any CPU
		{8AD143FA-4AD7-467C-8F9B-02ED8AB79386}.Release|Any CPU.Build.0 = Release|Any CPU
		{4DC7BABA-712D-473D-B3FD-EE4C45AE1EC3}.Debug|Any CPU.ActiveCfg = Debug|Any CPU
		{4DC7BABA-712D-473D-B3FD-EE4C45AE1EC3}.Debug|Any CPU.Build.0 = Debug|Any CPU
		{4DC7BABA-712D-473D-B3FD-EE4C45AE1EC3}.Release|Any CPU.ActiveCfg = Release|Any CPU
		{4DC7BABA-712D-473D-B3FD-EE4C45AE1EC3}.Release|Any CPU.Build.0 = Release|Any CPU
		{5553CA7D-749C-4BF6-9409-280CE4106F62}.Debug|Any CPU.ActiveCfg = Debug|Any CPU
		{5553CA7D-749C-4BF6-9409-280CE4106F62}.Debug|Any CPU.Build.0 = Debug|Any CPU
		{5553CA7D-749C-4BF6-9409-280CE4106F62}.Release|Any CPU.ActiveCfg = Release|Any CPU
		{5553CA7D-749C-4BF6-9409-280CE4106F62}.Release|Any CPU.Build.0 = Release|Any CPU
		{8FAD5EB9-AC67-48F6-88A3-9E5D894DCA95}.Debug|Any CPU.ActiveCfg = Debug|Any CPU
		{8FAD5EB9-AC67-48F6-88A3-9E5D894DCA95}.Debug|Any CPU.Build.0 = Debug|Any CPU
		{8FAD5EB9-AC67-48F6-88A3-9E5D894DCA95}.Release|Any CPU.ActiveCfg = Release|Any CPU
		{8FAD5EB9-AC67-48F6-88A3-9E5D894DCA95}.Release|Any CPU.Build.0 = Release|Any CPU
		{EA8DF1F6-C4DB-4A19-ACBD-B3EF9F88B934}.Debug|Any CPU.ActiveCfg = Debug|Any CPU
		{EA8DF1F6-C4DB-4A19-ACBD-B3EF9F88B934}.Debug|Any CPU.Build.0 = Debug|Any CPU
		{EA8DF1F6-C4DB-4A19-ACBD-B3EF9F88B934}.Release|Any CPU.ActiveCfg = Release|Any CPU
		{EA8DF1F6-C4DB-4A19-ACBD-B3EF9F88B934}.Release|Any CPU.Build.0 = Release|Any CPU
		{D6635E41-608C-48A5-98C6-A86AC943422C}.Debug|Any CPU.ActiveCfg = Debug|Any CPU
		{D6635E41-608C-48A5-98C6-A86AC943422C}.Debug|Any CPU.Build.0 = Debug|Any CPU
		{D6635E41-608C-48A5-98C6-A86AC943422C}.Release|Any CPU.ActiveCfg = Release|Any CPU
		{D6635E41-608C-48A5-98C6-A86AC943422C}.Release|Any CPU.Build.0 = Release|Any CPU
		{09C885A4-F010-4BDD-B87E-60E6EB860E5F}.Debug|Any CPU.ActiveCfg = Debug|Any CPU
		{09C885A4-F010-4BDD-B87E-60E6EB860E5F}.Debug|Any CPU.Build.0 = Debug|Any CPU
		{09C885A4-F010-4BDD-B87E-60E6EB860E5F}.Release|Any CPU.ActiveCfg = Release|Any CPU
		{09C885A4-F010-4BDD-B87E-60E6EB860E5F}.Release|Any CPU.Build.0 = Release|Any CPU
		{503F6DA0-8C20-456F-A8F4-AABDF3BAADEE}.Debug|Any CPU.ActiveCfg = Debug|Any CPU
		{503F6DA0-8C20-456F-A8F4-AABDF3BAADEE}.Debug|Any CPU.Build.0 = Debug|Any CPU
		{503F6DA0-8C20-456F-A8F4-AABDF3BAADEE}.Release|Any CPU.ActiveCfg = Release|Any CPU
		{503F6DA0-8C20-456F-A8F4-AABDF3BAADEE}.Release|Any CPU.Build.0 = Release|Any CPU
		{E9FC5B08-7C11-4FC6-A7BF-8FA9311D7D5D}.Debug|Any CPU.ActiveCfg = Debug|Any CPU
		{E9FC5B08-7C11-4FC6-A7BF-8FA9311D7D5D}.Debug|Any CPU.Build.0 = Debug|Any CPU
		{E9FC5B08-7C11-4FC6-A7BF-8FA9311D7D5D}.Release|Any CPU.ActiveCfg = Release|Any CPU
		{E9FC5B08-7C11-4FC6-A7BF-8FA9311D7D5D}.Release|Any CPU.Build.0 = Release|Any CPU
		{1C0C87A9-97BD-43E8-9A20-A3CF021D86F0}.Debug|Any CPU.ActiveCfg = Debug|Any CPU
		{1C0C87A9-97BD-43E8-9A20-A3CF021D86F0}.Debug|Any CPU.Build.0 = Debug|Any CPU
		{1C0C87A9-97BD-43E8-9A20-A3CF021D86F0}.Release|Any CPU.ActiveCfg = Release|Any CPU
		{1C0C87A9-97BD-43E8-9A20-A3CF021D86F0}.Release|Any CPU.Build.0 = Release|Any CPU
		{F97B8F6F-B717-498A-9753-0813289D47E0}.Debug|Any CPU.ActiveCfg = Debug|Any CPU
		{F97B8F6F-B717-498A-9753-0813289D47E0}.Debug|Any CPU.Build.0 = Debug|Any CPU
		{F97B8F6F-B717-498A-9753-0813289D47E0}.Release|Any CPU.ActiveCfg = Release|Any CPU
		{F97B8F6F-B717-498A-9753-0813289D47E0}.Release|Any CPU.Build.0 = Release|Any CPU
		{6A4F122A-D3AD-4BA3-8854-AC5268ECCC69}.Debug|Any CPU.ActiveCfg = Debug|Any CPU
		{6A4F122A-D3AD-4BA3-8854-AC5268ECCC69}.Debug|Any CPU.Build.0 = Debug|Any CPU
		{6A4F122A-D3AD-4BA3-8854-AC5268ECCC69}.Release|Any CPU.ActiveCfg = Release|Any CPU
		{6A4F122A-D3AD-4BA3-8854-AC5268ECCC69}.Release|Any CPU.Build.0 = Release|Any CPU
		{E59A2D24-FEA2-4B0E-862B-2BFD78D113D4}.Debug|Any CPU.ActiveCfg = Debug|Any CPU
		{E59A2D24-FEA2-4B0E-862B-2BFD78D113D4}.Debug|Any CPU.Build.0 = Debug|Any CPU
		{E59A2D24-FEA2-4B0E-862B-2BFD78D113D4}.Release|Any CPU.ActiveCfg = Release|Any CPU
		{E59A2D24-FEA2-4B0E-862B-2BFD78D113D4}.Release|Any CPU.Build.0 = Release|Any CPU
		{3D7D0B52-B8E5-4124-9F71-1E6272585646}.Debug|Any CPU.ActiveCfg = Debug|Any CPU
		{3D7D0B52-B8E5-4124-9F71-1E6272585646}.Debug|Any CPU.Build.0 = Debug|Any CPU
		{3D7D0B52-B8E5-4124-9F71-1E6272585646}.Release|Any CPU.ActiveCfg = Release|Any CPU
		{3D7D0B52-B8E5-4124-9F71-1E6272585646}.Release|Any CPU.Build.0 = Release|Any CPU
	EndGlobalSection
	GlobalSection(SolutionProperties) = preSolution
		HideSolutionNode = FALSE
	EndGlobalSection
	GlobalSection(NestedProjects) = preSolution
		{ED0565F2-7F39-4A88-877A-1CF981E08B24} = {F2559218-3A94-4247-A7F2-D4B91DD70E94}
		{77681380-C35D-4F1D-A6F2-0D03353979C6} = {ED0565F2-7F39-4A88-877A-1CF981E08B24}
		{8AD143FA-4AD7-467C-8F9B-02ED8AB79386} = {77681380-C35D-4F1D-A6F2-0D03353979C6}
		{5309B9BB-F4A9-4FF7-A4EB-DE45F52C4533} = {ED0565F2-7F39-4A88-877A-1CF981E08B24}
		{4DC7BABA-712D-473D-B3FD-EE4C45AE1EC3} = {5309B9BB-F4A9-4FF7-A4EB-DE45F52C4533}
		{6CE91BA4-3C1A-4466-ADC7-0EA395AEF6BC} = {ED0565F2-7F39-4A88-877A-1CF981E08B24}
		{5553CA7D-749C-4BF6-9409-280CE4106F62} = {6CE91BA4-3C1A-4466-ADC7-0EA395AEF6BC}
		{77249EAF-8732-40D3-BCAC-3723E24F0F0B} = {ED0565F2-7F39-4A88-877A-1CF981E08B24}
		{8FAD5EB9-AC67-48F6-88A3-9E5D894DCA95} = {77249EAF-8732-40D3-BCAC-3723E24F0F0B}
		{FF17C08B-0D91-4BE9-809A-5613FBF9E0D6} = {ED0565F2-7F39-4A88-877A-1CF981E08B24}
		{EA8DF1F6-C4DB-4A19-ACBD-B3EF9F88B934} = {FF17C08B-0D91-4BE9-809A-5613FBF9E0D6}
		{6C0ED04D-F696-4B69-91AA-5FD39ED9B101} = {ED0565F2-7F39-4A88-877A-1CF981E08B24}
		{D6635E41-608C-48A5-98C6-A86AC943422C} = {6C0ED04D-F696-4B69-91AA-5FD39ED9B101}
		{A984D81E-794D-44B2-B082-989F930FC6ED} = {ED0565F2-7F39-4A88-877A-1CF981E08B24}
		{09C885A4-F010-4BDD-B87E-60E6EB860E5F} = {A984D81E-794D-44B2-B082-989F930FC6ED}
		{5A5228B8-92E8-460D-BDBF-C96461324C4D} = {ED0565F2-7F39-4A88-877A-1CF981E08B24}
		{503F6DA0-8C20-456F-A8F4-AABDF3BAADEE} = {5A5228B8-92E8-460D-BDBF-C96461324C4D}
		{CB2B8DD1-DF9E-449C-B533-3BA71B8BBE99} = {F2559218-3A94-4247-A7F2-D4B91DD70E94}
		{2111BDF7-1C4E-41AE-9215-DC0FFC937867} = {CB2B8DD1-DF9E-449C-B533-3BA71B8BBE99}
		{E9FC5B08-7C11-4FC6-A7BF-8FA9311D7D5D} = {2111BDF7-1C4E-41AE-9215-DC0FFC937867}
		{E9D6C892-B102-40D6-80BD-E13E6AD8687B} = {CB2B8DD1-DF9E-449C-B533-3BA71B8BBE99}
		{1C0C87A9-97BD-43E8-9A20-A3CF021D86F0} = {E9D6C892-B102-40D6-80BD-E13E6AD8687B}
		{CC442A4C-82D2-41CB-8A84-67C4F3A59BFC} = {CB2B8DD1-DF9E-449C-B533-3BA71B8BBE99}
		{F97B8F6F-B717-498A-9753-0813289D47E0} = {CC442A4C-82D2-41CB-8A84-67C4F3A59BFC}
		{AB940133-3E22-4104-8F30-C1EED0F607DE} = {CB2B8DD1-DF9E-449C-B533-3BA71B8BBE99}
		{6A4F122A-D3AD-4BA3-8854-AC5268ECCC69} = {AB940133-3E22-4104-8F30-C1EED0F607DE}
		{C75D4398-CDAC-49C6-A21B-27E6C368C6FA} = {CB2B8DD1-DF9E-449C-B533-3BA71B8BBE99}
		{E59A2D24-FEA2-4B0E-862B-2BFD78D113D4} = {C75D4398-CDAC-49C6-A21B-27E6C368C6FA}
		{3953370E-9898-4A44-9039-827120338B0F} = {CB2B8DD1-DF9E-449C-B533-3BA71B8BBE99}
		{3D7D0B52-B8E5-4124-9F71-1E6272585646} = {3953370E-9898-4A44-9039-827120338B0F}
	EndGlobalSection
	GlobalSection(ExtensibilityGlobals) = postSolution
		SolutionGuid = {62F0005C-B16B-4F01-BBCC-BA540659D250}
	EndGlobalSection
EndGlobal
