
Microsoft Visual Studio Solution File, Format Version 12.00
# Visual Studio Version 17
VisualStudioVersion = 17.3.32825.248
MinimumVisualStudioVersion = 10.0.40219.1
Project("{2150E333-8FDC-42A3-9474-1A3956D46DE8}") = "C-Sharp Advanced 2022", "C-Sharp Advanced 2022", "{F2559218-3A94-4247-A7F2-D4B91DD70E94}"
EndProject
Project("{2150E333-8FDC-42A3-9474-1A3956D46DE8}") = "01.Stacks and Queues - Exercise", "01.Stacks and Queues - Exercise", "{CB2B8DD1-DF9E-449C-B533-3BA71B8BBE99}"
EndProject
Project("{2150E333-8FDC-42A3-9474-1A3956D46DE8}") = "02. Basic Queue Operations", "02. Basic Queue Operations", "{2111BDF7-1C4E-41AE-9215-DC0FFC937867}"
EndProject
Project("{9A19103F-16F7-4668-BE54-9A1E7A4F7556}") = "02. Basic Queue Operations", "02. Basic Queue Operations\02. Basic Queue Operations.csproj", "{E9FC5B08-7C11-4FC6-A7BF-8FA9311D7D5D}"
EndProject
Project("{2150E333-8FDC-42A3-9474-1A3956D46DE8}") = "03. Maximum and Minimum Element", "03. Maximum and Minimum Element", "{E9D6C892-B102-40D6-80BD-E13E6AD8687B}"
EndProject
Project("{9A19103F-16F7-4668-BE54-9A1E7A4F7556}") = "03. Maximum and Minimum Element", "03. Maximum and Minimum Element\03. Maximum and Minimum Element.csproj", "{1C0C87A9-97BD-43E8-9A20-A3CF021D86F0}"
EndProject
Project("{2150E333-8FDC-42A3-9474-1A3956D46DE8}") = "04. Fast Food", "04. Fast Food", "{CC442A4C-82D2-41CB-8A84-67C4F3A59BFC}"
EndProject
Project("{9A19103F-16F7-4668-BE54-9A1E7A4F7556}") = "04. Fast Food", "04. Fast Food\04. Fast Food.csproj", "{F97B8F6F-B717-498A-9753-0813289D47E0}"
EndProject
Project("{2150E333-8FDC-42A3-9474-1A3956D46DE8}") = "05. Fashion Boutique", "05. Fashion Boutique", "{AB940133-3E22-4104-8F30-C1EED0F607DE}"
EndProject
Project("{9A19103F-16F7-4668-BE54-9A1E7A4F7556}") = "05. Fashion Boutique", "05. Fashion Boutique\05. Fashion Boutique.csproj", "{6A4F122A-D3AD-4BA3-8854-AC5268ECCC69}"
EndProject
Project("{2150E333-8FDC-42A3-9474-1A3956D46DE8}") = "01. Basic Stack Operations", "01. Basic Stack Operations", "{C75D4398-CDAC-49C6-A21B-27E6C368C6FA}"
EndProject
Project("{9A19103F-16F7-4668-BE54-9A1E7A4F7556}") = "01. Basic Stack Operations", "01. Basic Stack Operations\01. Basic Stack Operations.csproj", "{E59A2D24-FEA2-4B0E-862B-2BFD78D113D4}"
EndProject
Project("{2150E333-8FDC-42A3-9474-1A3956D46DE8}") = "06. Songs Queue", "06. Songs Queue", "{3953370E-9898-4A44-9039-827120338B0F}"
EndProject
Project("{9A19103F-16F7-4668-BE54-9A1E7A4F7556}") = "06. Songs Queue", "06. Songs Queue\06. Songs Queue.csproj", "{3D7D0B52-B8E5-4124-9F71-1E6272585646}"
EndProject
Project("{2150E333-8FDC-42A3-9474-1A3956D46DE8}") = "01.Stacks and Queues-Labs", "01.Stacks and Queues-Labs", "{3A616DA1-3007-459E-91C8-FAC1EBE1154A}"
EndProject
Project("{2150E333-8FDC-42A3-9474-1A3956D46DE8}") = "01.Reverse String", "01.Reverse String", "{9A89DBB6-0D70-4D73-8741-C215E85F4E11}"
EndProject
Project("{9A19103F-16F7-4668-BE54-9A1E7A4F7556}") = "01.Reverse String", "01.Reverse String\01.Reverse String.csproj", "{2CFF0A81-3A67-4A07-9FFA-39BF4273D59C}"
EndProject
Project("{2150E333-8FDC-42A3-9474-1A3956D46DE8}") = "2. Stack Sum", "2. Stack Sum", "{9FA0EB0D-C29A-4DE5-8EA6-D8BBF60BA101}"
EndProject
Project("{9A19103F-16F7-4668-BE54-9A1E7A4F7556}") = "2. Stack Sum", "2. Stack Sum\2. Stack Sum.csproj", "{40016A75-3E33-4C36-A728-2E3009F81A5B}"
EndProject
Project("{2150E333-8FDC-42A3-9474-1A3956D46DE8}") = "3. Simple Calculator", "3. Simple Calculator", "{9F0DBF8B-D9D6-4E1C-BBCA-DBD9B226ABFE}"
EndProject
Project("{9A19103F-16F7-4668-BE54-9A1E7A4F7556}") = "3. Simple Calculator", "3. Simple Calculator\3. Simple Calculator.csproj", "{28A511DA-994C-4105-99C6-22EA353094B4}"
EndProject
Project("{2150E333-8FDC-42A3-9474-1A3956D46DE8}") = "4. Matching Brackets", "4. Matching Brackets", "{27BD8A86-D392-41F2-932D-26AE5455F443}"
EndProject
Project("{9A19103F-16F7-4668-BE54-9A1E7A4F7556}") = "4. Matching Brackets", "4. Matching Brackets\4. Matching Brackets.csproj", "{27375829-AE60-4359-B37F-D66E9A7164FD}"
EndProject
Project("{2150E333-8FDC-42A3-9474-1A3956D46DE8}") = "5. Print Even Numbers", "5. Print Even Numbers", "{E5AC5FBF-47F5-4FBB-AEA8-5D4B6F51A869}"
EndProject
Project("{9A19103F-16F7-4668-BE54-9A1E7A4F7556}") = "5. Print Even Numbers", "5. Print Even Numbers\5. Print Even Numbers.csproj", "{4E0A5DC8-D932-4164-B5CC-F140C898464E}"
EndProject
Project("{2150E333-8FDC-42A3-9474-1A3956D46DE8}") = "6. Supermarket", "6. Supermarket", "{125601B0-4074-425C-9C64-E69733D9790C}"
EndProject
Project("{9A19103F-16F7-4668-BE54-9A1E7A4F7556}") = "6. Supermarket", "6. Supermarket\6. Supermarket.csproj", "{CE47CB49-620F-4487-B7E3-E4A56411EA53}"
EndProject
Project("{2150E333-8FDC-42A3-9474-1A3956D46DE8}") = "7. Hot Potato", "7. Hot Potato", "{3E309D07-B776-4B18-9728-E866739B72B6}"
EndProject
Project("{9A19103F-16F7-4668-BE54-9A1E7A4F7556}") = "7. Hot Potato", "7. Hot Potato\7. Hot Potato.csproj", "{D72CCC4C-94DF-46AF-B777-B33EC3CF876A}"
EndProject
Project("{2150E333-8FDC-42A3-9474-1A3956D46DE8}") = "8. Traffic Jam", "8. Traffic Jam", "{D8E61D5B-AA23-40DD-941A-D6CFF849EAA9}"
EndProject
Project("{9A19103F-16F7-4668-BE54-9A1E7A4F7556}") = "8. Traffic Jam", "8. Traffic Jam\8. Traffic Jam.csproj", "{428EB8AE-20DD-4DE2-A99B-BE45CA784BED}"
EndProject
Project("{2150E333-8FDC-42A3-9474-1A3956D46DE8}") = "07. Truck Tour", "07. Truck Tour", "{08B6A393-A7E4-4EFC-A0B9-5814867FD2A7}"
EndProject
Project("{9A19103F-16F7-4668-BE54-9A1E7A4F7556}") = "07. Truck Tour", "07. Truck Tour\07. Truck Tour.csproj", "{D645B333-2EA1-421C-B9F0-E4D88E409F6E}"
EndProject
Project("{2150E333-8FDC-42A3-9474-1A3956D46DE8}") = "08. Balanced Parenthesis", "08. Balanced Parenthesis", "{D312ECCB-3DA1-4508-B2D5-45061F696D6B}"
EndProject
Project("{9A19103F-16F7-4668-BE54-9A1E7A4F7556}") = "08. Balanced Parenthesis", "08. Balanced Parenthesis\08. Balanced Parenthesis.csproj", "{0AF084CD-991A-4822-A4CB-FB048797DA8F}"
EndProject
Project("{2150E333-8FDC-42A3-9474-1A3956D46DE8}") = "09. Simple Text Editor", "09. Simple Text Editor", "{8388FF78-45DC-49E3-84C7-60241C845EBF}"
EndProject
Project("{9A19103F-16F7-4668-BE54-9A1E7A4F7556}") = "09. Simple Text Editor", "09. Simple Text Editor\09. Simple Text Editor.csproj", "{2585C53A-B515-4614-9825-407CAE514BF9}"
EndProject
Project("{2150E333-8FDC-42A3-9474-1A3956D46DE8}") = "10. Crossroads", "10. Crossroads", "{0BD642BA-0B38-47A0-BE92-4D1C9D877035}"
EndProject
Project("{9A19103F-16F7-4668-BE54-9A1E7A4F7556}") = "10. Crossroads", "10. Crossroads\10. Crossroads.csproj", "{5C231EBB-81C0-46A7-B933-F7B6D41A1433}"
EndProject
Project("{2150E333-8FDC-42A3-9474-1A3956D46DE8}") = "11. Key Revolver", "11. Key Revolver", "{B5727F73-CDCA-4482-BDD7-07744E868ABD}"
EndProject
Project("{9A19103F-16F7-4668-BE54-9A1E7A4F7556}") = "11. Key Revolver", "11. Key Revolver\11. Key Revolver.csproj", "{E5EE33D8-A676-4F4B-BF52-4F663A7970BD}"
EndProject
Project("{2150E333-8FDC-42A3-9474-1A3956D46DE8}") = "12. Cups and Bottles", "12. Cups and Bottles", "{CBC6CA10-29E7-435A-A105-B0B2734F07EF}"
EndProject
Project("{9A19103F-16F7-4668-BE54-9A1E7A4F7556}") = "12. Cups and Bottles", "12. Cups and Bottles\12. Cups and Bottles.csproj", "{98C7320B-58A8-4F82-8309-B8C6D783FD44}"
EndProject
Project("{2150E333-8FDC-42A3-9474-1A3956D46DE8}") = "02.Mltidimensional Arrays - Lab", "02.Mltidimensional Arrays - Lab", "{B4385583-F7FC-48E7-B141-C366FF58CF12}"
EndProject
Project("{2150E333-8FDC-42A3-9474-1A3956D46DE8}") = "1. Sum Matrix Elements", "1. Sum Matrix Elements", "{6F5371D9-D2E1-4C6D-B469-75A3483E2ADA}"
EndProject
Project("{9A19103F-16F7-4668-BE54-9A1E7A4F7556}") = "1. Sum Matrix Elements", "1. Sum Matrix Elements\1. Sum Matrix Elements.csproj", "{B962613D-ABF4-4411-AABD-CA10672A666F}"
EndProject
Project("{2150E333-8FDC-42A3-9474-1A3956D46DE8}") = "2. Sum Matrix Columns", "2. Sum Matrix Columns", "{E1FDBD5F-EB44-45FA-BA6D-D619B49C2A7A}"
EndProject
Project("{9A19103F-16F7-4668-BE54-9A1E7A4F7556}") = "2. Sum Matrix Columns", "2. Sum Matrix Columns\2. Sum Matrix Columns.csproj", "{E1F241A9-72BF-437B-9800-29EFCB177699}"
EndProject
Project("{2150E333-8FDC-42A3-9474-1A3956D46DE8}") = "3. Primary Diagonal", "3. Primary Diagonal", "{C4D40637-8EBE-4E01-AE15-DB6C8AE71DDA}"
EndProject
Project("{9A19103F-16F7-4668-BE54-9A1E7A4F7556}") = "3. Primary Diagonal", "3. Primary Diagonal\3. Primary Diagonal.csproj", "{DF83893B-93AC-4773-BCA1-EA31CDA14A30}"
EndProject
Project("{2150E333-8FDC-42A3-9474-1A3956D46DE8}") = "4. Symbol in Matrix", "4. Symbol in Matrix", "{D8ED6376-4228-452E-ADA2-AE2D059A32E6}"
EndProject
Project("{9A19103F-16F7-4668-BE54-9A1E7A4F7556}") = "4. Symbol in Matrix", "4. Symbol in Matrix\4. Symbol in Matrix.csproj", "{13207D8A-5E5D-4CAB-B450-6075A0EE492B}"
EndProject
Project("{2150E333-8FDC-42A3-9474-1A3956D46DE8}") = "5. Square With Maximum Sum", "5. Square With Maximum Sum", "{946EECC4-50C1-4D76-AD08-B8FE80AC6FB9}"
EndProject
Project("{9A19103F-16F7-4668-BE54-9A1E7A4F7556}") = "5. Square With Maximum Sum", "5. Square With Maximum Sum\5. Square With Maximum Sum.csproj", "{BE020742-8805-468A-AAD8-77FD93A71F32}"
EndProject
Project("{2150E333-8FDC-42A3-9474-1A3956D46DE8}") = "6. Jagged-Array Modification", "6. Jagged-Array Modification", "{E45898B0-EAC6-42EE-AC59-199238D8C421}"
EndProject
Project("{9A19103F-16F7-4668-BE54-9A1E7A4F7556}") = "6. Jagged-Array Modification", "6. Jagged-Array Modification\6. Jagged-Array Modification.csproj", "{DDD86771-40FF-47D8-A808-F71A52DB5FCD}"
EndProject
Project("{2150E333-8FDC-42A3-9474-1A3956D46DE8}") = "7. Pascal Triangle", "7. Pascal Triangle", "{D3203361-CA88-4A72-994A-F53EA4DA73E8}"
EndProject
Project("{9A19103F-16F7-4668-BE54-9A1E7A4F7556}") = "7. Pascal Triangle", "7. Pascal Triangle\7. Pascal Triangle.csproj", "{27C144A6-2F11-47C2-B7A8-3F99F0633807}"
EndProject
Project("{2150E333-8FDC-42A3-9474-1A3956D46DE8}") = "02.Multidimensional Arrays - Exercise", "02.Multidimensional Arrays - Exercise", "{FBD856DB-C057-4860-980B-A0E4D89B7887}"
EndProject
Project("{2150E333-8FDC-42A3-9474-1A3956D46DE8}") = "01. Diagonal Difference", "01. Diagonal Difference", "{D3AA17A8-A4F1-42D8-B135-063F5DDF6A4C}"
EndProject
Project("{9A19103F-16F7-4668-BE54-9A1E7A4F7556}") = "1. Diagonal Difference", "1. Diagonal Difference\1. Diagonal Difference.csproj", "{07E59566-618E-49BB-ACD4-8B9C5A45FF13}"
EndProject
Project("{2150E333-8FDC-42A3-9474-1A3956D46DE8}") = "02. Squares in Matrix", "02. Squares in Matrix", "{05EE67A3-5696-44EA-9A8C-8B33BDDA133C}"
EndProject
Project("{9A19103F-16F7-4668-BE54-9A1E7A4F7556}") = "2. Squares in Matrix", "2. Squares in Matrix\2. Squares in Matrix.csproj", "{06563959-91C4-46F4-93DC-2BC7101855A5}"
EndProject
Project("{2150E333-8FDC-42A3-9474-1A3956D46DE8}") = "03. Maximal Sum", "03. Maximal Sum", "{6943F3B4-8C51-4277-949B-1879791D72C4}"
EndProject
Project("{9A19103F-16F7-4668-BE54-9A1E7A4F7556}") = "3. Maximal Sum", "3. Maximal Sum\3. Maximal Sum.csproj", "{ED5935A7-B906-4E22-9506-1504E811689D}"
EndProject
Project("{2150E333-8FDC-42A3-9474-1A3956D46DE8}") = "04. Matrix Shuffling", "04. Matrix Shuffling", "{84163A9C-4513-427A-A147-FD0B72CF0BD4}"
EndProject
Project("{9A19103F-16F7-4668-BE54-9A1E7A4F7556}") = "4. Matrix Shuffling", "4. Matrix Shuffling\4. Matrix Shuffling.csproj", "{8461F31E-1201-4EB6-A8DE-EE3E6E073753}"
EndProject
Project("{2150E333-8FDC-42A3-9474-1A3956D46DE8}") = "05. Snake Moves", "05. Snake Moves", "{782642FD-4BCB-4EEC-8987-EE45BB1B8F78}"
EndProject
Project("{9A19103F-16F7-4668-BE54-9A1E7A4F7556}") = "5. Snake Moves", "5. Snake Moves\5. Snake Moves.csproj", "{26699451-17DB-4C53-837C-2E0043122CD5}"
EndProject
Project("{2150E333-8FDC-42A3-9474-1A3956D46DE8}") = "06. Jagged Array Manipulator", "06. Jagged Array Manipulator", "{E7D4A7B8-DB38-40A3-90FE-E5D42A13F816}"
EndProject
Project("{9A19103F-16F7-4668-BE54-9A1E7A4F7556}") = "6. Jagged Array Manipulator", "6. Jagged Array Manipulator\6. Jagged Array Manipulator.csproj", "{977C6690-0761-45F8-B135-9ACCA2D9F5BF}"
EndProject
Project("{2150E333-8FDC-42A3-9474-1A3956D46DE8}") = "07. Knight Game", "07. Knight Game", "{6CDEEFA9-6F98-4C62-83F3-C243BEA21EA9}"
EndProject
Project("{9A19103F-16F7-4668-BE54-9A1E7A4F7556}") = "7. Knight Game", "7. Knight Game\7. Knight Game.csproj", "{6BEFE4A5-6BE0-49BE-AA0B-64391E08185A}"
EndProject
Project("{2150E333-8FDC-42A3-9474-1A3956D46DE8}") = "08. Bombs", "08. Bombs", "{F9E0960D-958B-4B3D-8BAE-DD7C5AFF4446}"
EndProject
Project("{9A19103F-16F7-4668-BE54-9A1E7A4F7556}") = "8. Bombs", "8. Bombs\8. Bombs.csproj", "{AC76ACDA-9350-4DE9-90A4-6ADF864F8039}"
EndProject
Project("{2150E333-8FDC-42A3-9474-1A3956D46DE8}") = "09. Miner", "09. Miner", "{89803234-AAD9-4230-B925-4B0AB672C40A}"
EndProject
Project("{9A19103F-16F7-4668-BE54-9A1E7A4F7556}") = "9. Miner", "9. Miner\9. Miner.csproj", "{D64F9CBE-6669-439B-98DB-3ED43131E948}"
EndProject
Project("{2150E333-8FDC-42A3-9474-1A3956D46DE8}") = "10. Radioactive Mutant Vampire Bunnies", "10. Radioactive Mutant Vampire Bunnies", "{869BEF29-1C67-43F2-B6B2-51ECC1D5E524}"
EndProject
Project("{9A19103F-16F7-4668-BE54-9A1E7A4F7556}") = "10.Radioactive", "10.Radioactive\10.Radioactive.csproj", "{3A61EAA9-F7C5-4E3B-9E46-50D668DFFAA8}"
EndProject
Project("{2150E333-8FDC-42A3-9474-1A3956D46DE8}") = "01. Basic Stack Operations", "01. Basic Stack Operations", "{26803D52-7B25-4ED0-995C-28DC5F1FFD6E}"
EndProject
Project("{9A19103F-16F7-4668-BE54-9A1E7A4F7556}") = "01. Basic Stack", "01. Basic Stack\01. Basic Stack.csproj", "{76421A40-C6DB-4AA7-9B5F-CC74C9BEE147}"
EndProject
Project("{2150E333-8FDC-42A3-9474-1A3956D46DE8}") = "03.Sets and Dictionaries Advanced - Lab", "03.Sets and Dictionaries Advanced - Lab", "{9E5BE541-67EA-42BF-93AF-FFEF8345039F}"
EndProject
Project("{2150E333-8FDC-42A3-9474-1A3956D46DE8}") = "03.Sets and Dictionaries Advanced-Exe", "03.Sets and Dictionaries Advanced-Exe", "{D258C3B9-5830-4BC3-A33C-8A52852D15A7}"
EndProject
Project("{2150E333-8FDC-42A3-9474-1A3956D46DE8}") = "01. Count Same Values in Array", "01. Count Same Values in Array", "{2A550C35-B23F-4711-8C11-F8FAB5B6311A}"
EndProject
Project("{9A19103F-16F7-4668-BE54-9A1E7A4F7556}") = "01. Count Same Values in Arrayy", "01. Count Same Values in Arrayy\01. Count Same Values in Arrayy.csproj", "{348DB6FA-FB6B-48CF-9725-93BF8714BE32}"
EndProject
Project("{2150E333-8FDC-42A3-9474-1A3956D46DE8}") = "02. Average Student Grades", "02. Average Student Grades", "{410BED60-4EFF-49E0-87A6-480626C44716}"
EndProject
Project("{9A19103F-16F7-4668-BE54-9A1E7A4F7556}") = "02. Average Student Grades", "02. Average Student Grades\02. Average Student Grades.csproj", "{36F8777F-BEE7-431B-B053-ECD9BC0DBF54}"
EndProject
Project("{2150E333-8FDC-42A3-9474-1A3956D46DE8}") = "03. Largest 3 Numbers", "03. Largest 3 Numbers", "{EC0F1238-05AC-4220-8A96-B08BEE7751FC}"
EndProject
Project("{9A19103F-16F7-4668-BE54-9A1E7A4F7556}") = "03. Largest 3 Numbers", "03. Largest 3 Numbers\03. Largest 3 Numbers.csproj", "{671ED949-B1BD-4B5B-B122-FDCDC378AE09}"
EndProject
Project("{2150E333-8FDC-42A3-9474-1A3956D46DE8}") = "04. Product Shop", "04. Product Shop", "{43B8E72A-9C78-4ECA-8965-02C91DFF5566}"
EndProject
Project("{9A19103F-16F7-4668-BE54-9A1E7A4F7556}") = "04. Product Shop", "04. Product Shop\04. Product Shop.csproj", "{39DE1B50-93A4-4A0A-99C2-0539BC106C53}"
EndProject
Project("{2150E333-8FDC-42A3-9474-1A3956D46DE8}") = "05. Cities by Continent and Country", "05. Cities by Continent and Country", "{81572044-04FB-4D69-AA74-B579226462B6}"
EndProject
Project("{9A19103F-16F7-4668-BE54-9A1E7A4F7556}") = "05. Cities by Continent and Country", "05. Cities by Continent and Country\05. Cities by Continent and Country.csproj", "{848BD609-763C-4997-A934-F46F04EB9887}"
EndProject
Project("{2150E333-8FDC-42A3-9474-1A3956D46DE8}") = "06. Record Unique Names", "06. Record Unique Names", "{B34121DB-1A04-441E-BF23-3CFD55FCA379}"
EndProject
Project("{9A19103F-16F7-4668-BE54-9A1E7A4F7556}") = "06. Record Unique Names", "06. Record Unique Names\06. Record Unique Names.csproj", "{62969F11-6403-4C2A-89F0-2831B8E691EA}"
EndProject
Project("{2150E333-8FDC-42A3-9474-1A3956D46DE8}") = "07. Parking Lot", "07. Parking Lot", "{216F54D0-19C3-4F7B-B6FC-DA5762BA0840}"
EndProject
Project("{9A19103F-16F7-4668-BE54-9A1E7A4F7556}") = "07. Parking Lot", "07. Parking Lot\07. Parking Lot.csproj", "{9E8DDF27-3363-4BEA-A65B-EEA0043AD07E}"
EndProject
Project("{2150E333-8FDC-42A3-9474-1A3956D46DE8}") = "08. SoftUni Party", "08. SoftUni Party", "{196D1E9E-217D-433C-BC7E-AB4E6BD11541}"
EndProject
Project("{9A19103F-16F7-4668-BE54-9A1E7A4F7556}") = "08. SoftUni Party", "08. SoftUni Party\08. SoftUni Party.csproj", "{DBB87BF8-4AAC-4687-B58D-1ABA518C3198}"
EndProject
Project("{2150E333-8FDC-42A3-9474-1A3956D46DE8}") = "01. Unique Usernames", "01. Unique Usernames", "{AB6CB9C1-A406-459B-A639-F588B4556DF9}"
EndProject
Project("{9A19103F-16F7-4668-BE54-9A1E7A4F7556}") = "01. Unique Usernames", "01. Unique Usernames\01. Unique Usernames.csproj", "{A24D866E-2B4C-42D3-8CE4-B220F2A02F2B}"
EndProject
Project("{2150E333-8FDC-42A3-9474-1A3956D46DE8}") = "02. Sets of Elements", "02. Sets of Elements", "{72BE8D5C-F6E9-4FE0-A004-4CD8D09BD4A6}"
EndProject
Project("{9A19103F-16F7-4668-BE54-9A1E7A4F7556}") = "02. Sets of Elements", "02. Sets of Elements\02. Sets of Elements.csproj", "{825743D2-2DD4-478C-900A-A4FFDEC5FCB8}"
EndProject
Project("{2150E333-8FDC-42A3-9474-1A3956D46DE8}") = "03. Periodic Table", "03. Periodic Table", "{5A311669-B651-49FE-939D-21855EAB270B}"
EndProject
Project("{9A19103F-16F7-4668-BE54-9A1E7A4F7556}") = "03. Periodic Table", "03. Periodic Table\03. Periodic Table.csproj", "{D5254B50-C5EE-43D2-AB35-9D321BC99443}"
EndProject
Project("{2150E333-8FDC-42A3-9474-1A3956D46DE8}") = "04. Even Times", "04. Even Times", "{906D9198-74B4-497E-A995-0D72413140B1}"
EndProject
Project("{9A19103F-16F7-4668-BE54-9A1E7A4F7556}") = "04. Even Times", "04. Even Times\04. Even Times.csproj", "{FB1DC47B-E184-48D1-AA8F-6E2C2A2AA9A7}"
EndProject
Project("{2150E333-8FDC-42A3-9474-1A3956D46DE8}") = "05. Count Symbols", "05. Count Symbols", "{79F986BD-23F4-4984-8A63-090CF2A7A415}"
EndProject
Project("{9A19103F-16F7-4668-BE54-9A1E7A4F7556}") = "05. Count Symbols", "05. Count Symbols\05. Count Symbols.csproj", "{3426674E-4713-4CB8-B897-1045BCDE2E82}"
EndProject
Project("{2150E333-8FDC-42A3-9474-1A3956D46DE8}") = "06. Wardrobe", "06. Wardrobe", "{FB9797B7-D167-4CC2-8C26-2E5CA4ECB6AF}"
EndProject
Project("{9A19103F-16F7-4668-BE54-9A1E7A4F7556}") = "06. Wardrobe", "06. Wardrobe\06. Wardrobe.csproj", "{5DD9AC13-C2A4-491F-B60F-E8F8F94B5E14}"
EndProject
Project("{2150E333-8FDC-42A3-9474-1A3956D46DE8}") = "07. The V-Logger", "07. The V-Logger", "{1819F240-E093-4651-8A47-90EBC5F7BE94}"
EndProject
Project("{9A19103F-16F7-4668-BE54-9A1E7A4F7556}") = "07. The V-Logger", "07. The V-Logger\07. The V-Logger.csproj", "{C748BD43-5526-475E-A759-A9502005B24B}"
EndProject
Project("{2150E333-8FDC-42A3-9474-1A3956D46DE8}") = "08. Ranking", "08. Ranking", "{203E14B6-185F-41AA-B660-910C229D637A}"
EndProject
Project("{9A19103F-16F7-4668-BE54-9A1E7A4F7556}") = "08. Ranking", "08. Ranking\08. Ranking.csproj", "{1453B519-A35D-4825-A15F-4554775D5E99}"
EndProject
Project("{2150E333-8FDC-42A3-9474-1A3956D46DE8}") = "09. SoftUni Exam Results", "09. SoftUni Exam Results", "{EAB226F5-15BF-4E8C-99FA-3D900680A410}"
EndProject
Project("{9A19103F-16F7-4668-BE54-9A1E7A4F7556}") = "09. SoftUni Exam Results", "09. SoftUni Exam Results\09. SoftUni Exam Results.csproj", "{97225A94-AF09-4278-A084-FF0E35BDF02E}"
EndProject
Project("{2150E333-8FDC-42A3-9474-1A3956D46DE8}") = "10. ForceBook", "10. ForceBook", "{B4C27250-75A4-4A98-9350-FAE0A80C75BC}"
EndProject
Project("{9A19103F-16F7-4668-BE54-9A1E7A4F7556}") = "10. ForceBook", "10. ForceBook\10. ForceBook.csproj", "{6E0DCCFC-1568-494A-B4F6-4B7522A5668C}"
EndProject
Project("{2150E333-8FDC-42A3-9474-1A3956D46DE8}") = "04.Streams, Files and Dictories-Lab", "04.Streams, Files and Dictories-Lab", "{458887EE-879E-4640-B075-DD1A429848BE}"
EndProject
Project("{9A19103F-16F7-4668-BE54-9A1E7A4F7556}") = "01. Odd Lines", "01. Odd Lines\01. Odd Lines.csproj", "{E05BC5D3-BD3D-40FF-87F3-721D8F3DEE61}"
EndProject
Project("{9A19103F-16F7-4668-BE54-9A1E7A4F7556}") = "02. Line Numbers", "02. Line Numbers\02. Line Numbers.csproj", "{E74C408A-E39F-40C9-9AA2-A277FD68BC23}"
EndProject
Project("{9A19103F-16F7-4668-BE54-9A1E7A4F7556}") = "03. Word Count", "03. Word Count\03. Word Count.csproj", "{00C3E9D9-2B03-4E2E-9BF3-DB34CC4CBA93}"
EndProject
Project("{9A19103F-16F7-4668-BE54-9A1E7A4F7556}") = "04. Merge Text Files", "04. Merge Text Files\04. Merge Text Files.csproj", "{DB1E1809-CA06-4CED-B82A-B3F8ED226A93}"
EndProject
Project("{9A19103F-16F7-4668-BE54-9A1E7A4F7556}") = "05. Extract Special Bytes", "05. Extract Special Bytes\05. Extract Special Bytes.csproj", "{DCA3222A-3506-4DE7-B56E-29994A7CAB4D}"
EndProject
Project("{9A19103F-16F7-4668-BE54-9A1E7A4F7556}") = "06. Split, Merge Binary Files", "06. Split, Merge Binary Files\06. Split, Merge Binary Files.csproj", "{781CD87B-FFD3-410D-921E-EB5CD17C3FD8}"
EndProject
Project("{9A19103F-16F7-4668-BE54-9A1E7A4F7556}") = "07. Folder Size", "07. Folder Size\07. Folder Size.csproj", "{8CA477E0-18A3-4826-B1D9-2BDCCFE6F8B5}"
EndProject
Project("{2150E333-8FDC-42A3-9474-1A3956D46DE8}") = "04.Streams,Files and Dictories-Exe", "04.Streams,Files and Dictories-Exe", "{CD46B2FB-18F6-4971-9BF5-230E34DC8A0A}"
EndProject
Project("{9A19103F-16F7-4668-BE54-9A1E7A4F7556}") = "Even LIness", "Even LIness\Even LIness.csproj", "{EC60F750-9E94-49AD-8705-C914F4FA075D}"
EndProject
Project("{2150E333-8FDC-42A3-9474-1A3956D46DE8}") = "05.Functional Programing-Lab", "05.Functional Programing-Lab", "{8BE4E843-242E-47D8-80AF-71A46BA1E2DF}"
EndProject
Project("{2150E333-8FDC-42A3-9474-1A3956D46DE8}") = "01. Sort Even Numbers", "01. Sort Even Numbers", "{06559B62-1CA5-4E60-B3CB-1732A2F7B27D}"
EndProject
Project("{9A19103F-16F7-4668-BE54-9A1E7A4F7556}") = "01. Sort Even Numbers", "01. Sort Even Numbers\01. Sort Even Numbers.csproj", "{90CF7FC2-5CFB-4B16-8858-86D26019BA09}"
EndProject
Project("{2150E333-8FDC-42A3-9474-1A3956D46DE8}") = "02. Sum Numbers1", "02. Sum Numbers1", "{E4A95E64-11D0-4836-9900-8253BCFE7929}"
EndProject
Project("{9A19103F-16F7-4668-BE54-9A1E7A4F7556}") = "02. Sum Numbers", "02. Sum Numbers\02. Sum Numbers.csproj", "{49C93452-7E38-4E06-A881-234D6C05B912}"
EndProject
Project("{2150E333-8FDC-42A3-9474-1A3956D46DE8}") = "03. Count Uppercase Words", "03. Count Uppercase Words", "{52C15C64-02D7-42CE-8F3B-6F9227CDBBB3}"
EndProject
Project("{9A19103F-16F7-4668-BE54-9A1E7A4F7556}") = "03. Count Uppercase Words", "03. Count Uppercase Words\03. Count Uppercase Words.csproj", "{B82B0089-7033-45FD-8C29-65B47399299F}"
EndProject
Project("{2150E333-8FDC-42A3-9474-1A3956D46DE8}") = "04. Add VAT", "04. Add VAT", "{7E78A164-ACD4-4AD6-87F3-414912C94671}"
EndProject
Project("{9A19103F-16F7-4668-BE54-9A1E7A4F7556}") = "04. Add VAT", "04. Add VAT\04. Add VAT.csproj", "{A93A89EF-9F0E-416D-989F-F49F118A99D2}"
EndProject
Project("{2150E333-8FDC-42A3-9474-1A3956D46DE8}") = "05. Filter By Age", "05. Filter By Age", "{56047932-8E33-41C6-89D1-B08AFADF1743}"
EndProject
Project("{9A19103F-16F7-4668-BE54-9A1E7A4F7556}") = "05. Filter By Age", "05. Filter By Age\05. Filter By Age.csproj", "{7253E4D8-DE70-4E57-A422-9404B24F7F3A}"
EndProject
Project("{9A19103F-16F7-4668-BE54-9A1E7A4F7556}") = "02. Line Numberssss", "02. Line Numberssss\02. Line Numberssss.csproj", "{BECEBFEE-6DFE-4083-BD5D-5BC80A9B7F1A}"
EndProject
Project("{9A19103F-16F7-4668-BE54-9A1E7A4F7556}") = "03. Copy Binary Files", "03. Copy Binary Files\03. Copy Binary Files.csproj", "{DCB9DA32-0970-48F2-83AE-7BBF169DF72A}"
EndProject
Project("{9A19103F-16F7-4668-BE54-9A1E7A4F7556}") = "04. Directory Traversals", "04. Directory Traversals\04. Directory Traversals.csproj", "{46B339FE-EE18-4488-AE44-0B4FA7BF4C16}"
EndProject
Project("{9A19103F-16F7-4668-BE54-9A1E7A4F7556}") = "02.Line", "02.Line\02.Line.csproj", "{E780B591-6036-4A17-ADD9-B55A02E35D3D}"
EndProject
Project("{2150E333-8FDC-42A3-9474-1A3956D46DE8}") = "05.Functional Programing-Exe", "05.Functional Programing-Exe", "{C3241FFC-0E12-4934-8F6D-2D38CC985E0F}"
EndProject
Project("{2150E333-8FDC-42A3-9474-1A3956D46DE8}") = "01. Action Print", "01. Action Print", "{572FE02E-202E-40F2-94F1-87B1440AF8CB}"
EndProject
Project("{9A19103F-16F7-4668-BE54-9A1E7A4F7556}") = "01. Action Print", "01. Action Print\01. Action Print.csproj", "{7EB31F53-879B-4E91-8530-7CE28A1001CD}"
EndProject
Project("{2150E333-8FDC-42A3-9474-1A3956D46DE8}") = "02. Knights of Honor", "02. Knights of Honor", "{D1C4BC3F-90A7-426E-817F-C988DD804837}"
EndProject
Project("{9A19103F-16F7-4668-BE54-9A1E7A4F7556}") = "02. Knights of Honor", "02. Knights of Honor\02. Knights of Honor.csproj", "{F633EC23-E48B-4B74-B0B7-3B0DEBDE772D}"
EndProject
Project("{2150E333-8FDC-42A3-9474-1A3956D46DE8}") = "03. Custom Min Function", "03. Custom Min Function", "{074A777A-88E8-4369-A637-1BB51C802CD9}"
EndProject
Project("{9A19103F-16F7-4668-BE54-9A1E7A4F7556}") = "03. Custom Min Function", "03. Custom Min Function\03. Custom Min Function.csproj", "{9427EC3A-634A-4888-9579-12F2E95FD982}"
EndProject
Project("{2150E333-8FDC-42A3-9474-1A3956D46DE8}") = "04. Find Evens or Odds", "04. Find Evens or Odds", "{F0F51B77-8CC4-4F6E-8511-BCBDB0A57924}"
EndProject
Project("{9A19103F-16F7-4668-BE54-9A1E7A4F7556}") = "04. Find Evens or Odds", "04. Find Evens or Odds\04. Find Evens or Odds.csproj", "{7F6B9D8A-B2A8-4139-B3FD-E8F5FB54EFDA}"
EndProject
Project("{2150E333-8FDC-42A3-9474-1A3956D46DE8}") = "05. Applied Arithmetics", "05. Applied Arithmetics", "{93BC977C-D98F-4F60-A310-E88CBCE734FB}"
EndProject
Project("{9A19103F-16F7-4668-BE54-9A1E7A4F7556}") = "05. Applied Arithmetics", "05. Applied Arithmetics\05. Applied Arithmetics.csproj", "{94C50B20-106B-4766-8173-4ED08521BCA4}"
EndProject
Project("{2150E333-8FDC-42A3-9474-1A3956D46DE8}") = "06. Reverse And Exclude", "06. Reverse And Exclude", "{592F6430-48EB-4781-B39D-56E8F75C5E09}"
EndProject
Project("{9A19103F-16F7-4668-BE54-9A1E7A4F7556}") = "06. Reverse And Exclude", "06. Reverse And Exclude\06. Reverse And Exclude.csproj", "{CF6E817B-A98A-4CC8-9269-6A2A496C4672}"
EndProject
Project("{2150E333-8FDC-42A3-9474-1A3956D46DE8}") = "07. Predicate For Names", "07. Predicate For Names", "{17D45CAB-0313-49B1-94C5-7F29DAF9F103}"
EndProject
Project("{9A19103F-16F7-4668-BE54-9A1E7A4F7556}") = "07. Predicate For Names", "07. Predicate For Names\07. Predicate For Names.csproj", "{0D31678E-C777-4DDC-8E4A-D64D69B421BF}"
EndProject
Project("{2150E333-8FDC-42A3-9474-1A3956D46DE8}") = "08. List Of Predicates", "08. List Of Predicates", "{6E2B8F2C-A317-4CC4-963E-DE76582F8FD8}"
EndProject
Project("{9A19103F-16F7-4668-BE54-9A1E7A4F7556}") = "08. List Of Predicates", "08. List Of Predicates\08. List Of Predicates.csproj", "{5A6C566B-9AC3-4443-9632-97B4324430BE}"
EndProject
Project("{2150E333-8FDC-42A3-9474-1A3956D46DE8}") = "09. Predicate Party!", "09. Predicate Party!", "{5D116781-F6DA-40E6-B7DC-3B65AE4B54D5}"
EndProject
Project("{9A19103F-16F7-4668-BE54-9A1E7A4F7556}") = "09. Predicate Party!", "09. Predicate Party!\09. Predicate Party!.csproj", "{F805E609-C160-419F-A6E7-305A1960FDCF}"
EndProject
Project("{2150E333-8FDC-42A3-9474-1A3956D46DE8}") = "10. The Party Reservation Filter Module", "10. The Party Reservation Filter Module", "{55A353A4-D4FE-4CC7-B4DA-3E033514954E}"
EndProject
Project("{9A19103F-16F7-4668-BE54-9A1E7A4F7556}") = "10. The Party Reservation Filter Module", "10. The Party Reservation Filter Module\10. The Party Reservation Filter Module.csproj", "{1F322E8C-874E-4A9E-9446-2BAB3702D14A}"
EndProject
Project("{2150E333-8FDC-42A3-9474-1A3956D46DE8}") = "11. TriFunction", "11. TriFunction", "{C0064491-A695-4FA5-9CF0-504AD2E92F9A}"
EndProject
Project("{9A19103F-16F7-4668-BE54-9A1E7A4F7556}") = "11. TriFunction", "11. TriFunction\11. TriFunction.csproj", "{11BD7403-DF00-4CBB-B20C-E3827F8D3DC8}"
EndProject
Project("{2150E333-8FDC-42A3-9474-1A3956D46DE8}") = "06.Defining Classes - Lab", "06.Defining Classes - Lab", "{D8FE9015-29F5-415B-9EBC-62448BF658C2}"
EndProject
Project("{2150E333-8FDC-42A3-9474-1A3956D46DE8}") = "06.Defining Classes - Exe", "06.Defining Classes - Exe", "{F9B2CF5C-49D7-4476-895F-A11CDD724136}"
EndProject
Project("{2150E333-8FDC-42A3-9474-1A3956D46DE8}") = "01. Car", "01. Car", "{81D17FC8-D980-4F9F-A767-6FE5E3A0DF7C}"
EndProject
Project("{9A19103F-16F7-4668-BE54-9A1E7A4F7556}") = "01. Car", "01. Car\01. Car.csproj", "{9AD25608-5B30-46B9-A153-78CEA526371F}"
EndProject
Project("{2150E333-8FDC-42A3-9474-1A3956D46DE8}") = "02. Car Extension", "02. Car Extension", "{EF0B8D9A-F84E-443A-872B-2B1C858976BA}"
EndProject
Project("{9A19103F-16F7-4668-BE54-9A1E7A4F7556}") = "02. Car Extension", "02. Car Extension\02. Car Extension.csproj", "{CC42C0AC-AD4C-483D-9E06-E29879C0845E}"
EndProject
Project("{2150E333-8FDC-42A3-9474-1A3956D46DE8}") = "03. Car Constructors", "03. Car Constructors", "{0B484944-F98F-4106-97B4-A9F6DD963B34}"
EndProject
Project("{9A19103F-16F7-4668-BE54-9A1E7A4F7556}") = "03. Car Constructors", "03. Car Constructors\03. Car Constructors.csproj", "{3B9C18B4-B344-4B89-810A-63619B556242}"
EndProject
Project("{2150E333-8FDC-42A3-9474-1A3956D46DE8}") = "04. Car Engine And Tires", "04. Car Engine And Tires", "{CD5EFAE6-E2D0-46F8-8999-AFB6504EEB25}"
EndProject
Project("{2150E333-8FDC-42A3-9474-1A3956D46DE8}") = "01. DefiningClasses", "01. DefiningClasses", "{DBEDC154-EFF2-44D5-8036-B6798A55516C}"
EndProject
Project("{9A19103F-16F7-4668-BE54-9A1E7A4F7556}") = "01. DefiningClasses", "01. Define a Class Person\01. DefiningClasses.csproj", "{3723266F-525A-4E64-B310-E1E966CEAB51}"
EndProject
Project("{2150E333-8FDC-42A3-9474-1A3956D46DE8}") = "02. Creating Constructors", "02. Creating Constructors", "{29CC375B-9973-4B7F-8D9B-898A9C052BEE}"
EndProject
Project("{9A19103F-16F7-4668-BE54-9A1E7A4F7556}") = "02. Creating Constructors", "02. Creating Constructors\02. Creating Constructors.csproj", "{6402D64A-493F-451D-AC3A-F9F0D151E58C}"
EndProject
Project("{2150E333-8FDC-42A3-9474-1A3956D46DE8}") = "03. Oldest Family Member", "03. Oldest Family Member", "{5580490A-1820-47DC-A2F1-EE56655CEFF3}"
EndProject
Project("{9A19103F-16F7-4668-BE54-9A1E7A4F7556}") = "03. Oldest Family Member", "03. Oldest Family Member\03. Oldest Family Member.csproj", "{805124A0-4E4B-4124-88B0-5A5F5B852CF9}"
EndProject
Project("{2150E333-8FDC-42A3-9474-1A3956D46DE8}") = "04. Opinion Poll", "04. Opinion Poll", "{72A703F5-4BE5-4BEF-A12A-35F51C75B908}"
EndProject
Project("{9A19103F-16F7-4668-BE54-9A1E7A4F7556}") = "04. Opinion Poll", "04. Opinion Poll\04. Opinion Poll.csproj", "{AEB1DF18-4A05-4924-AAC0-7DB002123DC1}"
EndProject
Project("{2150E333-8FDC-42A3-9474-1A3956D46DE8}") = "05. Date Modifier", "05. Date Modifier", "{479A7FAC-70F0-45F5-9FC8-7381B74495E8}"
EndProject
Project("{9A19103F-16F7-4668-BE54-9A1E7A4F7556}") = "05. Date Modifier", "05. Date Modifier\05. Date Modifier.csproj", "{67C34F38-64F9-4C33-AC5F-567CEC96B39C}"
EndProject
Project("{2150E333-8FDC-42A3-9474-1A3956D46DE8}") = "06. Speed Racing", "06. Speed Racing", "{91AAE4B9-1B8C-47A9-A5F1-7D7EBB21998B}"
EndProject
Project("{9A19103F-16F7-4668-BE54-9A1E7A4F7556}") = "06. Speed Racing", "06. Speed Racing\06. Speed Racing.csproj", "{93D07FE6-28A4-4C22-996A-A6C0DCACC18D}"
EndProject
Project("{2150E333-8FDC-42A3-9474-1A3956D46DE8}") = "07. Raw Data", "07. Raw Data", "{F87EF0AE-876F-43D2-9B9F-B8E162D4C3B8}"
EndProject
Project("{9A19103F-16F7-4668-BE54-9A1E7A4F7556}") = "07. Raw Data", "07. Raw Data\07. Raw Data.csproj", "{ADBCA9AB-5165-4567-822C-EB7842ADA903}"
EndProject
Project("{2150E333-8FDC-42A3-9474-1A3956D46DE8}") = "08. Car Salesman", "08. Car Salesman", "{FE2CA4D9-1104-4B80-8F4B-8C3757781670}"
EndProject
Project("{9A19103F-16F7-4668-BE54-9A1E7A4F7556}") = "08. Car Salesman", "08. Car Salesman\08. Car Salesman.csproj", "{15A52300-88D7-4B8F-8A28-51EC8CBA02BF}"
EndProject
Project("{2150E333-8FDC-42A3-9474-1A3956D46DE8}") = "09. Pokemon Trainer", "09. Pokemon Trainer", "{1FE362D1-AD99-48F7-AE32-852D9A80FF0A}"
EndProject
Project("{9A19103F-16F7-4668-BE54-9A1E7A4F7556}") = "09. Pokemon Trainer", "09. Pokemon Trainer\09. Pokemon Trainer.csproj", "{0D2CB0DD-31CC-4987-B43A-892F460FA20B}"
EndProject
Project("{2150E333-8FDC-42A3-9474-1A3956D46DE8}") = "10. SoftUni Parking", "10. SoftUni Parking", "{1588F0B6-E485-4A22-9223-5B255B764A00}"
EndProject
Project("{9A19103F-16F7-4668-BE54-9A1E7A4F7556}") = "10. SoftUni Parking", "10. SoftUni Parking\10. SoftUni Parking.csproj", "{7D160A58-C69B-4297-9D6D-7D971EFEA41A}"
EndProject
Project("{2150E333-8FDC-42A3-9474-1A3956D46DE8}") = "07.Generics - Lab", "07.Generics - Lab", "{27819572-7AC4-43ED-BB0E-5CC7FC6D5D27}"
EndProject
Project("{2150E333-8FDC-42A3-9474-1A3956D46DE8}") = "01. Box", "01. Box", "{B265043E-BAD6-4137-BE99-A8205007BF9B}"
EndProject
Project("{9A19103F-16F7-4668-BE54-9A1E7A4F7556}") = "01. Box", "01. Box\01. Box.csproj", "{28EBABEC-646E-477A-97FF-C0A201FCDC15}"
EndProject
Project("{2150E333-8FDC-42A3-9474-1A3956D46DE8}") = "02. Array Creator", "02. Array Creator", "{A8CD7543-663D-4332-AA7C-6DC1BB3D725F}"
EndProject
Project("{9A19103F-16F7-4668-BE54-9A1E7A4F7556}") = "02. Array Creator", "02. Array Creator\02. Array Creator.csproj", "{16A5DED4-CBF6-494C-8777-C97E10919676}"
EndProject
Project("{2150E333-8FDC-42A3-9474-1A3956D46DE8}") = "03. Generic Scale", "03. Generic Scale", "{54C1E61F-9717-480B-9665-34E44CE0A69F}"
EndProject
Project("{9A19103F-16F7-4668-BE54-9A1E7A4F7556}") = "03. Generic Scale", "03. Generic Scale\03. Generic Scale.csproj", "{EC267FC6-DB4C-43E3-BBF3-3AE97F1BCA94}"
EndProject
Project("{2150E333-8FDC-42A3-9474-1A3956D46DE8}") = "07.Generics - Exercise", "07.Generics - Exercise", "{4613B316-21DE-474F-BE0D-F308DFE86FA1}"
EndProject
Project("{2150E333-8FDC-42A3-9474-1A3956D46DE8}") = "01. Generic Box of String", "01. Generic Box of String", "{D233F803-E4B7-4049-9BA7-261502FD2C60}"
EndProject
Project("{9A19103F-16F7-4668-BE54-9A1E7A4F7556}") = "01. Generic Box of String", "01. Generic Box of String\01. Generic Box of String.csproj", "{F2471368-01F9-4CE4-AAA1-A224418DEECE}"
EndProject
Project("{2150E333-8FDC-42A3-9474-1A3956D46DE8}") = "02. Generic Box of Integer", "02. Generic Box of Integer", "{DECA5B43-EEFF-40C2-8999-DBB0E8E552D7}"
EndProject
Project("{9A19103F-16F7-4668-BE54-9A1E7A4F7556}") = "02. Generic Box of Integer", "02. Generic Box of Integer\02. Generic Box of Integer.csproj", "{CBADF75A-3A61-4154-9346-C8A697C45D44}"
EndProject
Project("{2150E333-8FDC-42A3-9474-1A3956D46DE8}") = "04. Generic Swap Method Integer", "04. Generic Swap Method Integer", "{6B0CA3BB-4772-4D17-997D-36949E95CC38}"
EndProject
Project("{9A19103F-16F7-4668-BE54-9A1E7A4F7556}") = "04. Generic Swap Method Integer", "04. Generic Swap Method Integer\04. Generic Swap Method Integer.csproj", "{16B38184-8E98-4E1B-BC6B-1514D0F20832}"
EndProject
Project("{2150E333-8FDC-42A3-9474-1A3956D46DE8}") = "05. Generic Count Method String", "05. Generic Count Method String", "{151266D8-6827-49BC-8E1C-A13D09890B62}"
EndProject
Project("{9A19103F-16F7-4668-BE54-9A1E7A4F7556}") = "05. Generic Count Method String", "05. Generic Count Method String\05. Generic Count Method String.csproj", "{22C3AF53-45C6-4AD0-9880-BBBDB71689A5}"
EndProject
Project("{2150E333-8FDC-42A3-9474-1A3956D46DE8}") = "06. Generic Count Method Double", "06. Generic Count Method Double", "{B48C3A0E-5846-4A0C-BADF-0F922C0EFB31}"
EndProject
Project("{9A19103F-16F7-4668-BE54-9A1E7A4F7556}") = "06. Generic Count Method Double", "06. Generic Count Method Double\06. Generic Count Method Double.csproj", "{96E58731-75CB-4263-8830-B245EB4BA097}"
EndProject
Project("{2150E333-8FDC-42A3-9474-1A3956D46DE8}") = "07. Tuple", "07. Tuple", "{FD76DB24-3635-401F-A161-D79CC97C70FF}"
EndProject
Project("{9A19103F-16F7-4668-BE54-9A1E7A4F7556}") = "07. Tuple", "07. Tuple\07. Tuple.csproj", "{C0095E17-1C2D-4BFA-BB3E-4752D247EDF9}"
EndProject
Project("{2150E333-8FDC-42A3-9474-1A3956D46DE8}") = "08. Threeuple", "08. Threeuple", "{415CF43D-BF93-4B83-A9A9-36FB74E66AD6}"
EndProject
Project("{9A19103F-16F7-4668-BE54-9A1E7A4F7556}") = "08. Threeuple", "08. Threeuple\08. Threeuple.csproj", "{8E5E43EE-C28D-4DE7-A57F-3FAAA7A58740}"
EndProject
Project("{2150E333-8FDC-42A3-9474-1A3956D46DE8}") = "09. Custom Linked List", "09. Custom Linked List", "{793E63CF-7D6B-417E-A354-B24A453FD42E}"
EndProject
Project("{9A19103F-16F7-4668-BE54-9A1E7A4F7556}") = "09. Custom Linked List", "09. Custom Linked List\09. Custom Linked List.csproj", "{58DB2FA4-1122-4674-AC99-77B2B214A95A}"
EndProject
Project("{2150E333-8FDC-42A3-9474-1A3956D46DE8}") = "C Advanced Retake Exam - 14 April 2021", "C Advanced Retake Exam - 14 April 2021", "{9B040285-FBA3-4107-A60C-849DC9207CB2}"
EndProject
Project("{2150E333-8FDC-42A3-9474-1A3956D46DE8}") = "Exams", "Exams", "{D5537489-9A1E-4CD1-A35C-87E218A1858D}"
EndProject
Project("{2150E333-8FDC-42A3-9474-1A3956D46DE8}") = "01.Warm Winter", "01.Warm Winter", "{DFA0C6D5-6A98-4623-9D84-5A161135B045}"
EndProject
Project("{9A19103F-16F7-4668-BE54-9A1E7A4F7556}") = "01.Warm Winter", "01.Warm Winter\01.Warm Winter.csproj", "{1B02AB9B-BF64-4754-8184-0385B0D1786F}"
EndProject
Project("{2150E333-8FDC-42A3-9474-1A3956D46DE8}") = "02.Super Mario", "02.Super Mario", "{8C84D2E1-81B2-4FED-95B4-51F4CAF61358}"
EndProject
Project("{9A19103F-16F7-4668-BE54-9A1E7A4F7556}") = "02.Super Mario", "02.Super Mario\02.Super Mario.csproj", "{E6B88CF6-2725-4BB0-B62D-A85B81AD1361}"
EndProject
Project("{2150E333-8FDC-42A3-9474-1A3956D46DE8}") = "03. Cocktail Party", "03. Cocktail Party", "{5A0B2688-EF0B-4AAF-A451-9DF7ABD2B4B5}"
EndProject
Project("{FAE04EC0-301F-11D3-BF4B-00C04F79EFBC}") = "03. Cocktail Party", "03. Cocktail Party\03. Cocktail Party.csproj", "{BA23B0E6-A5EB-44B5-8416-F9E435D4E481}"
EndProject
Project("{2150E333-8FDC-42A3-9474-1A3956D46DE8}") = "05. Special Cars", "05. Special Cars", "{A66C14DA-A285-4021-9611-791206C94133}"
EndProject
Project("{FAE04EC0-301F-11D3-BF4B-00C04F79EFBC}") = "05.Special Cars", "05.Special Cars\05.Special Cars.csproj", "{D7711CAB-C43A-47BE-8F38-2D48530D8EFC}"
EndProject
Project("{2150E333-8FDC-42A3-9474-1A3956D46DE8}") = "C Advanced Exam 20.02.2021", "C Advanced Exam 20.02.2021", "{11253ECB-5F03-47F9-8A3A-0A91C1DB5681}"
EndProject
Project("{2150E333-8FDC-42A3-9474-1A3956D46DE8}") = "01.TheFightForGondor", "01.TheFightForGondor", "{610E05AF-817A-4C8D-B992-3934DC48E4BC}"
EndProject
Project("{FAE04EC0-301F-11D3-BF4B-00C04F79EFBC}") = "01.TheFightForGondor", "01.TheFightForGondor\01.TheFightForGondor.csproj", "{CBA36697-CCE0-413A-875D-90C2BACDA7DE}"
EndProject
Project("{FAE04EC0-301F-11D3-BF4B-00C04F79EFBC}") = "02.CreatingConstructors", "02.CreatingConstructors\02.CreatingConstructors.csproj", "{D15822A9-15DF-4A75-B1B2-802CC7C95E09}"
EndProject
Global
	GlobalSection(SolutionConfigurationPlatforms) = preSolution
		Debug|Any CPU = Debug|Any CPU
		Release|Any CPU = Release|Any CPU
	EndGlobalSection
	GlobalSection(ProjectConfigurationPlatforms) = postSolution
		{E9FC5B08-7C11-4FC6-A7BF-8FA9311D7D5D}.Debug|Any CPU.ActiveCfg = Debug|Any CPU
		{E9FC5B08-7C11-4FC6-A7BF-8FA9311D7D5D}.Debug|Any CPU.Build.0 = Debug|Any CPU
		{E9FC5B08-7C11-4FC6-A7BF-8FA9311D7D5D}.Release|Any CPU.ActiveCfg = Release|Any CPU
		{E9FC5B08-7C11-4FC6-A7BF-8FA9311D7D5D}.Release|Any CPU.Build.0 = Release|Any CPU
		{1C0C87A9-97BD-43E8-9A20-A3CF021D86F0}.Debug|Any CPU.ActiveCfg = Debug|Any CPU
		{1C0C87A9-97BD-43E8-9A20-A3CF021D86F0}.Debug|Any CPU.Build.0 = Debug|Any CPU
		{1C0C87A9-97BD-43E8-9A20-A3CF021D86F0}.Release|Any CPU.ActiveCfg = Release|Any CPU
		{1C0C87A9-97BD-43E8-9A20-A3CF021D86F0}.Release|Any CPU.Build.0 = Release|Any CPU
		{F97B8F6F-B717-498A-9753-0813289D47E0}.Debug|Any CPU.ActiveCfg = Debug|Any CPU
		{F97B8F6F-B717-498A-9753-0813289D47E0}.Debug|Any CPU.Build.0 = Debug|Any CPU
		{F97B8F6F-B717-498A-9753-0813289D47E0}.Release|Any CPU.ActiveCfg = Release|Any CPU
		{F97B8F6F-B717-498A-9753-0813289D47E0}.Release|Any CPU.Build.0 = Release|Any CPU
		{6A4F122A-D3AD-4BA3-8854-AC5268ECCC69}.Debug|Any CPU.ActiveCfg = Debug|Any CPU
		{6A4F122A-D3AD-4BA3-8854-AC5268ECCC69}.Debug|Any CPU.Build.0 = Debug|Any CPU
		{6A4F122A-D3AD-4BA3-8854-AC5268ECCC69}.Release|Any CPU.ActiveCfg = Release|Any CPU
		{6A4F122A-D3AD-4BA3-8854-AC5268ECCC69}.Release|Any CPU.Build.0 = Release|Any CPU
		{E59A2D24-FEA2-4B0E-862B-2BFD78D113D4}.Debug|Any CPU.ActiveCfg = Debug|Any CPU
		{E59A2D24-FEA2-4B0E-862B-2BFD78D113D4}.Debug|Any CPU.Build.0 = Debug|Any CPU
		{E59A2D24-FEA2-4B0E-862B-2BFD78D113D4}.Release|Any CPU.ActiveCfg = Release|Any CPU
		{E59A2D24-FEA2-4B0E-862B-2BFD78D113D4}.Release|Any CPU.Build.0 = Release|Any CPU
		{3D7D0B52-B8E5-4124-9F71-1E6272585646}.Debug|Any CPU.ActiveCfg = Debug|Any CPU
		{3D7D0B52-B8E5-4124-9F71-1E6272585646}.Debug|Any CPU.Build.0 = Debug|Any CPU
		{3D7D0B52-B8E5-4124-9F71-1E6272585646}.Release|Any CPU.ActiveCfg = Release|Any CPU
		{3D7D0B52-B8E5-4124-9F71-1E6272585646}.Release|Any CPU.Build.0 = Release|Any CPU
		{2CFF0A81-3A67-4A07-9FFA-39BF4273D59C}.Debug|Any CPU.ActiveCfg = Debug|Any CPU
		{2CFF0A81-3A67-4A07-9FFA-39BF4273D59C}.Debug|Any CPU.Build.0 = Debug|Any CPU
		{2CFF0A81-3A67-4A07-9FFA-39BF4273D59C}.Release|Any CPU.ActiveCfg = Release|Any CPU
		{2CFF0A81-3A67-4A07-9FFA-39BF4273D59C}.Release|Any CPU.Build.0 = Release|Any CPU
		{40016A75-3E33-4C36-A728-2E3009F81A5B}.Debug|Any CPU.ActiveCfg = Debug|Any CPU
		{40016A75-3E33-4C36-A728-2E3009F81A5B}.Debug|Any CPU.Build.0 = Debug|Any CPU
		{40016A75-3E33-4C36-A728-2E3009F81A5B}.Release|Any CPU.ActiveCfg = Release|Any CPU
		{40016A75-3E33-4C36-A728-2E3009F81A5B}.Release|Any CPU.Build.0 = Release|Any CPU
		{28A511DA-994C-4105-99C6-22EA353094B4}.Debug|Any CPU.ActiveCfg = Debug|Any CPU
		{28A511DA-994C-4105-99C6-22EA353094B4}.Debug|Any CPU.Build.0 = Debug|Any CPU
		{28A511DA-994C-4105-99C6-22EA353094B4}.Release|Any CPU.ActiveCfg = Release|Any CPU
		{28A511DA-994C-4105-99C6-22EA353094B4}.Release|Any CPU.Build.0 = Release|Any CPU
		{27375829-AE60-4359-B37F-D66E9A7164FD}.Debug|Any CPU.ActiveCfg = Debug|Any CPU
		{27375829-AE60-4359-B37F-D66E9A7164FD}.Debug|Any CPU.Build.0 = Debug|Any CPU
		{27375829-AE60-4359-B37F-D66E9A7164FD}.Release|Any CPU.ActiveCfg = Release|Any CPU
		{27375829-AE60-4359-B37F-D66E9A7164FD}.Release|Any CPU.Build.0 = Release|Any CPU
		{4E0A5DC8-D932-4164-B5CC-F140C898464E}.Debug|Any CPU.ActiveCfg = Debug|Any CPU
		{4E0A5DC8-D932-4164-B5CC-F140C898464E}.Debug|Any CPU.Build.0 = Debug|Any CPU
		{4E0A5DC8-D932-4164-B5CC-F140C898464E}.Release|Any CPU.ActiveCfg = Release|Any CPU
		{4E0A5DC8-D932-4164-B5CC-F140C898464E}.Release|Any CPU.Build.0 = Release|Any CPU
		{CE47CB49-620F-4487-B7E3-E4A56411EA53}.Debug|Any CPU.ActiveCfg = Debug|Any CPU
		{CE47CB49-620F-4487-B7E3-E4A56411EA53}.Debug|Any CPU.Build.0 = Debug|Any CPU
		{CE47CB49-620F-4487-B7E3-E4A56411EA53}.Release|Any CPU.ActiveCfg = Release|Any CPU
		{CE47CB49-620F-4487-B7E3-E4A56411EA53}.Release|Any CPU.Build.0 = Release|Any CPU
		{D72CCC4C-94DF-46AF-B777-B33EC3CF876A}.Debug|Any CPU.ActiveCfg = Debug|Any CPU
		{D72CCC4C-94DF-46AF-B777-B33EC3CF876A}.Debug|Any CPU.Build.0 = Debug|Any CPU
		{D72CCC4C-94DF-46AF-B777-B33EC3CF876A}.Release|Any CPU.ActiveCfg = Release|Any CPU
		{D72CCC4C-94DF-46AF-B777-B33EC3CF876A}.Release|Any CPU.Build.0 = Release|Any CPU
		{428EB8AE-20DD-4DE2-A99B-BE45CA784BED}.Debug|Any CPU.ActiveCfg = Debug|Any CPU
		{428EB8AE-20DD-4DE2-A99B-BE45CA784BED}.Debug|Any CPU.Build.0 = Debug|Any CPU
		{428EB8AE-20DD-4DE2-A99B-BE45CA784BED}.Release|Any CPU.ActiveCfg = Release|Any CPU
		{428EB8AE-20DD-4DE2-A99B-BE45CA784BED}.Release|Any CPU.Build.0 = Release|Any CPU
		{D645B333-2EA1-421C-B9F0-E4D88E409F6E}.Debug|Any CPU.ActiveCfg = Debug|Any CPU
		{D645B333-2EA1-421C-B9F0-E4D88E409F6E}.Debug|Any CPU.Build.0 = Debug|Any CPU
		{D645B333-2EA1-421C-B9F0-E4D88E409F6E}.Release|Any CPU.ActiveCfg = Release|Any CPU
		{D645B333-2EA1-421C-B9F0-E4D88E409F6E}.Release|Any CPU.Build.0 = Release|Any CPU
		{0AF084CD-991A-4822-A4CB-FB048797DA8F}.Debug|Any CPU.ActiveCfg = Debug|Any CPU
		{0AF084CD-991A-4822-A4CB-FB048797DA8F}.Debug|Any CPU.Build.0 = Debug|Any CPU
		{0AF084CD-991A-4822-A4CB-FB048797DA8F}.Release|Any CPU.ActiveCfg = Release|Any CPU
		{0AF084CD-991A-4822-A4CB-FB048797DA8F}.Release|Any CPU.Build.0 = Release|Any CPU
		{2585C53A-B515-4614-9825-407CAE514BF9}.Debug|Any CPU.ActiveCfg = Debug|Any CPU
		{2585C53A-B515-4614-9825-407CAE514BF9}.Debug|Any CPU.Build.0 = Debug|Any CPU
		{2585C53A-B515-4614-9825-407CAE514BF9}.Release|Any CPU.ActiveCfg = Release|Any CPU
		{2585C53A-B515-4614-9825-407CAE514BF9}.Release|Any CPU.Build.0 = Release|Any CPU
		{5C231EBB-81C0-46A7-B933-F7B6D41A1433}.Debug|Any CPU.ActiveCfg = Debug|Any CPU
		{5C231EBB-81C0-46A7-B933-F7B6D41A1433}.Debug|Any CPU.Build.0 = Debug|Any CPU
		{5C231EBB-81C0-46A7-B933-F7B6D41A1433}.Release|Any CPU.ActiveCfg = Release|Any CPU
		{5C231EBB-81C0-46A7-B933-F7B6D41A1433}.Release|Any CPU.Build.0 = Release|Any CPU
		{E5EE33D8-A676-4F4B-BF52-4F663A7970BD}.Debug|Any CPU.ActiveCfg = Debug|Any CPU
		{E5EE33D8-A676-4F4B-BF52-4F663A7970BD}.Debug|Any CPU.Build.0 = Debug|Any CPU
		{E5EE33D8-A676-4F4B-BF52-4F663A7970BD}.Release|Any CPU.ActiveCfg = Release|Any CPU
		{E5EE33D8-A676-4F4B-BF52-4F663A7970BD}.Release|Any CPU.Build.0 = Release|Any CPU
		{98C7320B-58A8-4F82-8309-B8C6D783FD44}.Debug|Any CPU.ActiveCfg = Debug|Any CPU
		{98C7320B-58A8-4F82-8309-B8C6D783FD44}.Debug|Any CPU.Build.0 = Debug|Any CPU
		{98C7320B-58A8-4F82-8309-B8C6D783FD44}.Release|Any CPU.ActiveCfg = Release|Any CPU
		{98C7320B-58A8-4F82-8309-B8C6D783FD44}.Release|Any CPU.Build.0 = Release|Any CPU
		{B962613D-ABF4-4411-AABD-CA10672A666F}.Debug|Any CPU.ActiveCfg = Debug|Any CPU
		{B962613D-ABF4-4411-AABD-CA10672A666F}.Debug|Any CPU.Build.0 = Debug|Any CPU
		{B962613D-ABF4-4411-AABD-CA10672A666F}.Release|Any CPU.ActiveCfg = Release|Any CPU
		{B962613D-ABF4-4411-AABD-CA10672A666F}.Release|Any CPU.Build.0 = Release|Any CPU
		{E1F241A9-72BF-437B-9800-29EFCB177699}.Debug|Any CPU.ActiveCfg = Debug|Any CPU
		{E1F241A9-72BF-437B-9800-29EFCB177699}.Debug|Any CPU.Build.0 = Debug|Any CPU
		{E1F241A9-72BF-437B-9800-29EFCB177699}.Release|Any CPU.ActiveCfg = Release|Any CPU
		{E1F241A9-72BF-437B-9800-29EFCB177699}.Release|Any CPU.Build.0 = Release|Any CPU
		{DF83893B-93AC-4773-BCA1-EA31CDA14A30}.Debug|Any CPU.ActiveCfg = Debug|Any CPU
		{DF83893B-93AC-4773-BCA1-EA31CDA14A30}.Debug|Any CPU.Build.0 = Debug|Any CPU
		{DF83893B-93AC-4773-BCA1-EA31CDA14A30}.Release|Any CPU.ActiveCfg = Release|Any CPU
		{DF83893B-93AC-4773-BCA1-EA31CDA14A30}.Release|Any CPU.Build.0 = Release|Any CPU
		{13207D8A-5E5D-4CAB-B450-6075A0EE492B}.Debug|Any CPU.ActiveCfg = Debug|Any CPU
		{13207D8A-5E5D-4CAB-B450-6075A0EE492B}.Debug|Any CPU.Build.0 = Debug|Any CPU
		{13207D8A-5E5D-4CAB-B450-6075A0EE492B}.Release|Any CPU.ActiveCfg = Release|Any CPU
		{13207D8A-5E5D-4CAB-B450-6075A0EE492B}.Release|Any CPU.Build.0 = Release|Any CPU
		{BE020742-8805-468A-AAD8-77FD93A71F32}.Debug|Any CPU.ActiveCfg = Debug|Any CPU
		{BE020742-8805-468A-AAD8-77FD93A71F32}.Debug|Any CPU.Build.0 = Debug|Any CPU
		{BE020742-8805-468A-AAD8-77FD93A71F32}.Release|Any CPU.ActiveCfg = Release|Any CPU
		{BE020742-8805-468A-AAD8-77FD93A71F32}.Release|Any CPU.Build.0 = Release|Any CPU
		{DDD86771-40FF-47D8-A808-F71A52DB5FCD}.Debug|Any CPU.ActiveCfg = Debug|Any CPU
		{DDD86771-40FF-47D8-A808-F71A52DB5FCD}.Debug|Any CPU.Build.0 = Debug|Any CPU
		{DDD86771-40FF-47D8-A808-F71A52DB5FCD}.Release|Any CPU.ActiveCfg = Release|Any CPU
		{DDD86771-40FF-47D8-A808-F71A52DB5FCD}.Release|Any CPU.Build.0 = Release|Any CPU
		{27C144A6-2F11-47C2-B7A8-3F99F0633807}.Debug|Any CPU.ActiveCfg = Debug|Any CPU
		{27C144A6-2F11-47C2-B7A8-3F99F0633807}.Debug|Any CPU.Build.0 = Debug|Any CPU
		{27C144A6-2F11-47C2-B7A8-3F99F0633807}.Release|Any CPU.ActiveCfg = Release|Any CPU
		{27C144A6-2F11-47C2-B7A8-3F99F0633807}.Release|Any CPU.Build.0 = Release|Any CPU
		{07E59566-618E-49BB-ACD4-8B9C5A45FF13}.Debug|Any CPU.ActiveCfg = Debug|Any CPU
		{07E59566-618E-49BB-ACD4-8B9C5A45FF13}.Debug|Any CPU.Build.0 = Debug|Any CPU
		{07E59566-618E-49BB-ACD4-8B9C5A45FF13}.Release|Any CPU.ActiveCfg = Release|Any CPU
		{07E59566-618E-49BB-ACD4-8B9C5A45FF13}.Release|Any CPU.Build.0 = Release|Any CPU
		{06563959-91C4-46F4-93DC-2BC7101855A5}.Debug|Any CPU.ActiveCfg = Debug|Any CPU
		{06563959-91C4-46F4-93DC-2BC7101855A5}.Debug|Any CPU.Build.0 = Debug|Any CPU
		{06563959-91C4-46F4-93DC-2BC7101855A5}.Release|Any CPU.ActiveCfg = Release|Any CPU
		{06563959-91C4-46F4-93DC-2BC7101855A5}.Release|Any CPU.Build.0 = Release|Any CPU
		{ED5935A7-B906-4E22-9506-1504E811689D}.Debug|Any CPU.ActiveCfg = Debug|Any CPU
		{ED5935A7-B906-4E22-9506-1504E811689D}.Debug|Any CPU.Build.0 = Debug|Any CPU
		{ED5935A7-B906-4E22-9506-1504E811689D}.Release|Any CPU.ActiveCfg = Release|Any CPU
		{ED5935A7-B906-4E22-9506-1504E811689D}.Release|Any CPU.Build.0 = Release|Any CPU
		{8461F31E-1201-4EB6-A8DE-EE3E6E073753}.Debug|Any CPU.ActiveCfg = Debug|Any CPU
		{8461F31E-1201-4EB6-A8DE-EE3E6E073753}.Debug|Any CPU.Build.0 = Debug|Any CPU
		{8461F31E-1201-4EB6-A8DE-EE3E6E073753}.Release|Any CPU.ActiveCfg = Release|Any CPU
		{8461F31E-1201-4EB6-A8DE-EE3E6E073753}.Release|Any CPU.Build.0 = Release|Any CPU
		{26699451-17DB-4C53-837C-2E0043122CD5}.Debug|Any CPU.ActiveCfg = Debug|Any CPU
		{26699451-17DB-4C53-837C-2E0043122CD5}.Debug|Any CPU.Build.0 = Debug|Any CPU
		{26699451-17DB-4C53-837C-2E0043122CD5}.Release|Any CPU.ActiveCfg = Release|Any CPU
		{26699451-17DB-4C53-837C-2E0043122CD5}.Release|Any CPU.Build.0 = Release|Any CPU
		{977C6690-0761-45F8-B135-9ACCA2D9F5BF}.Debug|Any CPU.ActiveCfg = Debug|Any CPU
		{977C6690-0761-45F8-B135-9ACCA2D9F5BF}.Debug|Any CPU.Build.0 = Debug|Any CPU
		{977C6690-0761-45F8-B135-9ACCA2D9F5BF}.Release|Any CPU.ActiveCfg = Release|Any CPU
		{977C6690-0761-45F8-B135-9ACCA2D9F5BF}.Release|Any CPU.Build.0 = Release|Any CPU
		{6BEFE4A5-6BE0-49BE-AA0B-64391E08185A}.Debug|Any CPU.ActiveCfg = Debug|Any CPU
		{6BEFE4A5-6BE0-49BE-AA0B-64391E08185A}.Debug|Any CPU.Build.0 = Debug|Any CPU
		{6BEFE4A5-6BE0-49BE-AA0B-64391E08185A}.Release|Any CPU.ActiveCfg = Release|Any CPU
		{6BEFE4A5-6BE0-49BE-AA0B-64391E08185A}.Release|Any CPU.Build.0 = Release|Any CPU
		{AC76ACDA-9350-4DE9-90A4-6ADF864F8039}.Debug|Any CPU.ActiveCfg = Debug|Any CPU
		{AC76ACDA-9350-4DE9-90A4-6ADF864F8039}.Debug|Any CPU.Build.0 = Debug|Any CPU
		{AC76ACDA-9350-4DE9-90A4-6ADF864F8039}.Release|Any CPU.ActiveCfg = Release|Any CPU
		{AC76ACDA-9350-4DE9-90A4-6ADF864F8039}.Release|Any CPU.Build.0 = Release|Any CPU
		{D64F9CBE-6669-439B-98DB-3ED43131E948}.Debug|Any CPU.ActiveCfg = Debug|Any CPU
		{D64F9CBE-6669-439B-98DB-3ED43131E948}.Debug|Any CPU.Build.0 = Debug|Any CPU
		{D64F9CBE-6669-439B-98DB-3ED43131E948}.Release|Any CPU.ActiveCfg = Release|Any CPU
		{D64F9CBE-6669-439B-98DB-3ED43131E948}.Release|Any CPU.Build.0 = Release|Any CPU
		{3A61EAA9-F7C5-4E3B-9E46-50D668DFFAA8}.Debug|Any CPU.ActiveCfg = Debug|Any CPU
		{3A61EAA9-F7C5-4E3B-9E46-50D668DFFAA8}.Debug|Any CPU.Build.0 = Debug|Any CPU
		{3A61EAA9-F7C5-4E3B-9E46-50D668DFFAA8}.Release|Any CPU.ActiveCfg = Release|Any CPU
		{3A61EAA9-F7C5-4E3B-9E46-50D668DFFAA8}.Release|Any CPU.Build.0 = Release|Any CPU
		{76421A40-C6DB-4AA7-9B5F-CC74C9BEE147}.Debug|Any CPU.ActiveCfg = Debug|Any CPU
		{76421A40-C6DB-4AA7-9B5F-CC74C9BEE147}.Debug|Any CPU.Build.0 = Debug|Any CPU
		{76421A40-C6DB-4AA7-9B5F-CC74C9BEE147}.Release|Any CPU.ActiveCfg = Release|Any CPU
		{76421A40-C6DB-4AA7-9B5F-CC74C9BEE147}.Release|Any CPU.Build.0 = Release|Any CPU
		{348DB6FA-FB6B-48CF-9725-93BF8714BE32}.Debug|Any CPU.ActiveCfg = Debug|Any CPU
		{348DB6FA-FB6B-48CF-9725-93BF8714BE32}.Debug|Any CPU.Build.0 = Debug|Any CPU
		{348DB6FA-FB6B-48CF-9725-93BF8714BE32}.Release|Any CPU.ActiveCfg = Release|Any CPU
		{348DB6FA-FB6B-48CF-9725-93BF8714BE32}.Release|Any CPU.Build.0 = Release|Any CPU
		{36F8777F-BEE7-431B-B053-ECD9BC0DBF54}.Debug|Any CPU.ActiveCfg = Debug|Any CPU
		{36F8777F-BEE7-431B-B053-ECD9BC0DBF54}.Debug|Any CPU.Build.0 = Debug|Any CPU
		{36F8777F-BEE7-431B-B053-ECD9BC0DBF54}.Release|Any CPU.ActiveCfg = Release|Any CPU
		{36F8777F-BEE7-431B-B053-ECD9BC0DBF54}.Release|Any CPU.Build.0 = Release|Any CPU
		{671ED949-B1BD-4B5B-B122-FDCDC378AE09}.Debug|Any CPU.ActiveCfg = Debug|Any CPU
		{671ED949-B1BD-4B5B-B122-FDCDC378AE09}.Debug|Any CPU.Build.0 = Debug|Any CPU
		{671ED949-B1BD-4B5B-B122-FDCDC378AE09}.Release|Any CPU.ActiveCfg = Release|Any CPU
		{671ED949-B1BD-4B5B-B122-FDCDC378AE09}.Release|Any CPU.Build.0 = Release|Any CPU
		{39DE1B50-93A4-4A0A-99C2-0539BC106C53}.Debug|Any CPU.ActiveCfg = Debug|Any CPU
		{39DE1B50-93A4-4A0A-99C2-0539BC106C53}.Debug|Any CPU.Build.0 = Debug|Any CPU
		{39DE1B50-93A4-4A0A-99C2-0539BC106C53}.Release|Any CPU.ActiveCfg = Release|Any CPU
		{39DE1B50-93A4-4A0A-99C2-0539BC106C53}.Release|Any CPU.Build.0 = Release|Any CPU
		{848BD609-763C-4997-A934-F46F04EB9887}.Debug|Any CPU.ActiveCfg = Debug|Any CPU
		{848BD609-763C-4997-A934-F46F04EB9887}.Debug|Any CPU.Build.0 = Debug|Any CPU
		{848BD609-763C-4997-A934-F46F04EB9887}.Release|Any CPU.ActiveCfg = Release|Any CPU
		{848BD609-763C-4997-A934-F46F04EB9887}.Release|Any CPU.Build.0 = Release|Any CPU
		{62969F11-6403-4C2A-89F0-2831B8E691EA}.Debug|Any CPU.ActiveCfg = Debug|Any CPU
		{62969F11-6403-4C2A-89F0-2831B8E691EA}.Debug|Any CPU.Build.0 = Debug|Any CPU
		{62969F11-6403-4C2A-89F0-2831B8E691EA}.Release|Any CPU.ActiveCfg = Release|Any CPU
		{62969F11-6403-4C2A-89F0-2831B8E691EA}.Release|Any CPU.Build.0 = Release|Any CPU
		{9E8DDF27-3363-4BEA-A65B-EEA0043AD07E}.Debug|Any CPU.ActiveCfg = Debug|Any CPU
		{9E8DDF27-3363-4BEA-A65B-EEA0043AD07E}.Debug|Any CPU.Build.0 = Debug|Any CPU
		{9E8DDF27-3363-4BEA-A65B-EEA0043AD07E}.Release|Any CPU.ActiveCfg = Release|Any CPU
		{9E8DDF27-3363-4BEA-A65B-EEA0043AD07E}.Release|Any CPU.Build.0 = Release|Any CPU
		{DBB87BF8-4AAC-4687-B58D-1ABA518C3198}.Debug|Any CPU.ActiveCfg = Debug|Any CPU
		{DBB87BF8-4AAC-4687-B58D-1ABA518C3198}.Debug|Any CPU.Build.0 = Debug|Any CPU
		{DBB87BF8-4AAC-4687-B58D-1ABA518C3198}.Release|Any CPU.ActiveCfg = Release|Any CPU
		{DBB87BF8-4AAC-4687-B58D-1ABA518C3198}.Release|Any CPU.Build.0 = Release|Any CPU
		{A24D866E-2B4C-42D3-8CE4-B220F2A02F2B}.Debug|Any CPU.ActiveCfg = Debug|Any CPU
		{A24D866E-2B4C-42D3-8CE4-B220F2A02F2B}.Debug|Any CPU.Build.0 = Debug|Any CPU
		{A24D866E-2B4C-42D3-8CE4-B220F2A02F2B}.Release|Any CPU.ActiveCfg = Release|Any CPU
		{A24D866E-2B4C-42D3-8CE4-B220F2A02F2B}.Release|Any CPU.Build.0 = Release|Any CPU
		{825743D2-2DD4-478C-900A-A4FFDEC5FCB8}.Debug|Any CPU.ActiveCfg = Debug|Any CPU
		{825743D2-2DD4-478C-900A-A4FFDEC5FCB8}.Debug|Any CPU.Build.0 = Debug|Any CPU
		{825743D2-2DD4-478C-900A-A4FFDEC5FCB8}.Release|Any CPU.ActiveCfg = Release|Any CPU
		{825743D2-2DD4-478C-900A-A4FFDEC5FCB8}.Release|Any CPU.Build.0 = Release|Any CPU
		{D5254B50-C5EE-43D2-AB35-9D321BC99443}.Debug|Any CPU.ActiveCfg = Debug|Any CPU
		{D5254B50-C5EE-43D2-AB35-9D321BC99443}.Debug|Any CPU.Build.0 = Debug|Any CPU
		{D5254B50-C5EE-43D2-AB35-9D321BC99443}.Release|Any CPU.ActiveCfg = Release|Any CPU
		{D5254B50-C5EE-43D2-AB35-9D321BC99443}.Release|Any CPU.Build.0 = Release|Any CPU
		{FB1DC47B-E184-48D1-AA8F-6E2C2A2AA9A7}.Debug|Any CPU.ActiveCfg = Debug|Any CPU
		{FB1DC47B-E184-48D1-AA8F-6E2C2A2AA9A7}.Debug|Any CPU.Build.0 = Debug|Any CPU
		{FB1DC47B-E184-48D1-AA8F-6E2C2A2AA9A7}.Release|Any CPU.ActiveCfg = Release|Any CPU
		{FB1DC47B-E184-48D1-AA8F-6E2C2A2AA9A7}.Release|Any CPU.Build.0 = Release|Any CPU
		{3426674E-4713-4CB8-B897-1045BCDE2E82}.Debug|Any CPU.ActiveCfg = Debug|Any CPU
		{3426674E-4713-4CB8-B897-1045BCDE2E82}.Debug|Any CPU.Build.0 = Debug|Any CPU
		{3426674E-4713-4CB8-B897-1045BCDE2E82}.Release|Any CPU.ActiveCfg = Release|Any CPU
		{3426674E-4713-4CB8-B897-1045BCDE2E82}.Release|Any CPU.Build.0 = Release|Any CPU
		{5DD9AC13-C2A4-491F-B60F-E8F8F94B5E14}.Debug|Any CPU.ActiveCfg = Debug|Any CPU
		{5DD9AC13-C2A4-491F-B60F-E8F8F94B5E14}.Debug|Any CPU.Build.0 = Debug|Any CPU
		{5DD9AC13-C2A4-491F-B60F-E8F8F94B5E14}.Release|Any CPU.ActiveCfg = Release|Any CPU
		{5DD9AC13-C2A4-491F-B60F-E8F8F94B5E14}.Release|Any CPU.Build.0 = Release|Any CPU
		{C748BD43-5526-475E-A759-A9502005B24B}.Debug|Any CPU.ActiveCfg = Debug|Any CPU
		{C748BD43-5526-475E-A759-A9502005B24B}.Debug|Any CPU.Build.0 = Debug|Any CPU
		{C748BD43-5526-475E-A759-A9502005B24B}.Release|Any CPU.ActiveCfg = Release|Any CPU
		{C748BD43-5526-475E-A759-A9502005B24B}.Release|Any CPU.Build.0 = Release|Any CPU
		{1453B519-A35D-4825-A15F-4554775D5E99}.Debug|Any CPU.ActiveCfg = Debug|Any CPU
		{1453B519-A35D-4825-A15F-4554775D5E99}.Debug|Any CPU.Build.0 = Debug|Any CPU
		{1453B519-A35D-4825-A15F-4554775D5E99}.Release|Any CPU.ActiveCfg = Release|Any CPU
		{1453B519-A35D-4825-A15F-4554775D5E99}.Release|Any CPU.Build.0 = Release|Any CPU
		{97225A94-AF09-4278-A084-FF0E35BDF02E}.Debug|Any CPU.ActiveCfg = Debug|Any CPU
		{97225A94-AF09-4278-A084-FF0E35BDF02E}.Debug|Any CPU.Build.0 = Debug|Any CPU
		{97225A94-AF09-4278-A084-FF0E35BDF02E}.Release|Any CPU.ActiveCfg = Release|Any CPU
		{97225A94-AF09-4278-A084-FF0E35BDF02E}.Release|Any CPU.Build.0 = Release|Any CPU
		{6E0DCCFC-1568-494A-B4F6-4B7522A5668C}.Debug|Any CPU.ActiveCfg = Debug|Any CPU
		{6E0DCCFC-1568-494A-B4F6-4B7522A5668C}.Debug|Any CPU.Build.0 = Debug|Any CPU
		{6E0DCCFC-1568-494A-B4F6-4B7522A5668C}.Release|Any CPU.ActiveCfg = Release|Any CPU
		{6E0DCCFC-1568-494A-B4F6-4B7522A5668C}.Release|Any CPU.Build.0 = Release|Any CPU
		{E05BC5D3-BD3D-40FF-87F3-721D8F3DEE61}.Debug|Any CPU.ActiveCfg = Debug|Any CPU
		{E05BC5D3-BD3D-40FF-87F3-721D8F3DEE61}.Debug|Any CPU.Build.0 = Debug|Any CPU
		{E05BC5D3-BD3D-40FF-87F3-721D8F3DEE61}.Release|Any CPU.ActiveCfg = Release|Any CPU
		{E05BC5D3-BD3D-40FF-87F3-721D8F3DEE61}.Release|Any CPU.Build.0 = Release|Any CPU
		{E74C408A-E39F-40C9-9AA2-A277FD68BC23}.Debug|Any CPU.ActiveCfg = Debug|Any CPU
		{E74C408A-E39F-40C9-9AA2-A277FD68BC23}.Debug|Any CPU.Build.0 = Debug|Any CPU
		{E74C408A-E39F-40C9-9AA2-A277FD68BC23}.Release|Any CPU.ActiveCfg = Release|Any CPU
		{E74C408A-E39F-40C9-9AA2-A277FD68BC23}.Release|Any CPU.Build.0 = Release|Any CPU
		{00C3E9D9-2B03-4E2E-9BF3-DB34CC4CBA93}.Debug|Any CPU.ActiveCfg = Debug|Any CPU
		{00C3E9D9-2B03-4E2E-9BF3-DB34CC4CBA93}.Debug|Any CPU.Build.0 = Debug|Any CPU
		{00C3E9D9-2B03-4E2E-9BF3-DB34CC4CBA93}.Release|Any CPU.ActiveCfg = Release|Any CPU
		{00C3E9D9-2B03-4E2E-9BF3-DB34CC4CBA93}.Release|Any CPU.Build.0 = Release|Any CPU
		{DB1E1809-CA06-4CED-B82A-B3F8ED226A93}.Debug|Any CPU.ActiveCfg = Debug|Any CPU
		{DB1E1809-CA06-4CED-B82A-B3F8ED226A93}.Debug|Any CPU.Build.0 = Debug|Any CPU
		{DB1E1809-CA06-4CED-B82A-B3F8ED226A93}.Release|Any CPU.ActiveCfg = Release|Any CPU
		{DB1E1809-CA06-4CED-B82A-B3F8ED226A93}.Release|Any CPU.Build.0 = Release|Any CPU
		{DCA3222A-3506-4DE7-B56E-29994A7CAB4D}.Debug|Any CPU.ActiveCfg = Debug|Any CPU
		{DCA3222A-3506-4DE7-B56E-29994A7CAB4D}.Debug|Any CPU.Build.0 = Debug|Any CPU
		{DCA3222A-3506-4DE7-B56E-29994A7CAB4D}.Release|Any CPU.ActiveCfg = Release|Any CPU
		{DCA3222A-3506-4DE7-B56E-29994A7CAB4D}.Release|Any CPU.Build.0 = Release|Any CPU
		{781CD87B-FFD3-410D-921E-EB5CD17C3FD8}.Debug|Any CPU.ActiveCfg = Debug|Any CPU
		{781CD87B-FFD3-410D-921E-EB5CD17C3FD8}.Debug|Any CPU.Build.0 = Debug|Any CPU
		{781CD87B-FFD3-410D-921E-EB5CD17C3FD8}.Release|Any CPU.ActiveCfg = Release|Any CPU
		{781CD87B-FFD3-410D-921E-EB5CD17C3FD8}.Release|Any CPU.Build.0 = Release|Any CPU
		{8CA477E0-18A3-4826-B1D9-2BDCCFE6F8B5}.Debug|Any CPU.ActiveCfg = Debug|Any CPU
		{8CA477E0-18A3-4826-B1D9-2BDCCFE6F8B5}.Debug|Any CPU.Build.0 = Debug|Any CPU
		{8CA477E0-18A3-4826-B1D9-2BDCCFE6F8B5}.Release|Any CPU.ActiveCfg = Release|Any CPU
		{8CA477E0-18A3-4826-B1D9-2BDCCFE6F8B5}.Release|Any CPU.Build.0 = Release|Any CPU
		{EC60F750-9E94-49AD-8705-C914F4FA075D}.Debug|Any CPU.ActiveCfg = Debug|Any CPU
		{EC60F750-9E94-49AD-8705-C914F4FA075D}.Debug|Any CPU.Build.0 = Debug|Any CPU
		{EC60F750-9E94-49AD-8705-C914F4FA075D}.Release|Any CPU.ActiveCfg = Release|Any CPU
		{EC60F750-9E94-49AD-8705-C914F4FA075D}.Release|Any CPU.Build.0 = Release|Any CPU
		{90CF7FC2-5CFB-4B16-8858-86D26019BA09}.Debug|Any CPU.ActiveCfg = Debug|Any CPU
		{90CF7FC2-5CFB-4B16-8858-86D26019BA09}.Debug|Any CPU.Build.0 = Debug|Any CPU
		{90CF7FC2-5CFB-4B16-8858-86D26019BA09}.Release|Any CPU.ActiveCfg = Release|Any CPU
		{90CF7FC2-5CFB-4B16-8858-86D26019BA09}.Release|Any CPU.Build.0 = Release|Any CPU
		{49C93452-7E38-4E06-A881-234D6C05B912}.Debug|Any CPU.ActiveCfg = Debug|Any CPU
		{49C93452-7E38-4E06-A881-234D6C05B912}.Debug|Any CPU.Build.0 = Debug|Any CPU
		{49C93452-7E38-4E06-A881-234D6C05B912}.Release|Any CPU.ActiveCfg = Release|Any CPU
		{49C93452-7E38-4E06-A881-234D6C05B912}.Release|Any CPU.Build.0 = Release|Any CPU
		{B82B0089-7033-45FD-8C29-65B47399299F}.Debug|Any CPU.ActiveCfg = Debug|Any CPU
		{B82B0089-7033-45FD-8C29-65B47399299F}.Debug|Any CPU.Build.0 = Debug|Any CPU
		{B82B0089-7033-45FD-8C29-65B47399299F}.Release|Any CPU.ActiveCfg = Release|Any CPU
		{B82B0089-7033-45FD-8C29-65B47399299F}.Release|Any CPU.Build.0 = Release|Any CPU
		{A93A89EF-9F0E-416D-989F-F49F118A99D2}.Debug|Any CPU.ActiveCfg = Debug|Any CPU
		{A93A89EF-9F0E-416D-989F-F49F118A99D2}.Debug|Any CPU.Build.0 = Debug|Any CPU
		{A93A89EF-9F0E-416D-989F-F49F118A99D2}.Release|Any CPU.ActiveCfg = Release|Any CPU
		{A93A89EF-9F0E-416D-989F-F49F118A99D2}.Release|Any CPU.Build.0 = Release|Any CPU
		{7253E4D8-DE70-4E57-A422-9404B24F7F3A}.Debug|Any CPU.ActiveCfg = Debug|Any CPU
		{7253E4D8-DE70-4E57-A422-9404B24F7F3A}.Debug|Any CPU.Build.0 = Debug|Any CPU
		{7253E4D8-DE70-4E57-A422-9404B24F7F3A}.Release|Any CPU.ActiveCfg = Release|Any CPU
		{7253E4D8-DE70-4E57-A422-9404B24F7F3A}.Release|Any CPU.Build.0 = Release|Any CPU
		{BECEBFEE-6DFE-4083-BD5D-5BC80A9B7F1A}.Debug|Any CPU.ActiveCfg = Debug|Any CPU
		{BECEBFEE-6DFE-4083-BD5D-5BC80A9B7F1A}.Debug|Any CPU.Build.0 = Debug|Any CPU
		{BECEBFEE-6DFE-4083-BD5D-5BC80A9B7F1A}.Release|Any CPU.ActiveCfg = Release|Any CPU
		{BECEBFEE-6DFE-4083-BD5D-5BC80A9B7F1A}.Release|Any CPU.Build.0 = Release|Any CPU
		{DCB9DA32-0970-48F2-83AE-7BBF169DF72A}.Debug|Any CPU.ActiveCfg = Debug|Any CPU
		{DCB9DA32-0970-48F2-83AE-7BBF169DF72A}.Debug|Any CPU.Build.0 = Debug|Any CPU
		{DCB9DA32-0970-48F2-83AE-7BBF169DF72A}.Release|Any CPU.ActiveCfg = Release|Any CPU
		{DCB9DA32-0970-48F2-83AE-7BBF169DF72A}.Release|Any CPU.Build.0 = Release|Any CPU
		{46B339FE-EE18-4488-AE44-0B4FA7BF4C16}.Debug|Any CPU.ActiveCfg = Debug|Any CPU
		{46B339FE-EE18-4488-AE44-0B4FA7BF4C16}.Debug|Any CPU.Build.0 = Debug|Any CPU
		{46B339FE-EE18-4488-AE44-0B4FA7BF4C16}.Release|Any CPU.ActiveCfg = Release|Any CPU
		{46B339FE-EE18-4488-AE44-0B4FA7BF4C16}.Release|Any CPU.Build.0 = Release|Any CPU
		{E780B591-6036-4A17-ADD9-B55A02E35D3D}.Debug|Any CPU.ActiveCfg = Debug|Any CPU
		{E780B591-6036-4A17-ADD9-B55A02E35D3D}.Debug|Any CPU.Build.0 = Debug|Any CPU
		{E780B591-6036-4A17-ADD9-B55A02E35D3D}.Release|Any CPU.ActiveCfg = Release|Any CPU
		{E780B591-6036-4A17-ADD9-B55A02E35D3D}.Release|Any CPU.Build.0 = Release|Any CPU
		{7EB31F53-879B-4E91-8530-7CE28A1001CD}.Debug|Any CPU.ActiveCfg = Debug|Any CPU
		{7EB31F53-879B-4E91-8530-7CE28A1001CD}.Debug|Any CPU.Build.0 = Debug|Any CPU
		{7EB31F53-879B-4E91-8530-7CE28A1001CD}.Release|Any CPU.ActiveCfg = Release|Any CPU
		{7EB31F53-879B-4E91-8530-7CE28A1001CD}.Release|Any CPU.Build.0 = Release|Any CPU
		{F633EC23-E48B-4B74-B0B7-3B0DEBDE772D}.Debug|Any CPU.ActiveCfg = Debug|Any CPU
		{F633EC23-E48B-4B74-B0B7-3B0DEBDE772D}.Debug|Any CPU.Build.0 = Debug|Any CPU
		{F633EC23-E48B-4B74-B0B7-3B0DEBDE772D}.Release|Any CPU.ActiveCfg = Release|Any CPU
		{F633EC23-E48B-4B74-B0B7-3B0DEBDE772D}.Release|Any CPU.Build.0 = Release|Any CPU
		{9427EC3A-634A-4888-9579-12F2E95FD982}.Debug|Any CPU.ActiveCfg = Debug|Any CPU
		{9427EC3A-634A-4888-9579-12F2E95FD982}.Debug|Any CPU.Build.0 = Debug|Any CPU
		{9427EC3A-634A-4888-9579-12F2E95FD982}.Release|Any CPU.ActiveCfg = Release|Any CPU
		{9427EC3A-634A-4888-9579-12F2E95FD982}.Release|Any CPU.Build.0 = Release|Any CPU
		{7F6B9D8A-B2A8-4139-B3FD-E8F5FB54EFDA}.Debug|Any CPU.ActiveCfg = Debug|Any CPU
		{7F6B9D8A-B2A8-4139-B3FD-E8F5FB54EFDA}.Debug|Any CPU.Build.0 = Debug|Any CPU
		{7F6B9D8A-B2A8-4139-B3FD-E8F5FB54EFDA}.Release|Any CPU.ActiveCfg = Release|Any CPU
		{7F6B9D8A-B2A8-4139-B3FD-E8F5FB54EFDA}.Release|Any CPU.Build.0 = Release|Any CPU
		{94C50B20-106B-4766-8173-4ED08521BCA4}.Debug|Any CPU.ActiveCfg = Debug|Any CPU
		{94C50B20-106B-4766-8173-4ED08521BCA4}.Debug|Any CPU.Build.0 = Debug|Any CPU
		{94C50B20-106B-4766-8173-4ED08521BCA4}.Release|Any CPU.ActiveCfg = Release|Any CPU
		{94C50B20-106B-4766-8173-4ED08521BCA4}.Release|Any CPU.Build.0 = Release|Any CPU
		{CF6E817B-A98A-4CC8-9269-6A2A496C4672}.Debug|Any CPU.ActiveCfg = Debug|Any CPU
		{CF6E817B-A98A-4CC8-9269-6A2A496C4672}.Debug|Any CPU.Build.0 = Debug|Any CPU
		{CF6E817B-A98A-4CC8-9269-6A2A496C4672}.Release|Any CPU.ActiveCfg = Release|Any CPU
		{CF6E817B-A98A-4CC8-9269-6A2A496C4672}.Release|Any CPU.Build.0 = Release|Any CPU
		{0D31678E-C777-4DDC-8E4A-D64D69B421BF}.Debug|Any CPU.ActiveCfg = Debug|Any CPU
		{0D31678E-C777-4DDC-8E4A-D64D69B421BF}.Debug|Any CPU.Build.0 = Debug|Any CPU
		{0D31678E-C777-4DDC-8E4A-D64D69B421BF}.Release|Any CPU.ActiveCfg = Release|Any CPU
		{0D31678E-C777-4DDC-8E4A-D64D69B421BF}.Release|Any CPU.Build.0 = Release|Any CPU
		{5A6C566B-9AC3-4443-9632-97B4324430BE}.Debug|Any CPU.ActiveCfg = Debug|Any CPU
		{5A6C566B-9AC3-4443-9632-97B4324430BE}.Debug|Any CPU.Build.0 = Debug|Any CPU
		{5A6C566B-9AC3-4443-9632-97B4324430BE}.Release|Any CPU.ActiveCfg = Release|Any CPU
		{5A6C566B-9AC3-4443-9632-97B4324430BE}.Release|Any CPU.Build.0 = Release|Any CPU
		{F805E609-C160-419F-A6E7-305A1960FDCF}.Debug|Any CPU.ActiveCfg = Debug|Any CPU
		{F805E609-C160-419F-A6E7-305A1960FDCF}.Debug|Any CPU.Build.0 = Debug|Any CPU
		{F805E609-C160-419F-A6E7-305A1960FDCF}.Release|Any CPU.ActiveCfg = Release|Any CPU
		{F805E609-C160-419F-A6E7-305A1960FDCF}.Release|Any CPU.Build.0 = Release|Any CPU
		{1F322E8C-874E-4A9E-9446-2BAB3702D14A}.Debug|Any CPU.ActiveCfg = Debug|Any CPU
		{1F322E8C-874E-4A9E-9446-2BAB3702D14A}.Debug|Any CPU.Build.0 = Debug|Any CPU
		{1F322E8C-874E-4A9E-9446-2BAB3702D14A}.Release|Any CPU.ActiveCfg = Release|Any CPU
		{1F322E8C-874E-4A9E-9446-2BAB3702D14A}.Release|Any CPU.Build.0 = Release|Any CPU
		{11BD7403-DF00-4CBB-B20C-E3827F8D3DC8}.Debug|Any CPU.ActiveCfg = Debug|Any CPU
		{11BD7403-DF00-4CBB-B20C-E3827F8D3DC8}.Debug|Any CPU.Build.0 = Debug|Any CPU
		{11BD7403-DF00-4CBB-B20C-E3827F8D3DC8}.Release|Any CPU.ActiveCfg = Release|Any CPU
		{11BD7403-DF00-4CBB-B20C-E3827F8D3DC8}.Release|Any CPU.Build.0 = Release|Any CPU
		{9AD25608-5B30-46B9-A153-78CEA526371F}.Debug|Any CPU.ActiveCfg = Debug|Any CPU
		{9AD25608-5B30-46B9-A153-78CEA526371F}.Debug|Any CPU.Build.0 = Debug|Any CPU
		{9AD25608-5B30-46B9-A153-78CEA526371F}.Release|Any CPU.ActiveCfg = Release|Any CPU
		{9AD25608-5B30-46B9-A153-78CEA526371F}.Release|Any CPU.Build.0 = Release|Any CPU
		{CC42C0AC-AD4C-483D-9E06-E29879C0845E}.Debug|Any CPU.ActiveCfg = Debug|Any CPU
		{CC42C0AC-AD4C-483D-9E06-E29879C0845E}.Debug|Any CPU.Build.0 = Debug|Any CPU
		{CC42C0AC-AD4C-483D-9E06-E29879C0845E}.Release|Any CPU.ActiveCfg = Release|Any CPU
		{CC42C0AC-AD4C-483D-9E06-E29879C0845E}.Release|Any CPU.Build.0 = Release|Any CPU
		{3B9C18B4-B344-4B89-810A-63619B556242}.Debug|Any CPU.ActiveCfg = Debug|Any CPU
		{3B9C18B4-B344-4B89-810A-63619B556242}.Debug|Any CPU.Build.0 = Debug|Any CPU
		{3B9C18B4-B344-4B89-810A-63619B556242}.Release|Any CPU.ActiveCfg = Release|Any CPU
		{3B9C18B4-B344-4B89-810A-63619B556242}.Release|Any CPU.Build.0 = Release|Any CPU
		{3723266F-525A-4E64-B310-E1E966CEAB51}.Debug|Any CPU.ActiveCfg = Debug|Any CPU
		{3723266F-525A-4E64-B310-E1E966CEAB51}.Debug|Any CPU.Build.0 = Debug|Any CPU
		{3723266F-525A-4E64-B310-E1E966CEAB51}.Release|Any CPU.ActiveCfg = Release|Any CPU
		{3723266F-525A-4E64-B310-E1E966CEAB51}.Release|Any CPU.Build.0 = Release|Any CPU
		{6402D64A-493F-451D-AC3A-F9F0D151E58C}.Debug|Any CPU.ActiveCfg = Debug|Any CPU
		{6402D64A-493F-451D-AC3A-F9F0D151E58C}.Debug|Any CPU.Build.0 = Debug|Any CPU
		{6402D64A-493F-451D-AC3A-F9F0D151E58C}.Release|Any CPU.ActiveCfg = Release|Any CPU
		{6402D64A-493F-451D-AC3A-F9F0D151E58C}.Release|Any CPU.Build.0 = Release|Any CPU
		{805124A0-4E4B-4124-88B0-5A5F5B852CF9}.Debug|Any CPU.ActiveCfg = Debug|Any CPU
		{805124A0-4E4B-4124-88B0-5A5F5B852CF9}.Debug|Any CPU.Build.0 = Debug|Any CPU
		{805124A0-4E4B-4124-88B0-5A5F5B852CF9}.Release|Any CPU.ActiveCfg = Release|Any CPU
		{805124A0-4E4B-4124-88B0-5A5F5B852CF9}.Release|Any CPU.Build.0 = Release|Any CPU
		{AEB1DF18-4A05-4924-AAC0-7DB002123DC1}.Debug|Any CPU.ActiveCfg = Debug|Any CPU
		{AEB1DF18-4A05-4924-AAC0-7DB002123DC1}.Debug|Any CPU.Build.0 = Debug|Any CPU
		{AEB1DF18-4A05-4924-AAC0-7DB002123DC1}.Release|Any CPU.ActiveCfg = Release|Any CPU
		{AEB1DF18-4A05-4924-AAC0-7DB002123DC1}.Release|Any CPU.Build.0 = Release|Any CPU
		{67C34F38-64F9-4C33-AC5F-567CEC96B39C}.Debug|Any CPU.ActiveCfg = Debug|Any CPU
		{67C34F38-64F9-4C33-AC5F-567CEC96B39C}.Debug|Any CPU.Build.0 = Debug|Any CPU
		{67C34F38-64F9-4C33-AC5F-567CEC96B39C}.Release|Any CPU.ActiveCfg = Release|Any CPU
		{67C34F38-64F9-4C33-AC5F-567CEC96B39C}.Release|Any CPU.Build.0 = Release|Any CPU
		{93D07FE6-28A4-4C22-996A-A6C0DCACC18D}.Debug|Any CPU.ActiveCfg = Debug|Any CPU
		{93D07FE6-28A4-4C22-996A-A6C0DCACC18D}.Debug|Any CPU.Build.0 = Debug|Any CPU
		{93D07FE6-28A4-4C22-996A-A6C0DCACC18D}.Release|Any CPU.ActiveCfg = Release|Any CPU
		{93D07FE6-28A4-4C22-996A-A6C0DCACC18D}.Release|Any CPU.Build.0 = Release|Any CPU
		{ADBCA9AB-5165-4567-822C-EB7842ADA903}.Debug|Any CPU.ActiveCfg = Debug|Any CPU
		{ADBCA9AB-5165-4567-822C-EB7842ADA903}.Debug|Any CPU.Build.0 = Debug|Any CPU
		{ADBCA9AB-5165-4567-822C-EB7842ADA903}.Release|Any CPU.ActiveCfg = Release|Any CPU
		{ADBCA9AB-5165-4567-822C-EB7842ADA903}.Release|Any CPU.Build.0 = Release|Any CPU
		{15A52300-88D7-4B8F-8A28-51EC8CBA02BF}.Debug|Any CPU.ActiveCfg = Debug|Any CPU
		{15A52300-88D7-4B8F-8A28-51EC8CBA02BF}.Debug|Any CPU.Build.0 = Debug|Any CPU
		{15A52300-88D7-4B8F-8A28-51EC8CBA02BF}.Release|Any CPU.ActiveCfg = Release|Any CPU
		{15A52300-88D7-4B8F-8A28-51EC8CBA02BF}.Release|Any CPU.Build.0 = Release|Any CPU
		{0D2CB0DD-31CC-4987-B43A-892F460FA20B}.Debug|Any CPU.ActiveCfg = Debug|Any CPU
		{0D2CB0DD-31CC-4987-B43A-892F460FA20B}.Debug|Any CPU.Build.0 = Debug|Any CPU
		{0D2CB0DD-31CC-4987-B43A-892F460FA20B}.Release|Any CPU.ActiveCfg = Release|Any CPU
		{0D2CB0DD-31CC-4987-B43A-892F460FA20B}.Release|Any CPU.Build.0 = Release|Any CPU
		{7D160A58-C69B-4297-9D6D-7D971EFEA41A}.Debug|Any CPU.ActiveCfg = Debug|Any CPU
		{7D160A58-C69B-4297-9D6D-7D971EFEA41A}.Debug|Any CPU.Build.0 = Debug|Any CPU
		{7D160A58-C69B-4297-9D6D-7D971EFEA41A}.Release|Any CPU.ActiveCfg = Release|Any CPU
		{7D160A58-C69B-4297-9D6D-7D971EFEA41A}.Release|Any CPU.Build.0 = Release|Any CPU
		{28EBABEC-646E-477A-97FF-C0A201FCDC15}.Debug|Any CPU.ActiveCfg = Debug|Any CPU
		{28EBABEC-646E-477A-97FF-C0A201FCDC15}.Debug|Any CPU.Build.0 = Debug|Any CPU
		{28EBABEC-646E-477A-97FF-C0A201FCDC15}.Release|Any CPU.ActiveCfg = Release|Any CPU
		{28EBABEC-646E-477A-97FF-C0A201FCDC15}.Release|Any CPU.Build.0 = Release|Any CPU
		{16A5DED4-CBF6-494C-8777-C97E10919676}.Debug|Any CPU.ActiveCfg = Debug|Any CPU
		{16A5DED4-CBF6-494C-8777-C97E10919676}.Debug|Any CPU.Build.0 = Debug|Any CPU
		{16A5DED4-CBF6-494C-8777-C97E10919676}.Release|Any CPU.ActiveCfg = Release|Any CPU
		{16A5DED4-CBF6-494C-8777-C97E10919676}.Release|Any CPU.Build.0 = Release|Any CPU
		{EC267FC6-DB4C-43E3-BBF3-3AE97F1BCA94}.Debug|Any CPU.ActiveCfg = Debug|Any CPU
		{EC267FC6-DB4C-43E3-BBF3-3AE97F1BCA94}.Debug|Any CPU.Build.0 = Debug|Any CPU
		{EC267FC6-DB4C-43E3-BBF3-3AE97F1BCA94}.Release|Any CPU.ActiveCfg = Release|Any CPU
		{EC267FC6-DB4C-43E3-BBF3-3AE97F1BCA94}.Release|Any CPU.Build.0 = Release|Any CPU
		{F2471368-01F9-4CE4-AAA1-A224418DEECE}.Debug|Any CPU.ActiveCfg = Debug|Any CPU
		{F2471368-01F9-4CE4-AAA1-A224418DEECE}.Debug|Any CPU.Build.0 = Debug|Any CPU
		{F2471368-01F9-4CE4-AAA1-A224418DEECE}.Release|Any CPU.ActiveCfg = Release|Any CPU
		{F2471368-01F9-4CE4-AAA1-A224418DEECE}.Release|Any CPU.Build.0 = Release|Any CPU
		{CBADF75A-3A61-4154-9346-C8A697C45D44}.Debug|Any CPU.ActiveCfg = Debug|Any CPU
		{CBADF75A-3A61-4154-9346-C8A697C45D44}.Debug|Any CPU.Build.0 = Debug|Any CPU
		{CBADF75A-3A61-4154-9346-C8A697C45D44}.Release|Any CPU.ActiveCfg = Release|Any CPU
		{CBADF75A-3A61-4154-9346-C8A697C45D44}.Release|Any CPU.Build.0 = Release|Any CPU
		{16B38184-8E98-4E1B-BC6B-1514D0F20832}.Debug|Any CPU.ActiveCfg = Debug|Any CPU
		{16B38184-8E98-4E1B-BC6B-1514D0F20832}.Debug|Any CPU.Build.0 = Debug|Any CPU
		{16B38184-8E98-4E1B-BC6B-1514D0F20832}.Release|Any CPU.ActiveCfg = Release|Any CPU
		{16B38184-8E98-4E1B-BC6B-1514D0F20832}.Release|Any CPU.Build.0 = Release|Any CPU
		{22C3AF53-45C6-4AD0-9880-BBBDB71689A5}.Debug|Any CPU.ActiveCfg = Debug|Any CPU
		{22C3AF53-45C6-4AD0-9880-BBBDB71689A5}.Debug|Any CPU.Build.0 = Debug|Any CPU
		{22C3AF53-45C6-4AD0-9880-BBBDB71689A5}.Release|Any CPU.ActiveCfg = Release|Any CPU
		{22C3AF53-45C6-4AD0-9880-BBBDB71689A5}.Release|Any CPU.Build.0 = Release|Any CPU
		{96E58731-75CB-4263-8830-B245EB4BA097}.Debug|Any CPU.ActiveCfg = Debug|Any CPU
		{96E58731-75CB-4263-8830-B245EB4BA097}.Debug|Any CPU.Build.0 = Debug|Any CPU
		{96E58731-75CB-4263-8830-B245EB4BA097}.Release|Any CPU.ActiveCfg = Release|Any CPU
		{96E58731-75CB-4263-8830-B245EB4BA097}.Release|Any CPU.Build.0 = Release|Any CPU
		{C0095E17-1C2D-4BFA-BB3E-4752D247EDF9}.Debug|Any CPU.ActiveCfg = Debug|Any CPU
		{C0095E17-1C2D-4BFA-BB3E-4752D247EDF9}.Debug|Any CPU.Build.0 = Debug|Any CPU
		{C0095E17-1C2D-4BFA-BB3E-4752D247EDF9}.Release|Any CPU.ActiveCfg = Release|Any CPU
		{C0095E17-1C2D-4BFA-BB3E-4752D247EDF9}.Release|Any CPU.Build.0 = Release|Any CPU
		{8E5E43EE-C28D-4DE7-A57F-3FAAA7A58740}.Debug|Any CPU.ActiveCfg = Debug|Any CPU
		{8E5E43EE-C28D-4DE7-A57F-3FAAA7A58740}.Debug|Any CPU.Build.0 = Debug|Any CPU
		{8E5E43EE-C28D-4DE7-A57F-3FAAA7A58740}.Release|Any CPU.ActiveCfg = Release|Any CPU
		{8E5E43EE-C28D-4DE7-A57F-3FAAA7A58740}.Release|Any CPU.Build.0 = Release|Any CPU
		{58DB2FA4-1122-4674-AC99-77B2B214A95A}.Debug|Any CPU.ActiveCfg = Debug|Any CPU
		{58DB2FA4-1122-4674-AC99-77B2B214A95A}.Debug|Any CPU.Build.0 = Debug|Any CPU
		{58DB2FA4-1122-4674-AC99-77B2B214A95A}.Release|Any CPU.ActiveCfg = Release|Any CPU
		{58DB2FA4-1122-4674-AC99-77B2B214A95A}.Release|Any CPU.Build.0 = Release|Any CPU
		{1B02AB9B-BF64-4754-8184-0385B0D1786F}.Debug|Any CPU.ActiveCfg = Debug|Any CPU
		{1B02AB9B-BF64-4754-8184-0385B0D1786F}.Debug|Any CPU.Build.0 = Debug|Any CPU
		{1B02AB9B-BF64-4754-8184-0385B0D1786F}.Release|Any CPU.ActiveCfg = Release|Any CPU
		{1B02AB9B-BF64-4754-8184-0385B0D1786F}.Release|Any CPU.Build.0 = Release|Any CPU
		{E6B88CF6-2725-4BB0-B62D-A85B81AD1361}.Debug|Any CPU.ActiveCfg = Debug|Any CPU
		{E6B88CF6-2725-4BB0-B62D-A85B81AD1361}.Debug|Any CPU.Build.0 = Debug|Any CPU
		{E6B88CF6-2725-4BB0-B62D-A85B81AD1361}.Release|Any CPU.ActiveCfg = Release|Any CPU
		{E6B88CF6-2725-4BB0-B62D-A85B81AD1361}.Release|Any CPU.Build.0 = Release|Any CPU
		{BA23B0E6-A5EB-44B5-8416-F9E435D4E481}.Debug|Any CPU.ActiveCfg = Debug|Any CPU
		{BA23B0E6-A5EB-44B5-8416-F9E435D4E481}.Debug|Any CPU.Build.0 = Debug|Any CPU
		{BA23B0E6-A5EB-44B5-8416-F9E435D4E481}.Release|Any CPU.ActiveCfg = Release|Any CPU
		{BA23B0E6-A5EB-44B5-8416-F9E435D4E481}.Release|Any CPU.Build.0 = Release|Any CPU
		{D7711CAB-C43A-47BE-8F38-2D48530D8EFC}.Debug|Any CPU.ActiveCfg = Debug|Any CPU
		{D7711CAB-C43A-47BE-8F38-2D48530D8EFC}.Debug|Any CPU.Build.0 = Debug|Any CPU
		{D7711CAB-C43A-47BE-8F38-2D48530D8EFC}.Release|Any CPU.ActiveCfg = Release|Any CPU
		{D7711CAB-C43A-47BE-8F38-2D48530D8EFC}.Release|Any CPU.Build.0 = Release|Any CPU
		{CBA36697-CCE0-413A-875D-90C2BACDA7DE}.Debug|Any CPU.ActiveCfg = Debug|Any CPU
		{CBA36697-CCE0-413A-875D-90C2BACDA7DE}.Debug|Any CPU.Build.0 = Debug|Any CPU
		{CBA36697-CCE0-413A-875D-90C2BACDA7DE}.Release|Any CPU.ActiveCfg = Release|Any CPU
		{CBA36697-CCE0-413A-875D-90C2BACDA7DE}.Release|Any CPU.Build.0 = Release|Any CPU
		{D15822A9-15DF-4A75-B1B2-802CC7C95E09}.Debug|Any CPU.ActiveCfg = Debug|Any CPU
		{D15822A9-15DF-4A75-B1B2-802CC7C95E09}.Debug|Any CPU.Build.0 = Debug|Any CPU
		{D15822A9-15DF-4A75-B1B2-802CC7C95E09}.Release|Any CPU.ActiveCfg = Release|Any CPU
		{D15822A9-15DF-4A75-B1B2-802CC7C95E09}.Release|Any CPU.Build.0 = Release|Any CPU
	EndGlobalSection
	GlobalSection(SolutionProperties) = preSolution
		HideSolutionNode = FALSE
	EndGlobalSection
	GlobalSection(NestedProjects) = preSolution
		{CB2B8DD1-DF9E-449C-B533-3BA71B8BBE99} = {F2559218-3A94-4247-A7F2-D4B91DD70E94}
		{2111BDF7-1C4E-41AE-9215-DC0FFC937867} = {CB2B8DD1-DF9E-449C-B533-3BA71B8BBE99}
		{E9FC5B08-7C11-4FC6-A7BF-8FA9311D7D5D} = {2111BDF7-1C4E-41AE-9215-DC0FFC937867}
		{E9D6C892-B102-40D6-80BD-E13E6AD8687B} = {CB2B8DD1-DF9E-449C-B533-3BA71B8BBE99}
		{1C0C87A9-97BD-43E8-9A20-A3CF021D86F0} = {E9D6C892-B102-40D6-80BD-E13E6AD8687B}
		{CC442A4C-82D2-41CB-8A84-67C4F3A59BFC} = {CB2B8DD1-DF9E-449C-B533-3BA71B8BBE99}
		{F97B8F6F-B717-498A-9753-0813289D47E0} = {CC442A4C-82D2-41CB-8A84-67C4F3A59BFC}
		{AB940133-3E22-4104-8F30-C1EED0F607DE} = {CB2B8DD1-DF9E-449C-B533-3BA71B8BBE99}
		{6A4F122A-D3AD-4BA3-8854-AC5268ECCC69} = {AB940133-3E22-4104-8F30-C1EED0F607DE}
		{C75D4398-CDAC-49C6-A21B-27E6C368C6FA} = {AB940133-3E22-4104-8F30-C1EED0F607DE}
		{E59A2D24-FEA2-4B0E-862B-2BFD78D113D4} = {C75D4398-CDAC-49C6-A21B-27E6C368C6FA}
		{3953370E-9898-4A44-9039-827120338B0F} = {CB2B8DD1-DF9E-449C-B533-3BA71B8BBE99}
		{3D7D0B52-B8E5-4124-9F71-1E6272585646} = {3953370E-9898-4A44-9039-827120338B0F}
		{3A616DA1-3007-459E-91C8-FAC1EBE1154A} = {F2559218-3A94-4247-A7F2-D4B91DD70E94}
		{9A89DBB6-0D70-4D73-8741-C215E85F4E11} = {3A616DA1-3007-459E-91C8-FAC1EBE1154A}
		{2CFF0A81-3A67-4A07-9FFA-39BF4273D59C} = {9A89DBB6-0D70-4D73-8741-C215E85F4E11}
		{9FA0EB0D-C29A-4DE5-8EA6-D8BBF60BA101} = {3A616DA1-3007-459E-91C8-FAC1EBE1154A}
		{40016A75-3E33-4C36-A728-2E3009F81A5B} = {9FA0EB0D-C29A-4DE5-8EA6-D8BBF60BA101}
		{9F0DBF8B-D9D6-4E1C-BBCA-DBD9B226ABFE} = {3A616DA1-3007-459E-91C8-FAC1EBE1154A}
		{28A511DA-994C-4105-99C6-22EA353094B4} = {9F0DBF8B-D9D6-4E1C-BBCA-DBD9B226ABFE}
		{27BD8A86-D392-41F2-932D-26AE5455F443} = {3A616DA1-3007-459E-91C8-FAC1EBE1154A}
		{27375829-AE60-4359-B37F-D66E9A7164FD} = {27BD8A86-D392-41F2-932D-26AE5455F443}
		{E5AC5FBF-47F5-4FBB-AEA8-5D4B6F51A869} = {3A616DA1-3007-459E-91C8-FAC1EBE1154A}
		{4E0A5DC8-D932-4164-B5CC-F140C898464E} = {E5AC5FBF-47F5-4FBB-AEA8-5D4B6F51A869}
		{125601B0-4074-425C-9C64-E69733D9790C} = {3A616DA1-3007-459E-91C8-FAC1EBE1154A}
		{CE47CB49-620F-4487-B7E3-E4A56411EA53} = {125601B0-4074-425C-9C64-E69733D9790C}
		{3E309D07-B776-4B18-9728-E866739B72B6} = {3A616DA1-3007-459E-91C8-FAC1EBE1154A}
		{D72CCC4C-94DF-46AF-B777-B33EC3CF876A} = {3E309D07-B776-4B18-9728-E866739B72B6}
		{D8E61D5B-AA23-40DD-941A-D6CFF849EAA9} = {3A616DA1-3007-459E-91C8-FAC1EBE1154A}
		{428EB8AE-20DD-4DE2-A99B-BE45CA784BED} = {D8E61D5B-AA23-40DD-941A-D6CFF849EAA9}
		{08B6A393-A7E4-4EFC-A0B9-5814867FD2A7} = {CB2B8DD1-DF9E-449C-B533-3BA71B8BBE99}
		{D645B333-2EA1-421C-B9F0-E4D88E409F6E} = {08B6A393-A7E4-4EFC-A0B9-5814867FD2A7}
		{D312ECCB-3DA1-4508-B2D5-45061F696D6B} = {CB2B8DD1-DF9E-449C-B533-3BA71B8BBE99}
		{0AF084CD-991A-4822-A4CB-FB048797DA8F} = {D312ECCB-3DA1-4508-B2D5-45061F696D6B}
		{8388FF78-45DC-49E3-84C7-60241C845EBF} = {CB2B8DD1-DF9E-449C-B533-3BA71B8BBE99}
		{2585C53A-B515-4614-9825-407CAE514BF9} = {8388FF78-45DC-49E3-84C7-60241C845EBF}
		{0BD642BA-0B38-47A0-BE92-4D1C9D877035} = {CB2B8DD1-DF9E-449C-B533-3BA71B8BBE99}
		{5C231EBB-81C0-46A7-B933-F7B6D41A1433} = {0BD642BA-0B38-47A0-BE92-4D1C9D877035}
		{B5727F73-CDCA-4482-BDD7-07744E868ABD} = {CB2B8DD1-DF9E-449C-B533-3BA71B8BBE99}
		{E5EE33D8-A676-4F4B-BF52-4F663A7970BD} = {B5727F73-CDCA-4482-BDD7-07744E868ABD}
		{CBC6CA10-29E7-435A-A105-B0B2734F07EF} = {CB2B8DD1-DF9E-449C-B533-3BA71B8BBE99}
		{98C7320B-58A8-4F82-8309-B8C6D783FD44} = {CBC6CA10-29E7-435A-A105-B0B2734F07EF}
		{B4385583-F7FC-48E7-B141-C366FF58CF12} = {F2559218-3A94-4247-A7F2-D4B91DD70E94}
		{6F5371D9-D2E1-4C6D-B469-75A3483E2ADA} = {B4385583-F7FC-48E7-B141-C366FF58CF12}
		{B962613D-ABF4-4411-AABD-CA10672A666F} = {6F5371D9-D2E1-4C6D-B469-75A3483E2ADA}
		{E1FDBD5F-EB44-45FA-BA6D-D619B49C2A7A} = {B4385583-F7FC-48E7-B141-C366FF58CF12}
		{E1F241A9-72BF-437B-9800-29EFCB177699} = {E1FDBD5F-EB44-45FA-BA6D-D619B49C2A7A}
		{C4D40637-8EBE-4E01-AE15-DB6C8AE71DDA} = {B4385583-F7FC-48E7-B141-C366FF58CF12}
		{DF83893B-93AC-4773-BCA1-EA31CDA14A30} = {C4D40637-8EBE-4E01-AE15-DB6C8AE71DDA}
		{D8ED6376-4228-452E-ADA2-AE2D059A32E6} = {B4385583-F7FC-48E7-B141-C366FF58CF12}
		{13207D8A-5E5D-4CAB-B450-6075A0EE492B} = {D8ED6376-4228-452E-ADA2-AE2D059A32E6}
		{946EECC4-50C1-4D76-AD08-B8FE80AC6FB9} = {B4385583-F7FC-48E7-B141-C366FF58CF12}
		{BE020742-8805-468A-AAD8-77FD93A71F32} = {946EECC4-50C1-4D76-AD08-B8FE80AC6FB9}
		{E45898B0-EAC6-42EE-AC59-199238D8C421} = {B4385583-F7FC-48E7-B141-C366FF58CF12}
		{DDD86771-40FF-47D8-A808-F71A52DB5FCD} = {E45898B0-EAC6-42EE-AC59-199238D8C421}
		{D3203361-CA88-4A72-994A-F53EA4DA73E8} = {B4385583-F7FC-48E7-B141-C366FF58CF12}
		{27C144A6-2F11-47C2-B7A8-3F99F0633807} = {D3203361-CA88-4A72-994A-F53EA4DA73E8}
		{FBD856DB-C057-4860-980B-A0E4D89B7887} = {F2559218-3A94-4247-A7F2-D4B91DD70E94}
		{D3AA17A8-A4F1-42D8-B135-063F5DDF6A4C} = {FBD856DB-C057-4860-980B-A0E4D89B7887}
		{07E59566-618E-49BB-ACD4-8B9C5A45FF13} = {D3AA17A8-A4F1-42D8-B135-063F5DDF6A4C}
		{05EE67A3-5696-44EA-9A8C-8B33BDDA133C} = {FBD856DB-C057-4860-980B-A0E4D89B7887}
		{06563959-91C4-46F4-93DC-2BC7101855A5} = {05EE67A3-5696-44EA-9A8C-8B33BDDA133C}
		{6943F3B4-8C51-4277-949B-1879791D72C4} = {FBD856DB-C057-4860-980B-A0E4D89B7887}
		{ED5935A7-B906-4E22-9506-1504E811689D} = {6943F3B4-8C51-4277-949B-1879791D72C4}
		{84163A9C-4513-427A-A147-FD0B72CF0BD4} = {FBD856DB-C057-4860-980B-A0E4D89B7887}
		{8461F31E-1201-4EB6-A8DE-EE3E6E073753} = {84163A9C-4513-427A-A147-FD0B72CF0BD4}
		{782642FD-4BCB-4EEC-8987-EE45BB1B8F78} = {FBD856DB-C057-4860-980B-A0E4D89B7887}
		{26699451-17DB-4C53-837C-2E0043122CD5} = {782642FD-4BCB-4EEC-8987-EE45BB1B8F78}
		{E7D4A7B8-DB38-40A3-90FE-E5D42A13F816} = {FBD856DB-C057-4860-980B-A0E4D89B7887}
		{977C6690-0761-45F8-B135-9ACCA2D9F5BF} = {E7D4A7B8-DB38-40A3-90FE-E5D42A13F816}
		{6CDEEFA9-6F98-4C62-83F3-C243BEA21EA9} = {FBD856DB-C057-4860-980B-A0E4D89B7887}
		{6BEFE4A5-6BE0-49BE-AA0B-64391E08185A} = {6CDEEFA9-6F98-4C62-83F3-C243BEA21EA9}
		{F9E0960D-958B-4B3D-8BAE-DD7C5AFF4446} = {FBD856DB-C057-4860-980B-A0E4D89B7887}
		{AC76ACDA-9350-4DE9-90A4-6ADF864F8039} = {F9E0960D-958B-4B3D-8BAE-DD7C5AFF4446}
		{89803234-AAD9-4230-B925-4B0AB672C40A} = {FBD856DB-C057-4860-980B-A0E4D89B7887}
		{D64F9CBE-6669-439B-98DB-3ED43131E948} = {89803234-AAD9-4230-B925-4B0AB672C40A}
		{869BEF29-1C67-43F2-B6B2-51ECC1D5E524} = {FBD856DB-C057-4860-980B-A0E4D89B7887}
		{3A61EAA9-F7C5-4E3B-9E46-50D668DFFAA8} = {869BEF29-1C67-43F2-B6B2-51ECC1D5E524}
		{26803D52-7B25-4ED0-995C-28DC5F1FFD6E} = {CB2B8DD1-DF9E-449C-B533-3BA71B8BBE99}
		{76421A40-C6DB-4AA7-9B5F-CC74C9BEE147} = {26803D52-7B25-4ED0-995C-28DC5F1FFD6E}
		{9E5BE541-67EA-42BF-93AF-FFEF8345039F} = {F2559218-3A94-4247-A7F2-D4B91DD70E94}
		{D258C3B9-5830-4BC3-A33C-8A52852D15A7} = {F2559218-3A94-4247-A7F2-D4B91DD70E94}
		{2A550C35-B23F-4711-8C11-F8FAB5B6311A} = {9E5BE541-67EA-42BF-93AF-FFEF8345039F}
		{348DB6FA-FB6B-48CF-9725-93BF8714BE32} = {2A550C35-B23F-4711-8C11-F8FAB5B6311A}
		{410BED60-4EFF-49E0-87A6-480626C44716} = {9E5BE541-67EA-42BF-93AF-FFEF8345039F}
		{36F8777F-BEE7-431B-B053-ECD9BC0DBF54} = {410BED60-4EFF-49E0-87A6-480626C44716}
		{EC0F1238-05AC-4220-8A96-B08BEE7751FC} = {9E5BE541-67EA-42BF-93AF-FFEF8345039F}
		{671ED949-B1BD-4B5B-B122-FDCDC378AE09} = {EC0F1238-05AC-4220-8A96-B08BEE7751FC}
		{43B8E72A-9C78-4ECA-8965-02C91DFF5566} = {9E5BE541-67EA-42BF-93AF-FFEF8345039F}
		{39DE1B50-93A4-4A0A-99C2-0539BC106C53} = {43B8E72A-9C78-4ECA-8965-02C91DFF5566}
		{81572044-04FB-4D69-AA74-B579226462B6} = {9E5BE541-67EA-42BF-93AF-FFEF8345039F}
		{848BD609-763C-4997-A934-F46F04EB9887} = {81572044-04FB-4D69-AA74-B579226462B6}
		{B34121DB-1A04-441E-BF23-3CFD55FCA379} = {9E5BE541-67EA-42BF-93AF-FFEF8345039F}
		{62969F11-6403-4C2A-89F0-2831B8E691EA} = {B34121DB-1A04-441E-BF23-3CFD55FCA379}
		{216F54D0-19C3-4F7B-B6FC-DA5762BA0840} = {9E5BE541-67EA-42BF-93AF-FFEF8345039F}
		{9E8DDF27-3363-4BEA-A65B-EEA0043AD07E} = {216F54D0-19C3-4F7B-B6FC-DA5762BA0840}
		{196D1E9E-217D-433C-BC7E-AB4E6BD11541} = {9E5BE541-67EA-42BF-93AF-FFEF8345039F}
		{DBB87BF8-4AAC-4687-B58D-1ABA518C3198} = {196D1E9E-217D-433C-BC7E-AB4E6BD11541}
		{AB6CB9C1-A406-459B-A639-F588B4556DF9} = {D258C3B9-5830-4BC3-A33C-8A52852D15A7}
		{A24D866E-2B4C-42D3-8CE4-B220F2A02F2B} = {AB6CB9C1-A406-459B-A639-F588B4556DF9}
		{72BE8D5C-F6E9-4FE0-A004-4CD8D09BD4A6} = {D258C3B9-5830-4BC3-A33C-8A52852D15A7}
		{825743D2-2DD4-478C-900A-A4FFDEC5FCB8} = {72BE8D5C-F6E9-4FE0-A004-4CD8D09BD4A6}
		{5A311669-B651-49FE-939D-21855EAB270B} = {D258C3B9-5830-4BC3-A33C-8A52852D15A7}
		{D5254B50-C5EE-43D2-AB35-9D321BC99443} = {5A311669-B651-49FE-939D-21855EAB270B}
		{906D9198-74B4-497E-A995-0D72413140B1} = {D258C3B9-5830-4BC3-A33C-8A52852D15A7}
		{FB1DC47B-E184-48D1-AA8F-6E2C2A2AA9A7} = {906D9198-74B4-497E-A995-0D72413140B1}
		{79F986BD-23F4-4984-8A63-090CF2A7A415} = {D258C3B9-5830-4BC3-A33C-8A52852D15A7}
		{3426674E-4713-4CB8-B897-1045BCDE2E82} = {79F986BD-23F4-4984-8A63-090CF2A7A415}
		{FB9797B7-D167-4CC2-8C26-2E5CA4ECB6AF} = {D258C3B9-5830-4BC3-A33C-8A52852D15A7}
		{5DD9AC13-C2A4-491F-B60F-E8F8F94B5E14} = {FB9797B7-D167-4CC2-8C26-2E5CA4ECB6AF}
		{1819F240-E093-4651-8A47-90EBC5F7BE94} = {D258C3B9-5830-4BC3-A33C-8A52852D15A7}
		{C748BD43-5526-475E-A759-A9502005B24B} = {1819F240-E093-4651-8A47-90EBC5F7BE94}
		{203E14B6-185F-41AA-B660-910C229D637A} = {D258C3B9-5830-4BC3-A33C-8A52852D15A7}
		{1453B519-A35D-4825-A15F-4554775D5E99} = {203E14B6-185F-41AA-B660-910C229D637A}
		{EAB226F5-15BF-4E8C-99FA-3D900680A410} = {D258C3B9-5830-4BC3-A33C-8A52852D15A7}
		{97225A94-AF09-4278-A084-FF0E35BDF02E} = {EAB226F5-15BF-4E8C-99FA-3D900680A410}
		{B4C27250-75A4-4A98-9350-FAE0A80C75BC} = {D258C3B9-5830-4BC3-A33C-8A52852D15A7}
		{6E0DCCFC-1568-494A-B4F6-4B7522A5668C} = {B4C27250-75A4-4A98-9350-FAE0A80C75BC}
		{458887EE-879E-4640-B075-DD1A429848BE} = {F2559218-3A94-4247-A7F2-D4B91DD70E94}
		{E05BC5D3-BD3D-40FF-87F3-721D8F3DEE61} = {458887EE-879E-4640-B075-DD1A429848BE}
		{E74C408A-E39F-40C9-9AA2-A277FD68BC23} = {458887EE-879E-4640-B075-DD1A429848BE}
		{00C3E9D9-2B03-4E2E-9BF3-DB34CC4CBA93} = {458887EE-879E-4640-B075-DD1A429848BE}
		{DB1E1809-CA06-4CED-B82A-B3F8ED226A93} = {458887EE-879E-4640-B075-DD1A429848BE}
		{DCA3222A-3506-4DE7-B56E-29994A7CAB4D} = {458887EE-879E-4640-B075-DD1A429848BE}
		{781CD87B-FFD3-410D-921E-EB5CD17C3FD8} = {458887EE-879E-4640-B075-DD1A429848BE}
		{8CA477E0-18A3-4826-B1D9-2BDCCFE6F8B5} = {458887EE-879E-4640-B075-DD1A429848BE}
		{CD46B2FB-18F6-4971-9BF5-230E34DC8A0A} = {F2559218-3A94-4247-A7F2-D4B91DD70E94}
		{EC60F750-9E94-49AD-8705-C914F4FA075D} = {CD46B2FB-18F6-4971-9BF5-230E34DC8A0A}
		{8BE4E843-242E-47D8-80AF-71A46BA1E2DF} = {F2559218-3A94-4247-A7F2-D4B91DD70E94}
		{06559B62-1CA5-4E60-B3CB-1732A2F7B27D} = {8BE4E843-242E-47D8-80AF-71A46BA1E2DF}
		{90CF7FC2-5CFB-4B16-8858-86D26019BA09} = {06559B62-1CA5-4E60-B3CB-1732A2F7B27D}
		{E4A95E64-11D0-4836-9900-8253BCFE7929} = {8BE4E843-242E-47D8-80AF-71A46BA1E2DF}
		{49C93452-7E38-4E06-A881-234D6C05B912} = {E4A95E64-11D0-4836-9900-8253BCFE7929}
		{52C15C64-02D7-42CE-8F3B-6F9227CDBBB3} = {8BE4E843-242E-47D8-80AF-71A46BA1E2DF}
		{B82B0089-7033-45FD-8C29-65B47399299F} = {52C15C64-02D7-42CE-8F3B-6F9227CDBBB3}
		{7E78A164-ACD4-4AD6-87F3-414912C94671} = {8BE4E843-242E-47D8-80AF-71A46BA1E2DF}
		{A93A89EF-9F0E-416D-989F-F49F118A99D2} = {7E78A164-ACD4-4AD6-87F3-414912C94671}
		{56047932-8E33-41C6-89D1-B08AFADF1743} = {8BE4E843-242E-47D8-80AF-71A46BA1E2DF}
		{7253E4D8-DE70-4E57-A422-9404B24F7F3A} = {56047932-8E33-41C6-89D1-B08AFADF1743}
		{BECEBFEE-6DFE-4083-BD5D-5BC80A9B7F1A} = {CD46B2FB-18F6-4971-9BF5-230E34DC8A0A}
		{DCB9DA32-0970-48F2-83AE-7BBF169DF72A} = {CD46B2FB-18F6-4971-9BF5-230E34DC8A0A}
		{46B339FE-EE18-4488-AE44-0B4FA7BF4C16} = {CD46B2FB-18F6-4971-9BF5-230E34DC8A0A}
		{E780B591-6036-4A17-ADD9-B55A02E35D3D} = {458887EE-879E-4640-B075-DD1A429848BE}
		{C3241FFC-0E12-4934-8F6D-2D38CC985E0F} = {F2559218-3A94-4247-A7F2-D4B91DD70E94}
		{572FE02E-202E-40F2-94F1-87B1440AF8CB} = {C3241FFC-0E12-4934-8F6D-2D38CC985E0F}
		{7EB31F53-879B-4E91-8530-7CE28A1001CD} = {572FE02E-202E-40F2-94F1-87B1440AF8CB}
		{D1C4BC3F-90A7-426E-817F-C988DD804837} = {C3241FFC-0E12-4934-8F6D-2D38CC985E0F}
		{F633EC23-E48B-4B74-B0B7-3B0DEBDE772D} = {D1C4BC3F-90A7-426E-817F-C988DD804837}
		{074A777A-88E8-4369-A637-1BB51C802CD9} = {C3241FFC-0E12-4934-8F6D-2D38CC985E0F}
		{9427EC3A-634A-4888-9579-12F2E95FD982} = {074A777A-88E8-4369-A637-1BB51C802CD9}
		{F0F51B77-8CC4-4F6E-8511-BCBDB0A57924} = {C3241FFC-0E12-4934-8F6D-2D38CC985E0F}
		{7F6B9D8A-B2A8-4139-B3FD-E8F5FB54EFDA} = {F0F51B77-8CC4-4F6E-8511-BCBDB0A57924}
		{93BC977C-D98F-4F60-A310-E88CBCE734FB} = {C3241FFC-0E12-4934-8F6D-2D38CC985E0F}
		{94C50B20-106B-4766-8173-4ED08521BCA4} = {93BC977C-D98F-4F60-A310-E88CBCE734FB}
		{592F6430-48EB-4781-B39D-56E8F75C5E09} = {C3241FFC-0E12-4934-8F6D-2D38CC985E0F}
		{CF6E817B-A98A-4CC8-9269-6A2A496C4672} = {592F6430-48EB-4781-B39D-56E8F75C5E09}
		{17D45CAB-0313-49B1-94C5-7F29DAF9F103} = {C3241FFC-0E12-4934-8F6D-2D38CC985E0F}
		{0D31678E-C777-4DDC-8E4A-D64D69B421BF} = {17D45CAB-0313-49B1-94C5-7F29DAF9F103}
		{6E2B8F2C-A317-4CC4-963E-DE76582F8FD8} = {C3241FFC-0E12-4934-8F6D-2D38CC985E0F}
		{5A6C566B-9AC3-4443-9632-97B4324430BE} = {6E2B8F2C-A317-4CC4-963E-DE76582F8FD8}
		{5D116781-F6DA-40E6-B7DC-3B65AE4B54D5} = {C3241FFC-0E12-4934-8F6D-2D38CC985E0F}
		{F805E609-C160-419F-A6E7-305A1960FDCF} = {5D116781-F6DA-40E6-B7DC-3B65AE4B54D5}
		{55A353A4-D4FE-4CC7-B4DA-3E033514954E} = {C3241FFC-0E12-4934-8F6D-2D38CC985E0F}
		{1F322E8C-874E-4A9E-9446-2BAB3702D14A} = {55A353A4-D4FE-4CC7-B4DA-3E033514954E}
		{C0064491-A695-4FA5-9CF0-504AD2E92F9A} = {C3241FFC-0E12-4934-8F6D-2D38CC985E0F}
		{11BD7403-DF00-4CBB-B20C-E3827F8D3DC8} = {C0064491-A695-4FA5-9CF0-504AD2E92F9A}
		{D8FE9015-29F5-415B-9EBC-62448BF658C2} = {F2559218-3A94-4247-A7F2-D4B91DD70E94}
		{F9B2CF5C-49D7-4476-895F-A11CDD724136} = {F2559218-3A94-4247-A7F2-D4B91DD70E94}
		{81D17FC8-D980-4F9F-A767-6FE5E3A0DF7C} = {D8FE9015-29F5-415B-9EBC-62448BF658C2}
		{9AD25608-5B30-46B9-A153-78CEA526371F} = {81D17FC8-D980-4F9F-A767-6FE5E3A0DF7C}
		{EF0B8D9A-F84E-443A-872B-2B1C858976BA} = {D8FE9015-29F5-415B-9EBC-62448BF658C2}
		{CC42C0AC-AD4C-483D-9E06-E29879C0845E} = {EF0B8D9A-F84E-443A-872B-2B1C858976BA}
		{0B484944-F98F-4106-97B4-A9F6DD963B34} = {D8FE9015-29F5-415B-9EBC-62448BF658C2}
		{3B9C18B4-B344-4B89-810A-63619B556242} = {0B484944-F98F-4106-97B4-A9F6DD963B34}
		{CD5EFAE6-E2D0-46F8-8999-AFB6504EEB25} = {D8FE9015-29F5-415B-9EBC-62448BF658C2}
		{DBEDC154-EFF2-44D5-8036-B6798A55516C} = {F9B2CF5C-49D7-4476-895F-A11CDD724136}
		{3723266F-525A-4E64-B310-E1E966CEAB51} = {DBEDC154-EFF2-44D5-8036-B6798A55516C}
		{29CC375B-9973-4B7F-8D9B-898A9C052BEE} = {F9B2CF5C-49D7-4476-895F-A11CDD724136}
		{6402D64A-493F-451D-AC3A-F9F0D151E58C} = {29CC375B-9973-4B7F-8D9B-898A9C052BEE}
		{5580490A-1820-47DC-A2F1-EE56655CEFF3} = {F9B2CF5C-49D7-4476-895F-A11CDD724136}
		{805124A0-4E4B-4124-88B0-5A5F5B852CF9} = {5580490A-1820-47DC-A2F1-EE56655CEFF3}
		{72A703F5-4BE5-4BEF-A12A-35F51C75B908} = {F9B2CF5C-49D7-4476-895F-A11CDD724136}
		{AEB1DF18-4A05-4924-AAC0-7DB002123DC1} = {72A703F5-4BE5-4BEF-A12A-35F51C75B908}
		{479A7FAC-70F0-45F5-9FC8-7381B74495E8} = {F9B2CF5C-49D7-4476-895F-A11CDD724136}
		{67C34F38-64F9-4C33-AC5F-567CEC96B39C} = {479A7FAC-70F0-45F5-9FC8-7381B74495E8}
		{91AAE4B9-1B8C-47A9-A5F1-7D7EBB21998B} = {F9B2CF5C-49D7-4476-895F-A11CDD724136}
		{93D07FE6-28A4-4C22-996A-A6C0DCACC18D} = {91AAE4B9-1B8C-47A9-A5F1-7D7EBB21998B}
		{F87EF0AE-876F-43D2-9B9F-B8E162D4C3B8} = {F9B2CF5C-49D7-4476-895F-A11CDD724136}
		{ADBCA9AB-5165-4567-822C-EB7842ADA903} = {F87EF0AE-876F-43D2-9B9F-B8E162D4C3B8}
		{FE2CA4D9-1104-4B80-8F4B-8C3757781670} = {F9B2CF5C-49D7-4476-895F-A11CDD724136}
		{15A52300-88D7-4B8F-8A28-51EC8CBA02BF} = {FE2CA4D9-1104-4B80-8F4B-8C3757781670}
		{1FE362D1-AD99-48F7-AE32-852D9A80FF0A} = {F9B2CF5C-49D7-4476-895F-A11CDD724136}
		{0D2CB0DD-31CC-4987-B43A-892F460FA20B} = {1FE362D1-AD99-48F7-AE32-852D9A80FF0A}
		{1588F0B6-E485-4A22-9223-5B255B764A00} = {F9B2CF5C-49D7-4476-895F-A11CDD724136}
		{7D160A58-C69B-4297-9D6D-7D971EFEA41A} = {1588F0B6-E485-4A22-9223-5B255B764A00}
		{27819572-7AC4-43ED-BB0E-5CC7FC6D5D27} = {F2559218-3A94-4247-A7F2-D4B91DD70E94}
		{B265043E-BAD6-4137-BE99-A8205007BF9B} = {27819572-7AC4-43ED-BB0E-5CC7FC6D5D27}
		{28EBABEC-646E-477A-97FF-C0A201FCDC15} = {B265043E-BAD6-4137-BE99-A8205007BF9B}
		{A8CD7543-663D-4332-AA7C-6DC1BB3D725F} = {27819572-7AC4-43ED-BB0E-5CC7FC6D5D27}
		{16A5DED4-CBF6-494C-8777-C97E10919676} = {A8CD7543-663D-4332-AA7C-6DC1BB3D725F}
		{54C1E61F-9717-480B-9665-34E44CE0A69F} = {27819572-7AC4-43ED-BB0E-5CC7FC6D5D27}
		{EC267FC6-DB4C-43E3-BBF3-3AE97F1BCA94} = {54C1E61F-9717-480B-9665-34E44CE0A69F}
		{4613B316-21DE-474F-BE0D-F308DFE86FA1} = {F2559218-3A94-4247-A7F2-D4B91DD70E94}
		{D233F803-E4B7-4049-9BA7-261502FD2C60} = {4613B316-21DE-474F-BE0D-F308DFE86FA1}
		{F2471368-01F9-4CE4-AAA1-A224418DEECE} = {D233F803-E4B7-4049-9BA7-261502FD2C60}
		{DECA5B43-EEFF-40C2-8999-DBB0E8E552D7} = {4613B316-21DE-474F-BE0D-F308DFE86FA1}
		{CBADF75A-3A61-4154-9346-C8A697C45D44} = {DECA5B43-EEFF-40C2-8999-DBB0E8E552D7}
		{6B0CA3BB-4772-4D17-997D-36949E95CC38} = {27819572-7AC4-43ED-BB0E-5CC7FC6D5D27}
		{16B38184-8E98-4E1B-BC6B-1514D0F20832} = {6B0CA3BB-4772-4D17-997D-36949E95CC38}
		{151266D8-6827-49BC-8E1C-A13D09890B62} = {27819572-7AC4-43ED-BB0E-5CC7FC6D5D27}
		{22C3AF53-45C6-4AD0-9880-BBBDB71689A5} = {151266D8-6827-49BC-8E1C-A13D09890B62}
		{B48C3A0E-5846-4A0C-BADF-0F922C0EFB31} = {27819572-7AC4-43ED-BB0E-5CC7FC6D5D27}
		{96E58731-75CB-4263-8830-B245EB4BA097} = {B48C3A0E-5846-4A0C-BADF-0F922C0EFB31}
		{FD76DB24-3635-401F-A161-D79CC97C70FF} = {27819572-7AC4-43ED-BB0E-5CC7FC6D5D27}
		{C0095E17-1C2D-4BFA-BB3E-4752D247EDF9} = {FD76DB24-3635-401F-A161-D79CC97C70FF}
		{415CF43D-BF93-4B83-A9A9-36FB74E66AD6} = {27819572-7AC4-43ED-BB0E-5CC7FC6D5D27}
		{8E5E43EE-C28D-4DE7-A57F-3FAAA7A58740} = {415CF43D-BF93-4B83-A9A9-36FB74E66AD6}
		{793E63CF-7D6B-417E-A354-B24A453FD42E} = {27819572-7AC4-43ED-BB0E-5CC7FC6D5D27}
		{58DB2FA4-1122-4674-AC99-77B2B214A95A} = {793E63CF-7D6B-417E-A354-B24A453FD42E}
		{9B040285-FBA3-4107-A60C-849DC9207CB2} = {F2559218-3A94-4247-A7F2-D4B91DD70E94}
		{D5537489-9A1E-4CD1-A35C-87E218A1858D} = {9B040285-FBA3-4107-A60C-849DC9207CB2}
		{DFA0C6D5-6A98-4623-9D84-5A161135B045} = {D5537489-9A1E-4CD1-A35C-87E218A1858D}
		{1B02AB9B-BF64-4754-8184-0385B0D1786F} = {DFA0C6D5-6A98-4623-9D84-5A161135B045}
		{8C84D2E1-81B2-4FED-95B4-51F4CAF61358} = {D5537489-9A1E-4CD1-A35C-87E218A1858D}
		{E6B88CF6-2725-4BB0-B62D-A85B81AD1361} = {8C84D2E1-81B2-4FED-95B4-51F4CAF61358}
		{5A0B2688-EF0B-4AAF-A451-9DF7ABD2B4B5} = {D5537489-9A1E-4CD1-A35C-87E218A1858D}
		{BA23B0E6-A5EB-44B5-8416-F9E435D4E481} = {5A0B2688-EF0B-4AAF-A451-9DF7ABD2B4B5}
		{A66C14DA-A285-4021-9611-791206C94133} = {D8FE9015-29F5-415B-9EBC-62448BF658C2}
		{D7711CAB-C43A-47BE-8F38-2D48530D8EFC} = {A66C14DA-A285-4021-9611-791206C94133}
		{11253ECB-5F03-47F9-8A3A-0A91C1DB5681} = {F2559218-3A94-4247-A7F2-D4B91DD70E94}
		{610E05AF-817A-4C8D-B992-3934DC48E4BC} = {11253ECB-5F03-47F9-8A3A-0A91C1DB5681}
		{CBA36697-CCE0-413A-875D-90C2BACDA7DE} = {610E05AF-817A-4C8D-B992-3934DC48E4BC}
		{D15822A9-15DF-4A75-B1B2-802CC7C95E09} = {29CC375B-9973-4B7F-8D9B-898A9C052BEE}
	EndGlobalSection
	GlobalSection(ExtensibilityGlobals) = postSolution
		SolutionGuid = {62F0005C-B16B-4F01-BBCC-BA540659D250}
	EndGlobalSection
EndGlobal
