
Microsoft Visual Studio Solution File, Format Version 12.00
# Visual Studio Version 17
VisualStudioVersion = 17.3.32825.248
MinimumVisualStudioVersion = 10.0.40219.1
Project("{2150E333-8FDC-42A3-9474-1A3956D46DE8}") = "C-Sharp Advanced 2022", "C-Sharp Advanced 2022", "{F2559218-3A94-4247-A7F2-D4B91DD70E94}"
EndProject
Project("{2150E333-8FDC-42A3-9474-1A3956D46DE8}") = "01.Stacks and Queues - Exercise", "01.Stacks and Queues - Exercise", "{CB2B8DD1-DF9E-449C-B533-3BA71B8BBE99}"
EndProject
Project("{2150E333-8FDC-42A3-9474-1A3956D46DE8}") = "02. Basic Queue Operations", "02. Basic Queue Operations", "{2111BDF7-1C4E-41AE-9215-DC0FFC937867}"
EndProject
Project("{9A19103F-16F7-4668-BE54-9A1E7A4F7556}") = "02. Basic Queue Operations", "02. Basic Queue Operations\02. Basic Queue Operations.csproj", "{E9FC5B08-7C11-4FC6-A7BF-8FA9311D7D5D}"
EndProject
Project("{2150E333-8FDC-42A3-9474-1A3956D46DE8}") = "03. Maximum and Minimum Element", "03. Maximum and Minimum Element", "{E9D6C892-B102-40D6-80BD-E13E6AD8687B}"
EndProject
Project("{9A19103F-16F7-4668-BE54-9A1E7A4F7556}") = "03. Maximum and Minimum Element", "03. Maximum and Minimum Element\03. Maximum and Minimum Element.csproj", "{1C0C87A9-97BD-43E8-9A20-A3CF021D86F0}"
EndProject
Project("{2150E333-8FDC-42A3-9474-1A3956D46DE8}") = "04. Fast Food", "04. Fast Food", "{CC442A4C-82D2-41CB-8A84-67C4F3A59BFC}"
EndProject
Project("{9A19103F-16F7-4668-BE54-9A1E7A4F7556}") = "04. Fast Food", "04. Fast Food\04. Fast Food.csproj", "{F97B8F6F-B717-498A-9753-0813289D47E0}"
EndProject
Project("{2150E333-8FDC-42A3-9474-1A3956D46DE8}") = "05. Fashion Boutique", "05. Fashion Boutique", "{AB940133-3E22-4104-8F30-C1EED0F607DE}"
EndProject
Project("{9A19103F-16F7-4668-BE54-9A1E7A4F7556}") = "05. Fashion Boutique", "05. Fashion Boutique\05. Fashion Boutique.csproj", "{6A4F122A-D3AD-4BA3-8854-AC5268ECCC69}"
EndProject
Project("{2150E333-8FDC-42A3-9474-1A3956D46DE8}") = "01. Basic Stack Operations", "01. Basic Stack Operations", "{C75D4398-CDAC-49C6-A21B-27E6C368C6FA}"
EndProject
Project("{9A19103F-16F7-4668-BE54-9A1E7A4F7556}") = "01. Basic Stack Operations", "01. Basic Stack Operations\01. Basic Stack Operations.csproj", "{E59A2D24-FEA2-4B0E-862B-2BFD78D113D4}"
EndProject
Project("{2150E333-8FDC-42A3-9474-1A3956D46DE8}") = "06. Songs Queue", "06. Songs Queue", "{3953370E-9898-4A44-9039-827120338B0F}"
EndProject
Project("{9A19103F-16F7-4668-BE54-9A1E7A4F7556}") = "06. Songs Queue", "06. Songs Queue\06. Songs Queue.csproj", "{3D7D0B52-B8E5-4124-9F71-1E6272585646}"
EndProject
Project("{2150E333-8FDC-42A3-9474-1A3956D46DE8}") = "01.Stacks and Queues-Labs", "01.Stacks and Queues-Labs", "{3A616DA1-3007-459E-91C8-FAC1EBE1154A}"
EndProject
Project("{2150E333-8FDC-42A3-9474-1A3956D46DE8}") = "01.Reverse String", "01.Reverse String", "{9A89DBB6-0D70-4D73-8741-C215E85F4E11}"
EndProject
Project("{9A19103F-16F7-4668-BE54-9A1E7A4F7556}") = "01.Reverse String", "01.Reverse String\01.Reverse String.csproj", "{2CFF0A81-3A67-4A07-9FFA-39BF4273D59C}"
EndProject
Project("{2150E333-8FDC-42A3-9474-1A3956D46DE8}") = "2. Stack Sum", "2. Stack Sum", "{9FA0EB0D-C29A-4DE5-8EA6-D8BBF60BA101}"
EndProject
Project("{9A19103F-16F7-4668-BE54-9A1E7A4F7556}") = "2. Stack Sum", "2. Stack Sum\2. Stack Sum.csproj", "{40016A75-3E33-4C36-A728-2E3009F81A5B}"
EndProject
Project("{2150E333-8FDC-42A3-9474-1A3956D46DE8}") = "3. Simple Calculator", "3. Simple Calculator", "{9F0DBF8B-D9D6-4E1C-BBCA-DBD9B226ABFE}"
EndProject
Project("{9A19103F-16F7-4668-BE54-9A1E7A4F7556}") = "3. Simple Calculator", "3. Simple Calculator\3. Simple Calculator.csproj", "{28A511DA-994C-4105-99C6-22EA353094B4}"
EndProject
Project("{2150E333-8FDC-42A3-9474-1A3956D46DE8}") = "4. Matching Brackets", "4. Matching Brackets", "{27BD8A86-D392-41F2-932D-26AE5455F443}"
EndProject
Project("{9A19103F-16F7-4668-BE54-9A1E7A4F7556}") = "4. Matching Brackets", "4. Matching Brackets\4. Matching Brackets.csproj", "{27375829-AE60-4359-B37F-D66E9A7164FD}"
EndProject
Project("{2150E333-8FDC-42A3-9474-1A3956D46DE8}") = "5. Print Even Numbers", "5. Print Even Numbers", "{E5AC5FBF-47F5-4FBB-AEA8-5D4B6F51A869}"
EndProject
Project("{9A19103F-16F7-4668-BE54-9A1E7A4F7556}") = "5. Print Even Numbers", "5. Print Even Numbers\5. Print Even Numbers.csproj", "{4E0A5DC8-D932-4164-B5CC-F140C898464E}"
EndProject
Project("{2150E333-8FDC-42A3-9474-1A3956D46DE8}") = "6. Supermarket", "6. Supermarket", "{125601B0-4074-425C-9C64-E69733D9790C}"
EndProject
Project("{9A19103F-16F7-4668-BE54-9A1E7A4F7556}") = "6. Supermarket", "6. Supermarket\6. Supermarket.csproj", "{CE47CB49-620F-4487-B7E3-E4A56411EA53}"
EndProject
Project("{2150E333-8FDC-42A3-9474-1A3956D46DE8}") = "7. Hot Potato", "7. Hot Potato", "{3E309D07-B776-4B18-9728-E866739B72B6}"
EndProject
Project("{9A19103F-16F7-4668-BE54-9A1E7A4F7556}") = "7. Hot Potato", "7. Hot Potato\7. Hot Potato.csproj", "{D72CCC4C-94DF-46AF-B777-B33EC3CF876A}"
EndProject
Project("{2150E333-8FDC-42A3-9474-1A3956D46DE8}") = "8. Traffic Jam", "8. Traffic Jam", "{D8E61D5B-AA23-40DD-941A-D6CFF849EAA9}"
EndProject
Project("{9A19103F-16F7-4668-BE54-9A1E7A4F7556}") = "8. Traffic Jam", "8. Traffic Jam\8. Traffic Jam.csproj", "{428EB8AE-20DD-4DE2-A99B-BE45CA784BED}"
EndProject
Project("{2150E333-8FDC-42A3-9474-1A3956D46DE8}") = "07. Truck Tour", "07. Truck Tour", "{08B6A393-A7E4-4EFC-A0B9-5814867FD2A7}"
EndProject
Project("{9A19103F-16F7-4668-BE54-9A1E7A4F7556}") = "07. Truck Tour", "07. Truck Tour\07. Truck Tour.csproj", "{D645B333-2EA1-421C-B9F0-E4D88E409F6E}"
EndProject
Project("{2150E333-8FDC-42A3-9474-1A3956D46DE8}") = "08. Balanced Parenthesis", "08. Balanced Parenthesis", "{D312ECCB-3DA1-4508-B2D5-45061F696D6B}"
EndProject
Project("{9A19103F-16F7-4668-BE54-9A1E7A4F7556}") = "08. Balanced Parenthesis", "08. Balanced Parenthesis\08. Balanced Parenthesis.csproj", "{0AF084CD-991A-4822-A4CB-FB048797DA8F}"
EndProject
Project("{2150E333-8FDC-42A3-9474-1A3956D46DE8}") = "09. Simple Text Editor", "09. Simple Text Editor", "{8388FF78-45DC-49E3-84C7-60241C845EBF}"
EndProject
Project("{9A19103F-16F7-4668-BE54-9A1E7A4F7556}") = "09. Simple Text Editor", "09. Simple Text Editor\09. Simple Text Editor.csproj", "{2585C53A-B515-4614-9825-407CAE514BF9}"
EndProject
Project("{2150E333-8FDC-42A3-9474-1A3956D46DE8}") = "10. Crossroads", "10. Crossroads", "{0BD642BA-0B38-47A0-BE92-4D1C9D877035}"
EndProject
Project("{9A19103F-16F7-4668-BE54-9A1E7A4F7556}") = "10. Crossroads", "10. Crossroads\10. Crossroads.csproj", "{5C231EBB-81C0-46A7-B933-F7B6D41A1433}"
EndProject
Project("{2150E333-8FDC-42A3-9474-1A3956D46DE8}") = "11. Key Revolver", "11. Key Revolver", "{B5727F73-CDCA-4482-BDD7-07744E868ABD}"
EndProject
Project("{9A19103F-16F7-4668-BE54-9A1E7A4F7556}") = "11. Key Revolver", "11. Key Revolver\11. Key Revolver.csproj", "{E5EE33D8-A676-4F4B-BF52-4F663A7970BD}"
EndProject
Project("{2150E333-8FDC-42A3-9474-1A3956D46DE8}") = "12. Cups and Bottles", "12. Cups and Bottles", "{CBC6CA10-29E7-435A-A105-B0B2734F07EF}"
EndProject
Project("{9A19103F-16F7-4668-BE54-9A1E7A4F7556}") = "12. Cups and Bottles", "12. Cups and Bottles\12. Cups and Bottles.csproj", "{98C7320B-58A8-4F82-8309-B8C6D783FD44}"
EndProject
Project("{2150E333-8FDC-42A3-9474-1A3956D46DE8}") = "02.Mltidimensional Arrays - Lab", "02.Mltidimensional Arrays - Lab", "{B4385583-F7FC-48E7-B141-C366FF58CF12}"
EndProject
Project("{2150E333-8FDC-42A3-9474-1A3956D46DE8}") = "1. Sum Matrix Elements", "1. Sum Matrix Elements", "{6F5371D9-D2E1-4C6D-B469-75A3483E2ADA}"
EndProject
Project("{9A19103F-16F7-4668-BE54-9A1E7A4F7556}") = "1. Sum Matrix Elements", "1. Sum Matrix Elements\1. Sum Matrix Elements.csproj", "{B962613D-ABF4-4411-AABD-CA10672A666F}"
EndProject
Project("{2150E333-8FDC-42A3-9474-1A3956D46DE8}") = "2. Sum Matrix Columns", "2. Sum Matrix Columns", "{E1FDBD5F-EB44-45FA-BA6D-D619B49C2A7A}"
EndProject
Project("{9A19103F-16F7-4668-BE54-9A1E7A4F7556}") = "2. Sum Matrix Columns", "2. Sum Matrix Columns\2. Sum Matrix Columns.csproj", "{E1F241A9-72BF-437B-9800-29EFCB177699}"
EndProject
Project("{2150E333-8FDC-42A3-9474-1A3956D46DE8}") = "3. Primary Diagonal", "3. Primary Diagonal", "{C4D40637-8EBE-4E01-AE15-DB6C8AE71DDA}"
EndProject
Project("{9A19103F-16F7-4668-BE54-9A1E7A4F7556}") = "3. Primary Diagonal", "3. Primary Diagonal\3. Primary Diagonal.csproj", "{DF83893B-93AC-4773-BCA1-EA31CDA14A30}"
EndProject
Project("{2150E333-8FDC-42A3-9474-1A3956D46DE8}") = "4. Symbol in Matrix", "4. Symbol in Matrix", "{D8ED6376-4228-452E-ADA2-AE2D059A32E6}"
EndProject
Project("{9A19103F-16F7-4668-BE54-9A1E7A4F7556}") = "4. Symbol in Matrix", "4. Symbol in Matrix\4. Symbol in Matrix.csproj", "{13207D8A-5E5D-4CAB-B450-6075A0EE492B}"
EndProject
Project("{2150E333-8FDC-42A3-9474-1A3956D46DE8}") = "5. Square With Maximum Sum", "5. Square With Maximum Sum", "{946EECC4-50C1-4D76-AD08-B8FE80AC6FB9}"
EndProject
Project("{9A19103F-16F7-4668-BE54-9A1E7A4F7556}") = "5. Square With Maximum Sum", "5. Square With Maximum Sum\5. Square With Maximum Sum.csproj", "{BE020742-8805-468A-AAD8-77FD93A71F32}"
EndProject
Project("{2150E333-8FDC-42A3-9474-1A3956D46DE8}") = "6. Jagged-Array Modification", "6. Jagged-Array Modification", "{E45898B0-EAC6-42EE-AC59-199238D8C421}"
EndProject
Project("{9A19103F-16F7-4668-BE54-9A1E7A4F7556}") = "6. Jagged-Array Modification", "6. Jagged-Array Modification\6. Jagged-Array Modification.csproj", "{DDD86771-40FF-47D8-A808-F71A52DB5FCD}"
EndProject
Project("{2150E333-8FDC-42A3-9474-1A3956D46DE8}") = "7. Pascal Triangle", "7. Pascal Triangle", "{D3203361-CA88-4A72-994A-F53EA4DA73E8}"
EndProject
Project("{9A19103F-16F7-4668-BE54-9A1E7A4F7556}") = "7. Pascal Triangle", "7. Pascal Triangle\7. Pascal Triangle.csproj", "{27C144A6-2F11-47C2-B7A8-3F99F0633807}"
EndProject
Project("{2150E333-8FDC-42A3-9474-1A3956D46DE8}") = "02.Multidimensional Arrays - Exercise", "02.Multidimensional Arrays - Exercise", "{FBD856DB-C057-4860-980B-A0E4D89B7887}"
EndProject
Project("{2150E333-8FDC-42A3-9474-1A3956D46DE8}") = "01. Diagonal Difference", "01. Diagonal Difference", "{D3AA17A8-A4F1-42D8-B135-063F5DDF6A4C}"
EndProject
Project("{9A19103F-16F7-4668-BE54-9A1E7A4F7556}") = "1. Diagonal Difference", "1. Diagonal Difference\1. Diagonal Difference.csproj", "{07E59566-618E-49BB-ACD4-8B9C5A45FF13}"
EndProject
Project("{2150E333-8FDC-42A3-9474-1A3956D46DE8}") = "02. Squares in Matrix", "02. Squares in Matrix", "{05EE67A3-5696-44EA-9A8C-8B33BDDA133C}"
EndProject
Project("{9A19103F-16F7-4668-BE54-9A1E7A4F7556}") = "2. Squares in Matrix", "2. Squares in Matrix\2. Squares in Matrix.csproj", "{06563959-91C4-46F4-93DC-2BC7101855A5}"
EndProject
Project("{2150E333-8FDC-42A3-9474-1A3956D46DE8}") = "03. Maximal Sum", "03. Maximal Sum", "{6943F3B4-8C51-4277-949B-1879791D72C4}"
EndProject
Project("{9A19103F-16F7-4668-BE54-9A1E7A4F7556}") = "3. Maximal Sum", "3. Maximal Sum\3. Maximal Sum.csproj", "{ED5935A7-B906-4E22-9506-1504E811689D}"
EndProject
Project("{2150E333-8FDC-42A3-9474-1A3956D46DE8}") = "04. Matrix Shuffling", "04. Matrix Shuffling", "{84163A9C-4513-427A-A147-FD0B72CF0BD4}"
EndProject
Project("{9A19103F-16F7-4668-BE54-9A1E7A4F7556}") = "4. Matrix Shuffling", "4. Matrix Shuffling\4. Matrix Shuffling.csproj", "{8461F31E-1201-4EB6-A8DE-EE3E6E073753}"
EndProject
Project("{2150E333-8FDC-42A3-9474-1A3956D46DE8}") = "05. Snake Moves", "05. Snake Moves", "{782642FD-4BCB-4EEC-8987-EE45BB1B8F78}"
EndProject
Project("{9A19103F-16F7-4668-BE54-9A1E7A4F7556}") = "5. Snake Moves", "5. Snake Moves\5. Snake Moves.csproj", "{26699451-17DB-4C53-837C-2E0043122CD5}"
EndProject
Project("{2150E333-8FDC-42A3-9474-1A3956D46DE8}") = "06. Jagged Array Manipulator", "06. Jagged Array Manipulator", "{E7D4A7B8-DB38-40A3-90FE-E5D42A13F816}"
EndProject
Project("{9A19103F-16F7-4668-BE54-9A1E7A4F7556}") = "6. Jagged Array Manipulator", "6. Jagged Array Manipulator\6. Jagged Array Manipulator.csproj", "{977C6690-0761-45F8-B135-9ACCA2D9F5BF}"
EndProject
Project("{2150E333-8FDC-42A3-9474-1A3956D46DE8}") = "07. Knight Game", "07. Knight Game", "{6CDEEFA9-6F98-4C62-83F3-C243BEA21EA9}"
EndProject
Project("{9A19103F-16F7-4668-BE54-9A1E7A4F7556}") = "7. Knight Game", "7. Knight Game\7. Knight Game.csproj", "{6BEFE4A5-6BE0-49BE-AA0B-64391E08185A}"
EndProject
Project("{2150E333-8FDC-42A3-9474-1A3956D46DE8}") = "08. Bombs", "08. Bombs", "{F9E0960D-958B-4B3D-8BAE-DD7C5AFF4446}"
EndProject
Project("{9A19103F-16F7-4668-BE54-9A1E7A4F7556}") = "8. Bombs", "8. Bombs\8. Bombs.csproj", "{AC76ACDA-9350-4DE9-90A4-6ADF864F8039}"
EndProject
Project("{2150E333-8FDC-42A3-9474-1A3956D46DE8}") = "09. Miner", "09. Miner", "{89803234-AAD9-4230-B925-4B0AB672C40A}"
EndProject
Project("{9A19103F-16F7-4668-BE54-9A1E7A4F7556}") = "9. Miner", "9. Miner\9. Miner.csproj", "{D64F9CBE-6669-439B-98DB-3ED43131E948}"
EndProject
Project("{2150E333-8FDC-42A3-9474-1A3956D46DE8}") = "10. Radioactive Mutant Vampire Bunnies", "10. Radioactive Mutant Vampire Bunnies", "{869BEF29-1C67-43F2-B6B2-51ECC1D5E524}"
EndProject
Project("{9A19103F-16F7-4668-BE54-9A1E7A4F7556}") = "10.Radioactive", "10.Radioactive\10.Radioactive.csproj", "{3A61EAA9-F7C5-4E3B-9E46-50D668DFFAA8}"
EndProject
Project("{2150E333-8FDC-42A3-9474-1A3956D46DE8}") = "01. Basic Stack Operations", "01. Basic Stack Operations", "{26803D52-7B25-4ED0-995C-28DC5F1FFD6E}"
EndProject
Project("{9A19103F-16F7-4668-BE54-9A1E7A4F7556}") = "01. Basic Stack", "01. Basic Stack\01. Basic Stack.csproj", "{76421A40-C6DB-4AA7-9B5F-CC74C9BEE147}"
EndProject
Project("{2150E333-8FDC-42A3-9474-1A3956D46DE8}") = "03.Sets and Dictionaries Advanced - Lab", "03.Sets and Dictionaries Advanced - Lab", "{9E5BE541-67EA-42BF-93AF-FFEF8345039F}"
EndProject
Project("{2150E333-8FDC-42A3-9474-1A3956D46DE8}") = "03.Sets and Dictionaries Advanced-Exe", "03.Sets and Dictionaries Advanced-Exe", "{D258C3B9-5830-4BC3-A33C-8A52852D15A7}"
EndProject
Project("{2150E333-8FDC-42A3-9474-1A3956D46DE8}") = "01. Count Same Values in Array", "01. Count Same Values in Array", "{2A550C35-B23F-4711-8C11-F8FAB5B6311A}"
EndProject
Project("{9A19103F-16F7-4668-BE54-9A1E7A4F7556}") = "01. Count Same Values in Arrayy", "01. Count Same Values in Arrayy\01. Count Same Values in Arrayy.csproj", "{348DB6FA-FB6B-48CF-9725-93BF8714BE32}"
EndProject
Project("{2150E333-8FDC-42A3-9474-1A3956D46DE8}") = "02. Average Student Grades", "02. Average Student Grades", "{410BED60-4EFF-49E0-87A6-480626C44716}"
EndProject
Project("{9A19103F-16F7-4668-BE54-9A1E7A4F7556}") = "02. Average Student Grades", "02. Average Student Grades\02. Average Student Grades.csproj", "{36F8777F-BEE7-431B-B053-ECD9BC0DBF54}"
EndProject
Project("{2150E333-8FDC-42A3-9474-1A3956D46DE8}") = "03. Largest 3 Numbers", "03. Largest 3 Numbers", "{EC0F1238-05AC-4220-8A96-B08BEE7751FC}"
EndProject
Project("{9A19103F-16F7-4668-BE54-9A1E7A4F7556}") = "03. Largest 3 Numbers", "03. Largest 3 Numbers\03. Largest 3 Numbers.csproj", "{671ED949-B1BD-4B5B-B122-FDCDC378AE09}"
EndProject
Project("{2150E333-8FDC-42A3-9474-1A3956D46DE8}") = "04. Product Shop", "04. Product Shop", "{43B8E72A-9C78-4ECA-8965-02C91DFF5566}"
EndProject
Project("{9A19103F-16F7-4668-BE54-9A1E7A4F7556}") = "04. Product Shop", "04. Product Shop\04. Product Shop.csproj", "{39DE1B50-93A4-4A0A-99C2-0539BC106C53}"
EndProject
Project("{2150E333-8FDC-42A3-9474-1A3956D46DE8}") = "05. Cities by Continent and Country", "05. Cities by Continent and Country", "{81572044-04FB-4D69-AA74-B579226462B6}"
EndProject
Project("{9A19103F-16F7-4668-BE54-9A1E7A4F7556}") = "05. Cities by Continent and Country", "05. Cities by Continent and Country\05. Cities by Continent and Country.csproj", "{848BD609-763C-4997-A934-F46F04EB9887}"
EndProject
Project("{2150E333-8FDC-42A3-9474-1A3956D46DE8}") = "06. Record Unique Names", "06. Record Unique Names", "{B34121DB-1A04-441E-BF23-3CFD55FCA379}"
EndProject
Project("{9A19103F-16F7-4668-BE54-9A1E7A4F7556}") = "06. Record Unique Names", "06. Record Unique Names\06. Record Unique Names.csproj", "{62969F11-6403-4C2A-89F0-2831B8E691EA}"
EndProject
Project("{2150E333-8FDC-42A3-9474-1A3956D46DE8}") = "07. Parking Lot", "07. Parking Lot", "{216F54D0-19C3-4F7B-B6FC-DA5762BA0840}"
EndProject
Project("{9A19103F-16F7-4668-BE54-9A1E7A4F7556}") = "07. Parking Lot", "07. Parking Lot\07. Parking Lot.csproj", "{9E8DDF27-3363-4BEA-A65B-EEA0043AD07E}"
EndProject
Project("{2150E333-8FDC-42A3-9474-1A3956D46DE8}") = "08. SoftUni Party", "08. SoftUni Party", "{196D1E9E-217D-433C-BC7E-AB4E6BD11541}"
EndProject
Project("{9A19103F-16F7-4668-BE54-9A1E7A4F7556}") = "08. SoftUni Party", "08. SoftUni Party\08. SoftUni Party.csproj", "{DBB87BF8-4AAC-4687-B58D-1ABA518C3198}"
EndProject
Project("{2150E333-8FDC-42A3-9474-1A3956D46DE8}") = "01. Unique Usernames", "01. Unique Usernames", "{AB6CB9C1-A406-459B-A639-F588B4556DF9}"
EndProject
Project("{9A19103F-16F7-4668-BE54-9A1E7A4F7556}") = "01. Unique Usernames", "01. Unique Usernames\01. Unique Usernames.csproj", "{A24D866E-2B4C-42D3-8CE4-B220F2A02F2B}"
EndProject
Project("{2150E333-8FDC-42A3-9474-1A3956D46DE8}") = "02. Sets of Elements", "02. Sets of Elements", "{72BE8D5C-F6E9-4FE0-A004-4CD8D09BD4A6}"
EndProject
Project("{9A19103F-16F7-4668-BE54-9A1E7A4F7556}") = "02. Sets of Elements", "02. Sets of Elements\02. Sets of Elements.csproj", "{825743D2-2DD4-478C-900A-A4FFDEC5FCB8}"
EndProject
Project("{2150E333-8FDC-42A3-9474-1A3956D46DE8}") = "03. Periodic Table", "03. Periodic Table", "{5A311669-B651-49FE-939D-21855EAB270B}"
EndProject
Project("{9A19103F-16F7-4668-BE54-9A1E7A4F7556}") = "03. Periodic Table", "03. Periodic Table\03. Periodic Table.csproj", "{D5254B50-C5EE-43D2-AB35-9D321BC99443}"
EndProject
Project("{2150E333-8FDC-42A3-9474-1A3956D46DE8}") = "04. Even Times", "04. Even Times", "{906D9198-74B4-497E-A995-0D72413140B1}"
EndProject
Project("{9A19103F-16F7-4668-BE54-9A1E7A4F7556}") = "04. Even Times", "04. Even Times\04. Even Times.csproj", "{FB1DC47B-E184-48D1-AA8F-6E2C2A2AA9A7}"
EndProject
Project("{2150E333-8FDC-42A3-9474-1A3956D46DE8}") = "05. Count Symbols", "05. Count Symbols", "{79F986BD-23F4-4984-8A63-090CF2A7A415}"
EndProject
Project("{9A19103F-16F7-4668-BE54-9A1E7A4F7556}") = "05. Count Symbols", "05. Count Symbols\05. Count Symbols.csproj", "{3426674E-4713-4CB8-B897-1045BCDE2E82}"
EndProject
Project("{2150E333-8FDC-42A3-9474-1A3956D46DE8}") = "06. Wardrobe", "06. Wardrobe", "{FB9797B7-D167-4CC2-8C26-2E5CA4ECB6AF}"
EndProject
Project("{9A19103F-16F7-4668-BE54-9A1E7A4F7556}") = "06. Wardrobe", "06. Wardrobe\06. Wardrobe.csproj", "{5DD9AC13-C2A4-491F-B60F-E8F8F94B5E14}"
EndProject
Project("{2150E333-8FDC-42A3-9474-1A3956D46DE8}") = "07. The V-Logger", "07. The V-Logger", "{1819F240-E093-4651-8A47-90EBC5F7BE94}"
EndProject
Project("{9A19103F-16F7-4668-BE54-9A1E7A4F7556}") = "07. The V-Logger", "07. The V-Logger\07. The V-Logger.csproj", "{C748BD43-5526-475E-A759-A9502005B24B}"
EndProject
Project("{2150E333-8FDC-42A3-9474-1A3956D46DE8}") = "08. Ranking", "08. Ranking", "{203E14B6-185F-41AA-B660-910C229D637A}"
EndProject
Project("{9A19103F-16F7-4668-BE54-9A1E7A4F7556}") = "08. Ranking", "08. Ranking\08. Ranking.csproj", "{1453B519-A35D-4825-A15F-4554775D5E99}"
EndProject
Project("{2150E333-8FDC-42A3-9474-1A3956D46DE8}") = "09. SoftUni Exam Results", "09. SoftUni Exam Results", "{EAB226F5-15BF-4E8C-99FA-3D900680A410}"
EndProject
Project("{9A19103F-16F7-4668-BE54-9A1E7A4F7556}") = "09. SoftUni Exam Results", "09. SoftUni Exam Results\09. SoftUni Exam Results.csproj", "{97225A94-AF09-4278-A084-FF0E35BDF02E}"
EndProject
Project("{2150E333-8FDC-42A3-9474-1A3956D46DE8}") = "10. ForceBook", "10. ForceBook", "{B4C27250-75A4-4A98-9350-FAE0A80C75BC}"
EndProject
Project("{9A19103F-16F7-4668-BE54-9A1E7A4F7556}") = "10. ForceBook", "10. ForceBook\10. ForceBook.csproj", "{6E0DCCFC-1568-494A-B4F6-4B7522A5668C}"
EndProject
Project("{2150E333-8FDC-42A3-9474-1A3956D46DE8}") = "04.Streams, Files and Directories - Exe", "04.Streams, Files and Directories - Exe", "{C9D51A3B-987E-42CE-AC34-0EC7CAF1D1B7}"
EndProject
Project("{2150E333-8FDC-42A3-9474-1A3956D46DE8}") = "04.Streams, Files and Dictories-Lab", "04.Streams, Files and Dictories-Lab", "{458887EE-879E-4640-B075-DD1A429848BE}"
EndProject
Project("{9A19103F-16F7-4668-BE54-9A1E7A4F7556}") = "01. Odd Lines", "01. Odd Lines\01. Odd Lines.csproj", "{E05BC5D3-BD3D-40FF-87F3-721D8F3DEE61}"
EndProject
Project("{9A19103F-16F7-4668-BE54-9A1E7A4F7556}") = "02. Line Numbers", "02. Line Numbers\02. Line Numbers.csproj", "{E74C408A-E39F-40C9-9AA2-A277FD68BC23}"
EndProject
Project("{9A19103F-16F7-4668-BE54-9A1E7A4F7556}") = "03. Word Count", "03. Word Count\03. Word Count.csproj", "{00C3E9D9-2B03-4E2E-9BF3-DB34CC4CBA93}"
EndProject
Project("{9A19103F-16F7-4668-BE54-9A1E7A4F7556}") = "04. Merge Text Files", "04. Merge Text Files\04. Merge Text Files.csproj", "{DB1E1809-CA06-4CED-B82A-B3F8ED226A93}"
EndProject
Project("{9A19103F-16F7-4668-BE54-9A1E7A4F7556}") = "05. Extract Special Bytes", "05. Extract Special Bytes\05. Extract Special Bytes.csproj", "{DCA3222A-3506-4DE7-B56E-29994A7CAB4D}"
EndProject
Project("{9A19103F-16F7-4668-BE54-9A1E7A4F7556}") = "06. Split, Merge Binary Files", "06. Split, Merge Binary Files\06. Split, Merge Binary Files.csproj", "{781CD87B-FFD3-410D-921E-EB5CD17C3FD8}"
EndProject
Project("{9A19103F-16F7-4668-BE54-9A1E7A4F7556}") = "07. Folder Size", "07. Folder Size\07. Folder Size.csproj", "{8CA477E0-18A3-4826-B1D9-2BDCCFE6F8B5}"
EndProject
Project("{2150E333-8FDC-42A3-9474-1A3956D46DE8}") = "01. Even Lines", "01. Even Lines", "{B1CA924C-5C96-491E-AAAE-6AE9C3E231C4}"
	ProjectSection(SolutionItems) = preProject
		..\..\..\..\OneDrive\Работен плот\EvenLines\EvenLines.cs = ..\..\..\..\OneDrive\Работен плот\EvenLines\EvenLines.cs
		..\..\..\..\OneDrive\Работен плот\EvenLines\EvenLines.csproj = ..\..\..\..\OneDrive\Работен плот\EvenLines\EvenLines.csproj
		..\..\..\..\OneDrive\Работен плот\EvenLines\text.txt = ..\..\..\..\OneDrive\Работен плот\EvenLines\text.txt
	EndProjectSection
EndProject
Project("{9A19103F-16F7-4668-BE54-9A1E7A4F7556}") = "01. Even Lines", "01. Even Lines\01. Even Lines.csproj", "{3B9BA5D6-E9D3-409F-90FA-1B43C9581C0F}"
EndProject
Project("{2150E333-8FDC-42A3-9474-1A3956D46DE8}") = "02. Line Numbers", "02. Line Numbers", "{66E7D1B0-2829-45BF-9DA0-AF99E4FB5FB2}"
EndProject
Project("{FAE04EC0-301F-11D3-BF4B-00C04F79EFBC}") = "02. Line Numberss", "02. Line Numberss\02. Line Numberss.csproj", "{117224C1-A945-436D-A38B-C4FA8E17F081}"
EndProject
Project("{2150E333-8FDC-42A3-9474-1A3956D46DE8}") = "03. Copy Binary File", "03. Copy Binary File", "{2E3D7D34-48E3-4226-8A9C-BC10EF267BF0}"
EndProject
Project("{FAE04EC0-301F-11D3-BF4B-00C04F79EFBC}") = "03. Copy Binary File", "03. Copy Binary File\03. Copy Binary File.csproj", "{8C6655BA-3FB2-422A-BB67-DECF590E8148}"
EndProject
Project("{2150E333-8FDC-42A3-9474-1A3956D46DE8}") = "04. Directory Traversal", "04. Directory Traversal", "{304B31C1-8B42-4CBE-A671-7F7ED1239FB1}"
EndProject
Project("{FAE04EC0-301F-11D3-BF4B-00C04F79EFBC}") = "04. Directory Traversal", "04. Directory Traversal\04. Directory Traversal.csproj", "{848149CE-70A9-4AF5-A46E-F930B8419845}"
EndProject
Project("{2150E333-8FDC-42A3-9474-1A3956D46DE8}") = "05. Copy Directory", "05. Copy Directory", "{A4B22A34-02AA-4A52-AA8F-5A9EE98BA0C5}"
EndProject
Project("{FAE04EC0-301F-11D3-BF4B-00C04F79EFBC}") = "05. Copy Directory", "05. Copy Directory\05. Copy Directory.csproj", "{92035986-B5D0-4E13-BA78-022354BE5CDC}"
EndProject
Project("{2150E333-8FDC-42A3-9474-1A3956D46DE8}") = "06. Zip and Extracts", "06. Zip and Extracts", "{3DB5534E-CFEC-4041-A312-2DE74CF75497}"
EndProject
Project("{FAE04EC0-301F-11D3-BF4B-00C04F79EFBC}") = "06. Zip and Extracts", "06. Zip and Extracts\06. Zip and Extracts.csproj", "{4DC12ABE-BE86-4EFF-9841-724FD62638C2}"
EndProject
Global
	GlobalSection(SolutionConfigurationPlatforms) = preSolution
		Debug|Any CPU = Debug|Any CPU
		Release|Any CPU = Release|Any CPU
	EndGlobalSection
	GlobalSection(ProjectConfigurationPlatforms) = postSolution
		{E9FC5B08-7C11-4FC6-A7BF-8FA9311D7D5D}.Debug|Any CPU.ActiveCfg = Debug|Any CPU
		{E9FC5B08-7C11-4FC6-A7BF-8FA9311D7D5D}.Debug|Any CPU.Build.0 = Debug|Any CPU
		{E9FC5B08-7C11-4FC6-A7BF-8FA9311D7D5D}.Release|Any CPU.ActiveCfg = Release|Any CPU
		{E9FC5B08-7C11-4FC6-A7BF-8FA9311D7D5D}.Release|Any CPU.Build.0 = Release|Any CPU
		{1C0C87A9-97BD-43E8-9A20-A3CF021D86F0}.Debug|Any CPU.ActiveCfg = Debug|Any CPU
		{1C0C87A9-97BD-43E8-9A20-A3CF021D86F0}.Debug|Any CPU.Build.0 = Debug|Any CPU
		{1C0C87A9-97BD-43E8-9A20-A3CF021D86F0}.Release|Any CPU.ActiveCfg = Release|Any CPU
		{1C0C87A9-97BD-43E8-9A20-A3CF021D86F0}.Release|Any CPU.Build.0 = Release|Any CPU
		{F97B8F6F-B717-498A-9753-0813289D47E0}.Debug|Any CPU.ActiveCfg = Debug|Any CPU
		{F97B8F6F-B717-498A-9753-0813289D47E0}.Debug|Any CPU.Build.0 = Debug|Any CPU
		{F97B8F6F-B717-498A-9753-0813289D47E0}.Release|Any CPU.ActiveCfg = Release|Any CPU
		{F97B8F6F-B717-498A-9753-0813289D47E0}.Release|Any CPU.Build.0 = Release|Any CPU
		{6A4F122A-D3AD-4BA3-8854-AC5268ECCC69}.Debug|Any CPU.ActiveCfg = Debug|Any CPU
		{6A4F122A-D3AD-4BA3-8854-AC5268ECCC69}.Debug|Any CPU.Build.0 = Debug|Any CPU
		{6A4F122A-D3AD-4BA3-8854-AC5268ECCC69}.Release|Any CPU.ActiveCfg = Release|Any CPU
		{6A4F122A-D3AD-4BA3-8854-AC5268ECCC69}.Release|Any CPU.Build.0 = Release|Any CPU
		{E59A2D24-FEA2-4B0E-862B-2BFD78D113D4}.Debug|Any CPU.ActiveCfg = Debug|Any CPU
		{E59A2D24-FEA2-4B0E-862B-2BFD78D113D4}.Debug|Any CPU.Build.0 = Debug|Any CPU
		{E59A2D24-FEA2-4B0E-862B-2BFD78D113D4}.Release|Any CPU.ActiveCfg = Release|Any CPU
		{E59A2D24-FEA2-4B0E-862B-2BFD78D113D4}.Release|Any CPU.Build.0 = Release|Any CPU
		{3D7D0B52-B8E5-4124-9F71-1E6272585646}.Debug|Any CPU.ActiveCfg = Debug|Any CPU
		{3D7D0B52-B8E5-4124-9F71-1E6272585646}.Debug|Any CPU.Build.0 = Debug|Any CPU
		{3D7D0B52-B8E5-4124-9F71-1E6272585646}.Release|Any CPU.ActiveCfg = Release|Any CPU
		{3D7D0B52-B8E5-4124-9F71-1E6272585646}.Release|Any CPU.Build.0 = Release|Any CPU
		{2CFF0A81-3A67-4A07-9FFA-39BF4273D59C}.Debug|Any CPU.ActiveCfg = Debug|Any CPU
		{2CFF0A81-3A67-4A07-9FFA-39BF4273D59C}.Debug|Any CPU.Build.0 = Debug|Any CPU
		{2CFF0A81-3A67-4A07-9FFA-39BF4273D59C}.Release|Any CPU.ActiveCfg = Release|Any CPU
		{2CFF0A81-3A67-4A07-9FFA-39BF4273D59C}.Release|Any CPU.Build.0 = Release|Any CPU
		{40016A75-3E33-4C36-A728-2E3009F81A5B}.Debug|Any CPU.ActiveCfg = Debug|Any CPU
		{40016A75-3E33-4C36-A728-2E3009F81A5B}.Debug|Any CPU.Build.0 = Debug|Any CPU
		{40016A75-3E33-4C36-A728-2E3009F81A5B}.Release|Any CPU.ActiveCfg = Release|Any CPU
		{40016A75-3E33-4C36-A728-2E3009F81A5B}.Release|Any CPU.Build.0 = Release|Any CPU
		{28A511DA-994C-4105-99C6-22EA353094B4}.Debug|Any CPU.ActiveCfg = Debug|Any CPU
		{28A511DA-994C-4105-99C6-22EA353094B4}.Debug|Any CPU.Build.0 = Debug|Any CPU
		{28A511DA-994C-4105-99C6-22EA353094B4}.Release|Any CPU.ActiveCfg = Release|Any CPU
		{28A511DA-994C-4105-99C6-22EA353094B4}.Release|Any CPU.Build.0 = Release|Any CPU
		{27375829-AE60-4359-B37F-D66E9A7164FD}.Debug|Any CPU.ActiveCfg = Debug|Any CPU
		{27375829-AE60-4359-B37F-D66E9A7164FD}.Debug|Any CPU.Build.0 = Debug|Any CPU
		{27375829-AE60-4359-B37F-D66E9A7164FD}.Release|Any CPU.ActiveCfg = Release|Any CPU
		{27375829-AE60-4359-B37F-D66E9A7164FD}.Release|Any CPU.Build.0 = Release|Any CPU
		{4E0A5DC8-D932-4164-B5CC-F140C898464E}.Debug|Any CPU.ActiveCfg = Debug|Any CPU
		{4E0A5DC8-D932-4164-B5CC-F140C898464E}.Debug|Any CPU.Build.0 = Debug|Any CPU
		{4E0A5DC8-D932-4164-B5CC-F140C898464E}.Release|Any CPU.ActiveCfg = Release|Any CPU
		{4E0A5DC8-D932-4164-B5CC-F140C898464E}.Release|Any CPU.Build.0 = Release|Any CPU
		{CE47CB49-620F-4487-B7E3-E4A56411EA53}.Debug|Any CPU.ActiveCfg = Debug|Any CPU
		{CE47CB49-620F-4487-B7E3-E4A56411EA53}.Debug|Any CPU.Build.0 = Debug|Any CPU
		{CE47CB49-620F-4487-B7E3-E4A56411EA53}.Release|Any CPU.ActiveCfg = Release|Any CPU
		{CE47CB49-620F-4487-B7E3-E4A56411EA53}.Release|Any CPU.Build.0 = Release|Any CPU
		{D72CCC4C-94DF-46AF-B777-B33EC3CF876A}.Debug|Any CPU.ActiveCfg = Debug|Any CPU
		{D72CCC4C-94DF-46AF-B777-B33EC3CF876A}.Debug|Any CPU.Build.0 = Debug|Any CPU
		{D72CCC4C-94DF-46AF-B777-B33EC3CF876A}.Release|Any CPU.ActiveCfg = Release|Any CPU
		{D72CCC4C-94DF-46AF-B777-B33EC3CF876A}.Release|Any CPU.Build.0 = Release|Any CPU
		{428EB8AE-20DD-4DE2-A99B-BE45CA784BED}.Debug|Any CPU.ActiveCfg = Debug|Any CPU
		{428EB8AE-20DD-4DE2-A99B-BE45CA784BED}.Debug|Any CPU.Build.0 = Debug|Any CPU
		{428EB8AE-20DD-4DE2-A99B-BE45CA784BED}.Release|Any CPU.ActiveCfg = Release|Any CPU
		{428EB8AE-20DD-4DE2-A99B-BE45CA784BED}.Release|Any CPU.Build.0 = Release|Any CPU
		{D645B333-2EA1-421C-B9F0-E4D88E409F6E}.Debug|Any CPU.ActiveCfg = Debug|Any CPU
		{D645B333-2EA1-421C-B9F0-E4D88E409F6E}.Debug|Any CPU.Build.0 = Debug|Any CPU
		{D645B333-2EA1-421C-B9F0-E4D88E409F6E}.Release|Any CPU.ActiveCfg = Release|Any CPU
		{D645B333-2EA1-421C-B9F0-E4D88E409F6E}.Release|Any CPU.Build.0 = Release|Any CPU
		{0AF084CD-991A-4822-A4CB-FB048797DA8F}.Debug|Any CPU.ActiveCfg = Debug|Any CPU
		{0AF084CD-991A-4822-A4CB-FB048797DA8F}.Debug|Any CPU.Build.0 = Debug|Any CPU
		{0AF084CD-991A-4822-A4CB-FB048797DA8F}.Release|Any CPU.ActiveCfg = Release|Any CPU
		{0AF084CD-991A-4822-A4CB-FB048797DA8F}.Release|Any CPU.Build.0 = Release|Any CPU
		{2585C53A-B515-4614-9825-407CAE514BF9}.Debug|Any CPU.ActiveCfg = Debug|Any CPU
		{2585C53A-B515-4614-9825-407CAE514BF9}.Debug|Any CPU.Build.0 = Debug|Any CPU
		{2585C53A-B515-4614-9825-407CAE514BF9}.Release|Any CPU.ActiveCfg = Release|Any CPU
		{2585C53A-B515-4614-9825-407CAE514BF9}.Release|Any CPU.Build.0 = Release|Any CPU
		{5C231EBB-81C0-46A7-B933-F7B6D41A1433}.Debug|Any CPU.ActiveCfg = Debug|Any CPU
		{5C231EBB-81C0-46A7-B933-F7B6D41A1433}.Debug|Any CPU.Build.0 = Debug|Any CPU
		{5C231EBB-81C0-46A7-B933-F7B6D41A1433}.Release|Any CPU.ActiveCfg = Release|Any CPU
		{5C231EBB-81C0-46A7-B933-F7B6D41A1433}.Release|Any CPU.Build.0 = Release|Any CPU
		{E5EE33D8-A676-4F4B-BF52-4F663A7970BD}.Debug|Any CPU.ActiveCfg = Debug|Any CPU
		{E5EE33D8-A676-4F4B-BF52-4F663A7970BD}.Debug|Any CPU.Build.0 = Debug|Any CPU
		{E5EE33D8-A676-4F4B-BF52-4F663A7970BD}.Release|Any CPU.ActiveCfg = Release|Any CPU
		{E5EE33D8-A676-4F4B-BF52-4F663A7970BD}.Release|Any CPU.Build.0 = Release|Any CPU
		{98C7320B-58A8-4F82-8309-B8C6D783FD44}.Debug|Any CPU.ActiveCfg = Debug|Any CPU
		{98C7320B-58A8-4F82-8309-B8C6D783FD44}.Debug|Any CPU.Build.0 = Debug|Any CPU
		{98C7320B-58A8-4F82-8309-B8C6D783FD44}.Release|Any CPU.ActiveCfg = Release|Any CPU
		{98C7320B-58A8-4F82-8309-B8C6D783FD44}.Release|Any CPU.Build.0 = Release|Any CPU
		{B962613D-ABF4-4411-AABD-CA10672A666F}.Debug|Any CPU.ActiveCfg = Debug|Any CPU
		{B962613D-ABF4-4411-AABD-CA10672A666F}.Debug|Any CPU.Build.0 = Debug|Any CPU
		{B962613D-ABF4-4411-AABD-CA10672A666F}.Release|Any CPU.ActiveCfg = Release|Any CPU
		{B962613D-ABF4-4411-AABD-CA10672A666F}.Release|Any CPU.Build.0 = Release|Any CPU
		{E1F241A9-72BF-437B-9800-29EFCB177699}.Debug|Any CPU.ActiveCfg = Debug|Any CPU
		{E1F241A9-72BF-437B-9800-29EFCB177699}.Debug|Any CPU.Build.0 = Debug|Any CPU
		{E1F241A9-72BF-437B-9800-29EFCB177699}.Release|Any CPU.ActiveCfg = Release|Any CPU
		{E1F241A9-72BF-437B-9800-29EFCB177699}.Release|Any CPU.Build.0 = Release|Any CPU
		{DF83893B-93AC-4773-BCA1-EA31CDA14A30}.Debug|Any CPU.ActiveCfg = Debug|Any CPU
		{DF83893B-93AC-4773-BCA1-EA31CDA14A30}.Debug|Any CPU.Build.0 = Debug|Any CPU
		{DF83893B-93AC-4773-BCA1-EA31CDA14A30}.Release|Any CPU.ActiveCfg = Release|Any CPU
		{DF83893B-93AC-4773-BCA1-EA31CDA14A30}.Release|Any CPU.Build.0 = Release|Any CPU
		{13207D8A-5E5D-4CAB-B450-6075A0EE492B}.Debug|Any CPU.ActiveCfg = Debug|Any CPU
		{13207D8A-5E5D-4CAB-B450-6075A0EE492B}.Debug|Any CPU.Build.0 = Debug|Any CPU
		{13207D8A-5E5D-4CAB-B450-6075A0EE492B}.Release|Any CPU.ActiveCfg = Release|Any CPU
		{13207D8A-5E5D-4CAB-B450-6075A0EE492B}.Release|Any CPU.Build.0 = Release|Any CPU
		{BE020742-8805-468A-AAD8-77FD93A71F32}.Debug|Any CPU.ActiveCfg = Debug|Any CPU
		{BE020742-8805-468A-AAD8-77FD93A71F32}.Debug|Any CPU.Build.0 = Debug|Any CPU
		{BE020742-8805-468A-AAD8-77FD93A71F32}.Release|Any CPU.ActiveCfg = Release|Any CPU
		{BE020742-8805-468A-AAD8-77FD93A71F32}.Release|Any CPU.Build.0 = Release|Any CPU
		{DDD86771-40FF-47D8-A808-F71A52DB5FCD}.Debug|Any CPU.ActiveCfg = Debug|Any CPU
		{DDD86771-40FF-47D8-A808-F71A52DB5FCD}.Debug|Any CPU.Build.0 = Debug|Any CPU
		{DDD86771-40FF-47D8-A808-F71A52DB5FCD}.Release|Any CPU.ActiveCfg = Release|Any CPU
		{DDD86771-40FF-47D8-A808-F71A52DB5FCD}.Release|Any CPU.Build.0 = Release|Any CPU
		{27C144A6-2F11-47C2-B7A8-3F99F0633807}.Debug|Any CPU.ActiveCfg = Debug|Any CPU
		{27C144A6-2F11-47C2-B7A8-3F99F0633807}.Debug|Any CPU.Build.0 = Debug|Any CPU
		{27C144A6-2F11-47C2-B7A8-3F99F0633807}.Release|Any CPU.ActiveCfg = Release|Any CPU
		{27C144A6-2F11-47C2-B7A8-3F99F0633807}.Release|Any CPU.Build.0 = Release|Any CPU
		{07E59566-618E-49BB-ACD4-8B9C5A45FF13}.Debug|Any CPU.ActiveCfg = Debug|Any CPU
		{07E59566-618E-49BB-ACD4-8B9C5A45FF13}.Debug|Any CPU.Build.0 = Debug|Any CPU
		{07E59566-618E-49BB-ACD4-8B9C5A45FF13}.Release|Any CPU.ActiveCfg = Release|Any CPU
		{07E59566-618E-49BB-ACD4-8B9C5A45FF13}.Release|Any CPU.Build.0 = Release|Any CPU
		{06563959-91C4-46F4-93DC-2BC7101855A5}.Debug|Any CPU.ActiveCfg = Debug|Any CPU
		{06563959-91C4-46F4-93DC-2BC7101855A5}.Debug|Any CPU.Build.0 = Debug|Any CPU
		{06563959-91C4-46F4-93DC-2BC7101855A5}.Release|Any CPU.ActiveCfg = Release|Any CPU
		{06563959-91C4-46F4-93DC-2BC7101855A5}.Release|Any CPU.Build.0 = Release|Any CPU
		{ED5935A7-B906-4E22-9506-1504E811689D}.Debug|Any CPU.ActiveCfg = Debug|Any CPU
		{ED5935A7-B906-4E22-9506-1504E811689D}.Debug|Any CPU.Build.0 = Debug|Any CPU
		{ED5935A7-B906-4E22-9506-1504E811689D}.Release|Any CPU.ActiveCfg = Release|Any CPU
		{ED5935A7-B906-4E22-9506-1504E811689D}.Release|Any CPU.Build.0 = Release|Any CPU
		{8461F31E-1201-4EB6-A8DE-EE3E6E073753}.Debug|Any CPU.ActiveCfg = Debug|Any CPU
		{8461F31E-1201-4EB6-A8DE-EE3E6E073753}.Debug|Any CPU.Build.0 = Debug|Any CPU
		{8461F31E-1201-4EB6-A8DE-EE3E6E073753}.Release|Any CPU.ActiveCfg = Release|Any CPU
		{8461F31E-1201-4EB6-A8DE-EE3E6E073753}.Release|Any CPU.Build.0 = Release|Any CPU
		{26699451-17DB-4C53-837C-2E0043122CD5}.Debug|Any CPU.ActiveCfg = Debug|Any CPU
		{26699451-17DB-4C53-837C-2E0043122CD5}.Debug|Any CPU.Build.0 = Debug|Any CPU
		{26699451-17DB-4C53-837C-2E0043122CD5}.Release|Any CPU.ActiveCfg = Release|Any CPU
		{26699451-17DB-4C53-837C-2E0043122CD5}.Release|Any CPU.Build.0 = Release|Any CPU
		{977C6690-0761-45F8-B135-9ACCA2D9F5BF}.Debug|Any CPU.ActiveCfg = Debug|Any CPU
		{977C6690-0761-45F8-B135-9ACCA2D9F5BF}.Debug|Any CPU.Build.0 = Debug|Any CPU
		{977C6690-0761-45F8-B135-9ACCA2D9F5BF}.Release|Any CPU.ActiveCfg = Release|Any CPU
		{977C6690-0761-45F8-B135-9ACCA2D9F5BF}.Release|Any CPU.Build.0 = Release|Any CPU
		{6BEFE4A5-6BE0-49BE-AA0B-64391E08185A}.Debug|Any CPU.ActiveCfg = Debug|Any CPU
		{6BEFE4A5-6BE0-49BE-AA0B-64391E08185A}.Debug|Any CPU.Build.0 = Debug|Any CPU
		{6BEFE4A5-6BE0-49BE-AA0B-64391E08185A}.Release|Any CPU.ActiveCfg = Release|Any CPU
		{6BEFE4A5-6BE0-49BE-AA0B-64391E08185A}.Release|Any CPU.Build.0 = Release|Any CPU
		{AC76ACDA-9350-4DE9-90A4-6ADF864F8039}.Debug|Any CPU.ActiveCfg = Debug|Any CPU
		{AC76ACDA-9350-4DE9-90A4-6ADF864F8039}.Debug|Any CPU.Build.0 = Debug|Any CPU
		{AC76ACDA-9350-4DE9-90A4-6ADF864F8039}.Release|Any CPU.ActiveCfg = Release|Any CPU
		{AC76ACDA-9350-4DE9-90A4-6ADF864F8039}.Release|Any CPU.Build.0 = Release|Any CPU
		{D64F9CBE-6669-439B-98DB-3ED43131E948}.Debug|Any CPU.ActiveCfg = Debug|Any CPU
		{D64F9CBE-6669-439B-98DB-3ED43131E948}.Debug|Any CPU.Build.0 = Debug|Any CPU
		{D64F9CBE-6669-439B-98DB-3ED43131E948}.Release|Any CPU.ActiveCfg = Release|Any CPU
		{D64F9CBE-6669-439B-98DB-3ED43131E948}.Release|Any CPU.Build.0 = Release|Any CPU
		{3A61EAA9-F7C5-4E3B-9E46-50D668DFFAA8}.Debug|Any CPU.ActiveCfg = Debug|Any CPU
		{3A61EAA9-F7C5-4E3B-9E46-50D668DFFAA8}.Debug|Any CPU.Build.0 = Debug|Any CPU
		{3A61EAA9-F7C5-4E3B-9E46-50D668DFFAA8}.Release|Any CPU.ActiveCfg = Release|Any CPU
		{3A61EAA9-F7C5-4E3B-9E46-50D668DFFAA8}.Release|Any CPU.Build.0 = Release|Any CPU
		{76421A40-C6DB-4AA7-9B5F-CC74C9BEE147}.Debug|Any CPU.ActiveCfg = Debug|Any CPU
		{76421A40-C6DB-4AA7-9B5F-CC74C9BEE147}.Debug|Any CPU.Build.0 = Debug|Any CPU
		{76421A40-C6DB-4AA7-9B5F-CC74C9BEE147}.Release|Any CPU.ActiveCfg = Release|Any CPU
		{76421A40-C6DB-4AA7-9B5F-CC74C9BEE147}.Release|Any CPU.Build.0 = Release|Any CPU
		{348DB6FA-FB6B-48CF-9725-93BF8714BE32}.Debug|Any CPU.ActiveCfg = Debug|Any CPU
		{348DB6FA-FB6B-48CF-9725-93BF8714BE32}.Debug|Any CPU.Build.0 = Debug|Any CPU
		{348DB6FA-FB6B-48CF-9725-93BF8714BE32}.Release|Any CPU.ActiveCfg = Release|Any CPU
		{348DB6FA-FB6B-48CF-9725-93BF8714BE32}.Release|Any CPU.Build.0 = Release|Any CPU
		{36F8777F-BEE7-431B-B053-ECD9BC0DBF54}.Debug|Any CPU.ActiveCfg = Debug|Any CPU
		{36F8777F-BEE7-431B-B053-ECD9BC0DBF54}.Debug|Any CPU.Build.0 = Debug|Any CPU
		{36F8777F-BEE7-431B-B053-ECD9BC0DBF54}.Release|Any CPU.ActiveCfg = Release|Any CPU
		{36F8777F-BEE7-431B-B053-ECD9BC0DBF54}.Release|Any CPU.Build.0 = Release|Any CPU
		{671ED949-B1BD-4B5B-B122-FDCDC378AE09}.Debug|Any CPU.ActiveCfg = Debug|Any CPU
		{671ED949-B1BD-4B5B-B122-FDCDC378AE09}.Debug|Any CPU.Build.0 = Debug|Any CPU
		{671ED949-B1BD-4B5B-B122-FDCDC378AE09}.Release|Any CPU.ActiveCfg = Release|Any CPU
		{671ED949-B1BD-4B5B-B122-FDCDC378AE09}.Release|Any CPU.Build.0 = Release|Any CPU
		{39DE1B50-93A4-4A0A-99C2-0539BC106C53}.Debug|Any CPU.ActiveCfg = Debug|Any CPU
		{39DE1B50-93A4-4A0A-99C2-0539BC106C53}.Debug|Any CPU.Build.0 = Debug|Any CPU
		{39DE1B50-93A4-4A0A-99C2-0539BC106C53}.Release|Any CPU.ActiveCfg = Release|Any CPU
		{39DE1B50-93A4-4A0A-99C2-0539BC106C53}.Release|Any CPU.Build.0 = Release|Any CPU
		{848BD609-763C-4997-A934-F46F04EB9887}.Debug|Any CPU.ActiveCfg = Debug|Any CPU
		{848BD609-763C-4997-A934-F46F04EB9887}.Debug|Any CPU.Build.0 = Debug|Any CPU
		{848BD609-763C-4997-A934-F46F04EB9887}.Release|Any CPU.ActiveCfg = Release|Any CPU
		{848BD609-763C-4997-A934-F46F04EB9887}.Release|Any CPU.Build.0 = Release|Any CPU
		{62969F11-6403-4C2A-89F0-2831B8E691EA}.Debug|Any CPU.ActiveCfg = Debug|Any CPU
		{62969F11-6403-4C2A-89F0-2831B8E691EA}.Debug|Any CPU.Build.0 = Debug|Any CPU
		{62969F11-6403-4C2A-89F0-2831B8E691EA}.Release|Any CPU.ActiveCfg = Release|Any CPU
		{62969F11-6403-4C2A-89F0-2831B8E691EA}.Release|Any CPU.Build.0 = Release|Any CPU
		{9E8DDF27-3363-4BEA-A65B-EEA0043AD07E}.Debug|Any CPU.ActiveCfg = Debug|Any CPU
		{9E8DDF27-3363-4BEA-A65B-EEA0043AD07E}.Debug|Any CPU.Build.0 = Debug|Any CPU
		{9E8DDF27-3363-4BEA-A65B-EEA0043AD07E}.Release|Any CPU.ActiveCfg = Release|Any CPU
		{9E8DDF27-3363-4BEA-A65B-EEA0043AD07E}.Release|Any CPU.Build.0 = Release|Any CPU
		{DBB87BF8-4AAC-4687-B58D-1ABA518C3198}.Debug|Any CPU.ActiveCfg = Debug|Any CPU
		{DBB87BF8-4AAC-4687-B58D-1ABA518C3198}.Debug|Any CPU.Build.0 = Debug|Any CPU
		{DBB87BF8-4AAC-4687-B58D-1ABA518C3198}.Release|Any CPU.ActiveCfg = Release|Any CPU
		{DBB87BF8-4AAC-4687-B58D-1ABA518C3198}.Release|Any CPU.Build.0 = Release|Any CPU
		{A24D866E-2B4C-42D3-8CE4-B220F2A02F2B}.Debug|Any CPU.ActiveCfg = Debug|Any CPU
		{A24D866E-2B4C-42D3-8CE4-B220F2A02F2B}.Debug|Any CPU.Build.0 = Debug|Any CPU
		{A24D866E-2B4C-42D3-8CE4-B220F2A02F2B}.Release|Any CPU.ActiveCfg = Release|Any CPU
		{A24D866E-2B4C-42D3-8CE4-B220F2A02F2B}.Release|Any CPU.Build.0 = Release|Any CPU
		{825743D2-2DD4-478C-900A-A4FFDEC5FCB8}.Debug|Any CPU.ActiveCfg = Debug|Any CPU
		{825743D2-2DD4-478C-900A-A4FFDEC5FCB8}.Debug|Any CPU.Build.0 = Debug|Any CPU
		{825743D2-2DD4-478C-900A-A4FFDEC5FCB8}.Release|Any CPU.ActiveCfg = Release|Any CPU
		{825743D2-2DD4-478C-900A-A4FFDEC5FCB8}.Release|Any CPU.Build.0 = Release|Any CPU
		{D5254B50-C5EE-43D2-AB35-9D321BC99443}.Debug|Any CPU.ActiveCfg = Debug|Any CPU
		{D5254B50-C5EE-43D2-AB35-9D321BC99443}.Debug|Any CPU.Build.0 = Debug|Any CPU
		{D5254B50-C5EE-43D2-AB35-9D321BC99443}.Release|Any CPU.ActiveCfg = Release|Any CPU
		{D5254B50-C5EE-43D2-AB35-9D321BC99443}.Release|Any CPU.Build.0 = Release|Any CPU
		{FB1DC47B-E184-48D1-AA8F-6E2C2A2AA9A7}.Debug|Any CPU.ActiveCfg = Debug|Any CPU
		{FB1DC47B-E184-48D1-AA8F-6E2C2A2AA9A7}.Debug|Any CPU.Build.0 = Debug|Any CPU
		{FB1DC47B-E184-48D1-AA8F-6E2C2A2AA9A7}.Release|Any CPU.ActiveCfg = Release|Any CPU
		{FB1DC47B-E184-48D1-AA8F-6E2C2A2AA9A7}.Release|Any CPU.Build.0 = Release|Any CPU
		{3426674E-4713-4CB8-B897-1045BCDE2E82}.Debug|Any CPU.ActiveCfg = Debug|Any CPU
		{3426674E-4713-4CB8-B897-1045BCDE2E82}.Debug|Any CPU.Build.0 = Debug|Any CPU
		{3426674E-4713-4CB8-B897-1045BCDE2E82}.Release|Any CPU.ActiveCfg = Release|Any CPU
		{3426674E-4713-4CB8-B897-1045BCDE2E82}.Release|Any CPU.Build.0 = Release|Any CPU
		{5DD9AC13-C2A4-491F-B60F-E8F8F94B5E14}.Debug|Any CPU.ActiveCfg = Debug|Any CPU
		{5DD9AC13-C2A4-491F-B60F-E8F8F94B5E14}.Debug|Any CPU.Build.0 = Debug|Any CPU
		{5DD9AC13-C2A4-491F-B60F-E8F8F94B5E14}.Release|Any CPU.ActiveCfg = Release|Any CPU
		{5DD9AC13-C2A4-491F-B60F-E8F8F94B5E14}.Release|Any CPU.Build.0 = Release|Any CPU
		{C748BD43-5526-475E-A759-A9502005B24B}.Debug|Any CPU.ActiveCfg = Debug|Any CPU
		{C748BD43-5526-475E-A759-A9502005B24B}.Debug|Any CPU.Build.0 = Debug|Any CPU
		{C748BD43-5526-475E-A759-A9502005B24B}.Release|Any CPU.ActiveCfg = Release|Any CPU
		{C748BD43-5526-475E-A759-A9502005B24B}.Release|Any CPU.Build.0 = Release|Any CPU
		{1453B519-A35D-4825-A15F-4554775D5E99}.Debug|Any CPU.ActiveCfg = Debug|Any CPU
		{1453B519-A35D-4825-A15F-4554775D5E99}.Debug|Any CPU.Build.0 = Debug|Any CPU
		{1453B519-A35D-4825-A15F-4554775D5E99}.Release|Any CPU.ActiveCfg = Release|Any CPU
		{1453B519-A35D-4825-A15F-4554775D5E99}.Release|Any CPU.Build.0 = Release|Any CPU
		{97225A94-AF09-4278-A084-FF0E35BDF02E}.Debug|Any CPU.ActiveCfg = Debug|Any CPU
		{97225A94-AF09-4278-A084-FF0E35BDF02E}.Debug|Any CPU.Build.0 = Debug|Any CPU
		{97225A94-AF09-4278-A084-FF0E35BDF02E}.Release|Any CPU.ActiveCfg = Release|Any CPU
		{97225A94-AF09-4278-A084-FF0E35BDF02E}.Release|Any CPU.Build.0 = Release|Any CPU
		{6E0DCCFC-1568-494A-B4F6-4B7522A5668C}.Debug|Any CPU.ActiveCfg = Debug|Any CPU
		{6E0DCCFC-1568-494A-B4F6-4B7522A5668C}.Debug|Any CPU.Build.0 = Debug|Any CPU
		{6E0DCCFC-1568-494A-B4F6-4B7522A5668C}.Release|Any CPU.ActiveCfg = Release|Any CPU
		{6E0DCCFC-1568-494A-B4F6-4B7522A5668C}.Release|Any CPU.Build.0 = Release|Any CPU
		{E05BC5D3-BD3D-40FF-87F3-721D8F3DEE61}.Debug|Any CPU.ActiveCfg = Debug|Any CPU
		{E05BC5D3-BD3D-40FF-87F3-721D8F3DEE61}.Debug|Any CPU.Build.0 = Debug|Any CPU
		{E05BC5D3-BD3D-40FF-87F3-721D8F3DEE61}.Release|Any CPU.ActiveCfg = Release|Any CPU
		{E05BC5D3-BD3D-40FF-87F3-721D8F3DEE61}.Release|Any CPU.Build.0 = Release|Any CPU
		{E74C408A-E39F-40C9-9AA2-A277FD68BC23}.Debug|Any CPU.ActiveCfg = Debug|Any CPU
		{E74C408A-E39F-40C9-9AA2-A277FD68BC23}.Debug|Any CPU.Build.0 = Debug|Any CPU
		{E74C408A-E39F-40C9-9AA2-A277FD68BC23}.Release|Any CPU.ActiveCfg = Release|Any CPU
		{E74C408A-E39F-40C9-9AA2-A277FD68BC23}.Release|Any CPU.Build.0 = Release|Any CPU
		{00C3E9D9-2B03-4E2E-9BF3-DB34CC4CBA93}.Debug|Any CPU.ActiveCfg = Debug|Any CPU
		{00C3E9D9-2B03-4E2E-9BF3-DB34CC4CBA93}.Debug|Any CPU.Build.0 = Debug|Any CPU
		{00C3E9D9-2B03-4E2E-9BF3-DB34CC4CBA93}.Release|Any CPU.ActiveCfg = Release|Any CPU
		{00C3E9D9-2B03-4E2E-9BF3-DB34CC4CBA93}.Release|Any CPU.Build.0 = Release|Any CPU
		{DB1E1809-CA06-4CED-B82A-B3F8ED226A93}.Debug|Any CPU.ActiveCfg = Debug|Any CPU
		{DB1E1809-CA06-4CED-B82A-B3F8ED226A93}.Debug|Any CPU.Build.0 = Debug|Any CPU
		{DB1E1809-CA06-4CED-B82A-B3F8ED226A93}.Release|Any CPU.ActiveCfg = Release|Any CPU
		{DB1E1809-CA06-4CED-B82A-B3F8ED226A93}.Release|Any CPU.Build.0 = Release|Any CPU
		{DCA3222A-3506-4DE7-B56E-29994A7CAB4D}.Debug|Any CPU.ActiveCfg = Debug|Any CPU
		{DCA3222A-3506-4DE7-B56E-29994A7CAB4D}.Debug|Any CPU.Build.0 = Debug|Any CPU
		{DCA3222A-3506-4DE7-B56E-29994A7CAB4D}.Release|Any CPU.ActiveCfg = Release|Any CPU
		{DCA3222A-3506-4DE7-B56E-29994A7CAB4D}.Release|Any CPU.Build.0 = Release|Any CPU
		{781CD87B-FFD3-410D-921E-EB5CD17C3FD8}.Debug|Any CPU.ActiveCfg = Debug|Any CPU
		{781CD87B-FFD3-410D-921E-EB5CD17C3FD8}.Debug|Any CPU.Build.0 = Debug|Any CPU
		{781CD87B-FFD3-410D-921E-EB5CD17C3FD8}.Release|Any CPU.ActiveCfg = Release|Any CPU
		{781CD87B-FFD3-410D-921E-EB5CD17C3FD8}.Release|Any CPU.Build.0 = Release|Any CPU
		{8CA477E0-18A3-4826-B1D9-2BDCCFE6F8B5}.Debug|Any CPU.ActiveCfg = Debug|Any CPU
		{8CA477E0-18A3-4826-B1D9-2BDCCFE6F8B5}.Debug|Any CPU.Build.0 = Debug|Any CPU
		{8CA477E0-18A3-4826-B1D9-2BDCCFE6F8B5}.Release|Any CPU.ActiveCfg = Release|Any CPU
		{8CA477E0-18A3-4826-B1D9-2BDCCFE6F8B5}.Release|Any CPU.Build.0 = Release|Any CPU
		{3B9BA5D6-E9D3-409F-90FA-1B43C9581C0F}.Debug|Any CPU.ActiveCfg = Debug|Any CPU
		{3B9BA5D6-E9D3-409F-90FA-1B43C9581C0F}.Debug|Any CPU.Build.0 = Debug|Any CPU
		{3B9BA5D6-E9D3-409F-90FA-1B43C9581C0F}.Release|Any CPU.ActiveCfg = Release|Any CPU
		{3B9BA5D6-E9D3-409F-90FA-1B43C9581C0F}.Release|Any CPU.Build.0 = Release|Any CPU
		{117224C1-A945-436D-A38B-C4FA8E17F081}.Debug|Any CPU.ActiveCfg = Debug|Any CPU
		{117224C1-A945-436D-A38B-C4FA8E17F081}.Debug|Any CPU.Build.0 = Debug|Any CPU
		{117224C1-A945-436D-A38B-C4FA8E17F081}.Release|Any CPU.ActiveCfg = Release|Any CPU
		{117224C1-A945-436D-A38B-C4FA8E17F081}.Release|Any CPU.Build.0 = Release|Any CPU
		{8C6655BA-3FB2-422A-BB67-DECF590E8148}.Debug|Any CPU.ActiveCfg = Debug|Any CPU
		{8C6655BA-3FB2-422A-BB67-DECF590E8148}.Debug|Any CPU.Build.0 = Debug|Any CPU
		{8C6655BA-3FB2-422A-BB67-DECF590E8148}.Release|Any CPU.ActiveCfg = Release|Any CPU
		{8C6655BA-3FB2-422A-BB67-DECF590E8148}.Release|Any CPU.Build.0 = Release|Any CPU
		{848149CE-70A9-4AF5-A46E-F930B8419845}.Debug|Any CPU.ActiveCfg = Debug|Any CPU
		{848149CE-70A9-4AF5-A46E-F930B8419845}.Debug|Any CPU.Build.0 = Debug|Any CPU
		{848149CE-70A9-4AF5-A46E-F930B8419845}.Release|Any CPU.ActiveCfg = Release|Any CPU
		{848149CE-70A9-4AF5-A46E-F930B8419845}.Release|Any CPU.Build.0 = Release|Any CPU
		{92035986-B5D0-4E13-BA78-022354BE5CDC}.Debug|Any CPU.ActiveCfg = Debug|Any CPU
		{92035986-B5D0-4E13-BA78-022354BE5CDC}.Debug|Any CPU.Build.0 = Debug|Any CPU
		{92035986-B5D0-4E13-BA78-022354BE5CDC}.Release|Any CPU.ActiveCfg = Release|Any CPU
		{92035986-B5D0-4E13-BA78-022354BE5CDC}.Release|Any CPU.Build.0 = Release|Any CPU
		{4DC12ABE-BE86-4EFF-9841-724FD62638C2}.Debug|Any CPU.ActiveCfg = Debug|Any CPU
		{4DC12ABE-BE86-4EFF-9841-724FD62638C2}.Debug|Any CPU.Build.0 = Debug|Any CPU
		{4DC12ABE-BE86-4EFF-9841-724FD62638C2}.Release|Any CPU.ActiveCfg = Release|Any CPU
		{4DC12ABE-BE86-4EFF-9841-724FD62638C2}.Release|Any CPU.Build.0 = Release|Any CPU
	EndGlobalSection
	GlobalSection(SolutionProperties) = preSolution
		HideSolutionNode = FALSE
	EndGlobalSection
	GlobalSection(NestedProjects) = preSolution
		{CB2B8DD1-DF9E-449C-B533-3BA71B8BBE99} = {F2559218-3A94-4247-A7F2-D4B91DD70E94}
		{2111BDF7-1C4E-41AE-9215-DC0FFC937867} = {CB2B8DD1-DF9E-449C-B533-3BA71B8BBE99}
		{E9FC5B08-7C11-4FC6-A7BF-8FA9311D7D5D} = {2111BDF7-1C4E-41AE-9215-DC0FFC937867}
		{E9D6C892-B102-40D6-80BD-E13E6AD8687B} = {CB2B8DD1-DF9E-449C-B533-3BA71B8BBE99}
		{1C0C87A9-97BD-43E8-9A20-A3CF021D86F0} = {E9D6C892-B102-40D6-80BD-E13E6AD8687B}
		{CC442A4C-82D2-41CB-8A84-67C4F3A59BFC} = {CB2B8DD1-DF9E-449C-B533-3BA71B8BBE99}
		{F97B8F6F-B717-498A-9753-0813289D47E0} = {CC442A4C-82D2-41CB-8A84-67C4F3A59BFC}
		{AB940133-3E22-4104-8F30-C1EED0F607DE} = {CB2B8DD1-DF9E-449C-B533-3BA71B8BBE99}
		{6A4F122A-D3AD-4BA3-8854-AC5268ECCC69} = {AB940133-3E22-4104-8F30-C1EED0F607DE}
		{C75D4398-CDAC-49C6-A21B-27E6C368C6FA} = {AB940133-3E22-4104-8F30-C1EED0F607DE}
		{E59A2D24-FEA2-4B0E-862B-2BFD78D113D4} = {C75D4398-CDAC-49C6-A21B-27E6C368C6FA}
		{3953370E-9898-4A44-9039-827120338B0F} = {CB2B8DD1-DF9E-449C-B533-3BA71B8BBE99}
		{3D7D0B52-B8E5-4124-9F71-1E6272585646} = {3953370E-9898-4A44-9039-827120338B0F}
		{3A616DA1-3007-459E-91C8-FAC1EBE1154A} = {F2559218-3A94-4247-A7F2-D4B91DD70E94}
		{9A89DBB6-0D70-4D73-8741-C215E85F4E11} = {3A616DA1-3007-459E-91C8-FAC1EBE1154A}
		{2CFF0A81-3A67-4A07-9FFA-39BF4273D59C} = {9A89DBB6-0D70-4D73-8741-C215E85F4E11}
		{9FA0EB0D-C29A-4DE5-8EA6-D8BBF60BA101} = {3A616DA1-3007-459E-91C8-FAC1EBE1154A}
		{40016A75-3E33-4C36-A728-2E3009F81A5B} = {9FA0EB0D-C29A-4DE5-8EA6-D8BBF60BA101}
		{9F0DBF8B-D9D6-4E1C-BBCA-DBD9B226ABFE} = {3A616DA1-3007-459E-91C8-FAC1EBE1154A}
		{28A511DA-994C-4105-99C6-22EA353094B4} = {9F0DBF8B-D9D6-4E1C-BBCA-DBD9B226ABFE}
		{27BD8A86-D392-41F2-932D-26AE5455F443} = {3A616DA1-3007-459E-91C8-FAC1EBE1154A}
		{27375829-AE60-4359-B37F-D66E9A7164FD} = {27BD8A86-D392-41F2-932D-26AE5455F443}
		{E5AC5FBF-47F5-4FBB-AEA8-5D4B6F51A869} = {3A616DA1-3007-459E-91C8-FAC1EBE1154A}
		{4E0A5DC8-D932-4164-B5CC-F140C898464E} = {E5AC5FBF-47F5-4FBB-AEA8-5D4B6F51A869}
		{125601B0-4074-425C-9C64-E69733D9790C} = {3A616DA1-3007-459E-91C8-FAC1EBE1154A}
		{CE47CB49-620F-4487-B7E3-E4A56411EA53} = {125601B0-4074-425C-9C64-E69733D9790C}
		{3E309D07-B776-4B18-9728-E866739B72B6} = {3A616DA1-3007-459E-91C8-FAC1EBE1154A}
		{D72CCC4C-94DF-46AF-B777-B33EC3CF876A} = {3E309D07-B776-4B18-9728-E866739B72B6}
		{D8E61D5B-AA23-40DD-941A-D6CFF849EAA9} = {3A616DA1-3007-459E-91C8-FAC1EBE1154A}
		{428EB8AE-20DD-4DE2-A99B-BE45CA784BED} = {D8E61D5B-AA23-40DD-941A-D6CFF849EAA9}
		{08B6A393-A7E4-4EFC-A0B9-5814867FD2A7} = {CB2B8DD1-DF9E-449C-B533-3BA71B8BBE99}
		{D645B333-2EA1-421C-B9F0-E4D88E409F6E} = {08B6A393-A7E4-4EFC-A0B9-5814867FD2A7}
		{D312ECCB-3DA1-4508-B2D5-45061F696D6B} = {CB2B8DD1-DF9E-449C-B533-3BA71B8BBE99}
		{0AF084CD-991A-4822-A4CB-FB048797DA8F} = {D312ECCB-3DA1-4508-B2D5-45061F696D6B}
		{8388FF78-45DC-49E3-84C7-60241C845EBF} = {CB2B8DD1-DF9E-449C-B533-3BA71B8BBE99}
		{2585C53A-B515-4614-9825-407CAE514BF9} = {8388FF78-45DC-49E3-84C7-60241C845EBF}
		{0BD642BA-0B38-47A0-BE92-4D1C9D877035} = {CB2B8DD1-DF9E-449C-B533-3BA71B8BBE99}
		{5C231EBB-81C0-46A7-B933-F7B6D41A1433} = {0BD642BA-0B38-47A0-BE92-4D1C9D877035}
		{B5727F73-CDCA-4482-BDD7-07744E868ABD} = {CB2B8DD1-DF9E-449C-B533-3BA71B8BBE99}
		{E5EE33D8-A676-4F4B-BF52-4F663A7970BD} = {B5727F73-CDCA-4482-BDD7-07744E868ABD}
		{CBC6CA10-29E7-435A-A105-B0B2734F07EF} = {CB2B8DD1-DF9E-449C-B533-3BA71B8BBE99}
		{98C7320B-58A8-4F82-8309-B8C6D783FD44} = {CBC6CA10-29E7-435A-A105-B0B2734F07EF}
		{B4385583-F7FC-48E7-B141-C366FF58CF12} = {F2559218-3A94-4247-A7F2-D4B91DD70E94}
		{6F5371D9-D2E1-4C6D-B469-75A3483E2ADA} = {B4385583-F7FC-48E7-B141-C366FF58CF12}
		{B962613D-ABF4-4411-AABD-CA10672A666F} = {6F5371D9-D2E1-4C6D-B469-75A3483E2ADA}
		{E1FDBD5F-EB44-45FA-BA6D-D619B49C2A7A} = {B4385583-F7FC-48E7-B141-C366FF58CF12}
		{E1F241A9-72BF-437B-9800-29EFCB177699} = {E1FDBD5F-EB44-45FA-BA6D-D619B49C2A7A}
		{C4D40637-8EBE-4E01-AE15-DB6C8AE71DDA} = {B4385583-F7FC-48E7-B141-C366FF58CF12}
		{DF83893B-93AC-4773-BCA1-EA31CDA14A30} = {C4D40637-8EBE-4E01-AE15-DB6C8AE71DDA}
		{D8ED6376-4228-452E-ADA2-AE2D059A32E6} = {B4385583-F7FC-48E7-B141-C366FF58CF12}
		{13207D8A-5E5D-4CAB-B450-6075A0EE492B} = {D8ED6376-4228-452E-ADA2-AE2D059A32E6}
		{946EECC4-50C1-4D76-AD08-B8FE80AC6FB9} = {B4385583-F7FC-48E7-B141-C366FF58CF12}
		{BE020742-8805-468A-AAD8-77FD93A71F32} = {946EECC4-50C1-4D76-AD08-B8FE80AC6FB9}
		{E45898B0-EAC6-42EE-AC59-199238D8C421} = {B4385583-F7FC-48E7-B141-C366FF58CF12}
		{DDD86771-40FF-47D8-A808-F71A52DB5FCD} = {E45898B0-EAC6-42EE-AC59-199238D8C421}
		{D3203361-CA88-4A72-994A-F53EA4DA73E8} = {B4385583-F7FC-48E7-B141-C366FF58CF12}
		{27C144A6-2F11-47C2-B7A8-3F99F0633807} = {D3203361-CA88-4A72-994A-F53EA4DA73E8}
		{FBD856DB-C057-4860-980B-A0E4D89B7887} = {F2559218-3A94-4247-A7F2-D4B91DD70E94}
		{D3AA17A8-A4F1-42D8-B135-063F5DDF6A4C} = {FBD856DB-C057-4860-980B-A0E4D89B7887}
		{07E59566-618E-49BB-ACD4-8B9C5A45FF13} = {D3AA17A8-A4F1-42D8-B135-063F5DDF6A4C}
		{05EE67A3-5696-44EA-9A8C-8B33BDDA133C} = {FBD856DB-C057-4860-980B-A0E4D89B7887}
		{06563959-91C4-46F4-93DC-2BC7101855A5} = {05EE67A3-5696-44EA-9A8C-8B33BDDA133C}
		{6943F3B4-8C51-4277-949B-1879791D72C4} = {FBD856DB-C057-4860-980B-A0E4D89B7887}
		{ED5935A7-B906-4E22-9506-1504E811689D} = {6943F3B4-8C51-4277-949B-1879791D72C4}
		{84163A9C-4513-427A-A147-FD0B72CF0BD4} = {FBD856DB-C057-4860-980B-A0E4D89B7887}
		{8461F31E-1201-4EB6-A8DE-EE3E6E073753} = {84163A9C-4513-427A-A147-FD0B72CF0BD4}
		{782642FD-4BCB-4EEC-8987-EE45BB1B8F78} = {FBD856DB-C057-4860-980B-A0E4D89B7887}
		{26699451-17DB-4C53-837C-2E0043122CD5} = {782642FD-4BCB-4EEC-8987-EE45BB1B8F78}
		{E7D4A7B8-DB38-40A3-90FE-E5D42A13F816} = {FBD856DB-C057-4860-980B-A0E4D89B7887}
		{977C6690-0761-45F8-B135-9ACCA2D9F5BF} = {E7D4A7B8-DB38-40A3-90FE-E5D42A13F816}
		{6CDEEFA9-6F98-4C62-83F3-C243BEA21EA9} = {FBD856DB-C057-4860-980B-A0E4D89B7887}
		{6BEFE4A5-6BE0-49BE-AA0B-64391E08185A} = {6CDEEFA9-6F98-4C62-83F3-C243BEA21EA9}
		{F9E0960D-958B-4B3D-8BAE-DD7C5AFF4446} = {FBD856DB-C057-4860-980B-A0E4D89B7887}
		{AC76ACDA-9350-4DE9-90A4-6ADF864F8039} = {F9E0960D-958B-4B3D-8BAE-DD7C5AFF4446}
		{89803234-AAD9-4230-B925-4B0AB672C40A} = {FBD856DB-C057-4860-980B-A0E4D89B7887}
		{D64F9CBE-6669-439B-98DB-3ED43131E948} = {89803234-AAD9-4230-B925-4B0AB672C40A}
		{869BEF29-1C67-43F2-B6B2-51ECC1D5E524} = {FBD856DB-C057-4860-980B-A0E4D89B7887}
		{3A61EAA9-F7C5-4E3B-9E46-50D668DFFAA8} = {869BEF29-1C67-43F2-B6B2-51ECC1D5E524}
		{26803D52-7B25-4ED0-995C-28DC5F1FFD6E} = {CB2B8DD1-DF9E-449C-B533-3BA71B8BBE99}
		{76421A40-C6DB-4AA7-9B5F-CC74C9BEE147} = {26803D52-7B25-4ED0-995C-28DC5F1FFD6E}
		{9E5BE541-67EA-42BF-93AF-FFEF8345039F} = {F2559218-3A94-4247-A7F2-D4B91DD70E94}
		{D258C3B9-5830-4BC3-A33C-8A52852D15A7} = {F2559218-3A94-4247-A7F2-D4B91DD70E94}
		{2A550C35-B23F-4711-8C11-F8FAB5B6311A} = {9E5BE541-67EA-42BF-93AF-FFEF8345039F}
		{348DB6FA-FB6B-48CF-9725-93BF8714BE32} = {2A550C35-B23F-4711-8C11-F8FAB5B6311A}
		{410BED60-4EFF-49E0-87A6-480626C44716} = {9E5BE541-67EA-42BF-93AF-FFEF8345039F}
		{36F8777F-BEE7-431B-B053-ECD9BC0DBF54} = {410BED60-4EFF-49E0-87A6-480626C44716}
		{EC0F1238-05AC-4220-8A96-B08BEE7751FC} = {9E5BE541-67EA-42BF-93AF-FFEF8345039F}
		{671ED949-B1BD-4B5B-B122-FDCDC378AE09} = {EC0F1238-05AC-4220-8A96-B08BEE7751FC}
		{43B8E72A-9C78-4ECA-8965-02C91DFF5566} = {9E5BE541-67EA-42BF-93AF-FFEF8345039F}
		{39DE1B50-93A4-4A0A-99C2-0539BC106C53} = {43B8E72A-9C78-4ECA-8965-02C91DFF5566}
		{81572044-04FB-4D69-AA74-B579226462B6} = {9E5BE541-67EA-42BF-93AF-FFEF8345039F}
		{848BD609-763C-4997-A934-F46F04EB9887} = {81572044-04FB-4D69-AA74-B579226462B6}
		{B34121DB-1A04-441E-BF23-3CFD55FCA379} = {9E5BE541-67EA-42BF-93AF-FFEF8345039F}
		{62969F11-6403-4C2A-89F0-2831B8E691EA} = {B34121DB-1A04-441E-BF23-3CFD55FCA379}
		{216F54D0-19C3-4F7B-B6FC-DA5762BA0840} = {9E5BE541-67EA-42BF-93AF-FFEF8345039F}
		{9E8DDF27-3363-4BEA-A65B-EEA0043AD07E} = {216F54D0-19C3-4F7B-B6FC-DA5762BA0840}
		{196D1E9E-217D-433C-BC7E-AB4E6BD11541} = {9E5BE541-67EA-42BF-93AF-FFEF8345039F}
		{DBB87BF8-4AAC-4687-B58D-1ABA518C3198} = {196D1E9E-217D-433C-BC7E-AB4E6BD11541}
		{AB6CB9C1-A406-459B-A639-F588B4556DF9} = {D258C3B9-5830-4BC3-A33C-8A52852D15A7}
		{A24D866E-2B4C-42D3-8CE4-B220F2A02F2B} = {AB6CB9C1-A406-459B-A639-F588B4556DF9}
		{72BE8D5C-F6E9-4FE0-A004-4CD8D09BD4A6} = {D258C3B9-5830-4BC3-A33C-8A52852D15A7}
		{825743D2-2DD4-478C-900A-A4FFDEC5FCB8} = {72BE8D5C-F6E9-4FE0-A004-4CD8D09BD4A6}
		{5A311669-B651-49FE-939D-21855EAB270B} = {D258C3B9-5830-4BC3-A33C-8A52852D15A7}
		{D5254B50-C5EE-43D2-AB35-9D321BC99443} = {5A311669-B651-49FE-939D-21855EAB270B}
		{906D9198-74B4-497E-A995-0D72413140B1} = {D258C3B9-5830-4BC3-A33C-8A52852D15A7}
		{FB1DC47B-E184-48D1-AA8F-6E2C2A2AA9A7} = {906D9198-74B4-497E-A995-0D72413140B1}
		{79F986BD-23F4-4984-8A63-090CF2A7A415} = {D258C3B9-5830-4BC3-A33C-8A52852D15A7}
		{3426674E-4713-4CB8-B897-1045BCDE2E82} = {79F986BD-23F4-4984-8A63-090CF2A7A415}
		{FB9797B7-D167-4CC2-8C26-2E5CA4ECB6AF} = {D258C3B9-5830-4BC3-A33C-8A52852D15A7}
		{5DD9AC13-C2A4-491F-B60F-E8F8F94B5E14} = {FB9797B7-D167-4CC2-8C26-2E5CA4ECB6AF}
		{1819F240-E093-4651-8A47-90EBC5F7BE94} = {D258C3B9-5830-4BC3-A33C-8A52852D15A7}
		{C748BD43-5526-475E-A759-A9502005B24B} = {1819F240-E093-4651-8A47-90EBC5F7BE94}
		{203E14B6-185F-41AA-B660-910C229D637A} = {D258C3B9-5830-4BC3-A33C-8A52852D15A7}
		{1453B519-A35D-4825-A15F-4554775D5E99} = {203E14B6-185F-41AA-B660-910C229D637A}
		{EAB226F5-15BF-4E8C-99FA-3D900680A410} = {D258C3B9-5830-4BC3-A33C-8A52852D15A7}
		{97225A94-AF09-4278-A084-FF0E35BDF02E} = {EAB226F5-15BF-4E8C-99FA-3D900680A410}
		{B4C27250-75A4-4A98-9350-FAE0A80C75BC} = {D258C3B9-5830-4BC3-A33C-8A52852D15A7}
		{6E0DCCFC-1568-494A-B4F6-4B7522A5668C} = {B4C27250-75A4-4A98-9350-FAE0A80C75BC}
		{C9D51A3B-987E-42CE-AC34-0EC7CAF1D1B7} = {F2559218-3A94-4247-A7F2-D4B91DD70E94}
		{458887EE-879E-4640-B075-DD1A429848BE} = {F2559218-3A94-4247-A7F2-D4B91DD70E94}
		{E05BC5D3-BD3D-40FF-87F3-721D8F3DEE61} = {458887EE-879E-4640-B075-DD1A429848BE}
		{E74C408A-E39F-40C9-9AA2-A277FD68BC23} = {458887EE-879E-4640-B075-DD1A429848BE}
		{00C3E9D9-2B03-4E2E-9BF3-DB34CC4CBA93} = {458887EE-879E-4640-B075-DD1A429848BE}
		{DB1E1809-CA06-4CED-B82A-B3F8ED226A93} = {458887EE-879E-4640-B075-DD1A429848BE}
		{DCA3222A-3506-4DE7-B56E-29994A7CAB4D} = {458887EE-879E-4640-B075-DD1A429848BE}
		{781CD87B-FFD3-410D-921E-EB5CD17C3FD8} = {458887EE-879E-4640-B075-DD1A429848BE}
		{8CA477E0-18A3-4826-B1D9-2BDCCFE6F8B5} = {458887EE-879E-4640-B075-DD1A429848BE}
		{B1CA924C-5C96-491E-AAAE-6AE9C3E231C4} = {C9D51A3B-987E-42CE-AC34-0EC7CAF1D1B7}
		{3B9BA5D6-E9D3-409F-90FA-1B43C9581C0F} = {B1CA924C-5C96-491E-AAAE-6AE9C3E231C4}
		{66E7D1B0-2829-45BF-9DA0-AF99E4FB5FB2} = {C9D51A3B-987E-42CE-AC34-0EC7CAF1D1B7}
		{117224C1-A945-436D-A38B-C4FA8E17F081} = {66E7D1B0-2829-45BF-9DA0-AF99E4FB5FB2}
		{2E3D7D34-48E3-4226-8A9C-BC10EF267BF0} = {C9D51A3B-987E-42CE-AC34-0EC7CAF1D1B7}
		{8C6655BA-3FB2-422A-BB67-DECF590E8148} = {2E3D7D34-48E3-4226-8A9C-BC10EF267BF0}
		{304B31C1-8B42-4CBE-A671-7F7ED1239FB1} = {C9D51A3B-987E-42CE-AC34-0EC7CAF1D1B7}
		{848149CE-70A9-4AF5-A46E-F930B8419845} = {304B31C1-8B42-4CBE-A671-7F7ED1239FB1}
		{A4B22A34-02AA-4A52-AA8F-5A9EE98BA0C5} = {C9D51A3B-987E-42CE-AC34-0EC7CAF1D1B7}
		{92035986-B5D0-4E13-BA78-022354BE5CDC} = {A4B22A34-02AA-4A52-AA8F-5A9EE98BA0C5}
		{3DB5534E-CFEC-4041-A312-2DE74CF75497} = {C9D51A3B-987E-42CE-AC34-0EC7CAF1D1B7}
		{4DC12ABE-BE86-4EFF-9841-724FD62638C2} = {3DB5534E-CFEC-4041-A312-2DE74CF75497}
	EndGlobalSection
	GlobalSection(ExtensibilityGlobals) = postSolution
		SolutionGuid = {62F0005C-B16B-4F01-BBCC-BA540659D250}
	EndGlobalSection
EndGlobal
