
Microsoft Visual Studio Solution File, Format Version 12.00
# Visual Studio Version 16
VisualStudioVersion = 16.0.29418.71
MinimumVisualStudioVersion = 10.0.40219.1
Project("{FAE04EC0-301F-11D3-BF4B-00C04F79EFBC}") = "04-Froggy", "04-Froggy.csproj", "{8E025A59-9BAF-46EF-91BB-4FB49760D56E}"
EndProject
Global
	GlobalSection(SolutionConfigurationPlatforms) = preSolution
		Debug|Any CPU = Debug|Any CPU
		Release|Any CPU = Release|Any CPU
	EndGlobalSection
	GlobalSection(ProjectConfigurationPlatforms) = postSolution
		{8E025A59-9BAF-46EF-91BB-4FB49760D56E}.Debug|Any CPU.ActiveCfg = Debug|Any CPU
		{8E025A59-9BAF-46EF-91BB-4FB49760D56E}.Debug|Any CPU.Build.0 = Debug|Any CPU
		{8E025A59-9BAF-46EF-91BB-4FB49760D56E}.Release|Any CPU.ActiveCfg = Release|Any CPU
		{8E025A59-9BAF-46EF-91BB-4FB49760D56E}.Release|Any CPU.Build.0 = Release|Any CPU
	EndGlobalSection
	GlobalSection(SolutionProperties) = preSolution
		HideSolutionNode = FALSE
	EndGlobalSection
	GlobalSection(ExtensibilityGlobals) = postSolution
		SolutionGuid = {F4141EAF-FE21-45C9-9095-B7464210572C}
	EndGlobalSection
EndGlobal
